
Microsoft Visual Studio Solution File, Format Version 12.00
# Visual Studio 2013
VisualStudioVersion = 12.0.40629.0
MinimumVisualStudioVersion = 10.0.40219.1
Project("{2150E333-8FDC-42A3-9474-1A3956D46DE8}") = "source files", "source files", "{5E2B9722-B658-43D9-8721-61B1AFE699B9}"
	ProjectSection(SolutionItems) = preProject
		source files\bvupdater.config = source files\bvupdater.config
	EndProjectSection
EndProject
Project("{2150E333-8FDC-42A3-9474-1A3956D46DE8}") = "UnitTesting", "UnitTesting", "{676B5D70-6F29-4B92-9F3C-8C50B10524A5}"
	ProjectSection(SolutionItems) = preProject
		source files\UnitTesting\NMock2.dll = source files\UnitTesting\NMock2.dll
		source files\UnitTesting\nunit.framework.dll = source files\UnitTesting\nunit.framework.dll
		source files\UnitTesting\NUnitForms.dll = source files\UnitTesting\NUnitForms.dll
	EndProjectSection
EndProject
Project("{2150E333-8FDC-42A3-9474-1A3956D46DE8}") = "Solution Items", "Solution Items", "{D3696C8B-ABD8-4921-A6E3-93C15C1BA9EC}"
	ProjectSection(SolutionItems) = preProject
		AUM.vsmdi = AUM.vsmdi
		AUMAssemblyInfo.cs = AUMAssemblyInfo.cs
		AUMAssemblyVersionInfo.cs = AUMAssemblyVersionInfo.cs
		Common.targets = Common.targets
		Local.testsettings = Local.testsettings
		TraceAndTestImpact.testsettings = TraceAndTestImpact.testsettings
	EndProjectSection
EndProject
Project("{FAE04EC0-301F-11D3-BF4B-00C04F79EFBC}") = "AUM", "AUM\AUM.csproj", "{4B40818B-77E1-4E20-9E1E-16615230C204}"
EndProject
Project("{FAE04EC0-301F-11D3-BF4B-00C04F79EFBC}") = "AUM.UpdateCreator", "AUM.UpdateCreator\AUM.UpdateCreator.csproj", "{CDDB6B40-6D29-46AE-8993-4AE7D5EFC9E4}"
EndProject
Project("{FAE04EC0-301F-11D3-BF4B-00C04F79EFBC}") = "AUM.Core", "AUM.Core\AUM.Core.csproj", "{16D56608-8345-4806-B6CC-A3750F2BD90F}"
EndProject
Project("{FAE04EC0-301F-11D3-BF4B-00C04F79EFBC}") = "AUM.Administrator", "AUM.Administrator\AUM.Administrator.csproj", "{CD68DCE5-653D-4E23-89E5-914CB13FAC4A}"
EndProject
Project("{FAE04EC0-301F-11D3-BF4B-00C04F79EFBC}") = "AUM.Service", "AUM.Service\AUM.Service.csproj", "{24C509FB-5477-4CB4-8671-39F92FA9867A}"
EndProject
Project("{FAE04EC0-301F-11D3-BF4B-00C04F79EFBC}") = "AUMTestProject", "AUMTestProject\AUMTestProject.csproj", "{FAC6626E-164A-448C-B1E6-3B169D349EA8}"
EndProject
Project("{2150E333-8FDC-42A3-9474-1A3956D46DE8}") = "TaskScheduler", "TaskScheduler", "{E9AAE8BC-934C-4202-B544-16BBF7076128}"
	ProjectSection(SolutionItems) = preProject
		source files\Interop.TaskSchedulerLib.dll = source files\Interop.TaskSchedulerLib.dll
		source files\TaskScheduler\Microsoft.Win32.TaskScheduler.dll = source files\TaskScheduler\Microsoft.Win32.TaskScheduler.dll
		source files\TaskScheduler.dll = source files\TaskScheduler.dll
	EndProjectSection
EndProject
Project("{930C7802-8A8C-48F9-8165-68863BCCD9DD}") = "AUM.Setup", "Setup\AUM.Setup\AUM.Setup.wixproj", "{9861C157-E6D7-4D11-9CE1-9B54C888C4B0}"
EndProject
Project("{2150E333-8FDC-42A3-9474-1A3956D46DE8}") = "zip", "zip", "{7BA596FE-6611-4633-A82E-14E9CE040BD7}"
	ProjectSection(SolutionItems) = preProject
		source files\zip\7-zip.dll = source files\zip\7-zip.dll
		source files\zip\7z.dll = source files\zip\7z.dll
		source files\zip\ICSharpCode.SharpZipLib.dll = source files\zip\ICSharpCode.SharpZipLib.dll
		source files\zip\Ionic.Zip.dll = source files\zip\Ionic.Zip.dll
		source files\zip\SevenZipSharp.dll = source files\zip\SevenZipSharp.dll
	EndProjectSection
EndProject
Project("{2150E333-8FDC-42A3-9474-1A3956D46DE8}") = "SqlServer", "SqlServer", "{B3805814-8356-43A1-83BC-940AECD5E64F}"
	ProjectSection(SolutionItems) = preProject
		source files\SqlServer\Microsoft.SqlServer.ConnectionInfo.dll = source files\SqlServer\Microsoft.SqlServer.ConnectionInfo.dll
		source files\SqlServer\Microsoft.SqlServer.ConnectionInfoExtended.dll = source files\SqlServer\Microsoft.SqlServer.ConnectionInfoExtended.dll
		source files\SqlServer\Microsoft.SqlServer.Dmf.Adapters.dll = source files\SqlServer\Microsoft.SqlServer.Dmf.Adapters.dll
		source files\SqlServer\Microsoft.SqlServer.Dmf.dll = source files\SqlServer\Microsoft.SqlServer.Dmf.dll
		source files\SqlServer\Microsoft.SqlServer.Management.Collector.dll = source files\SqlServer\Microsoft.SqlServer.Management.Collector.dll
		source files\SqlServer\Microsoft.SqlServer.Management.CollectorEnum.dll = source files\SqlServer\Microsoft.SqlServer.Management.CollectorEnum.dll
		source files\SqlServer\Microsoft.SqlServer.Management.Sdk.Sfc.dll = source files\SqlServer\Microsoft.SqlServer.Management.Sdk.Sfc.dll
		source files\SqlServer\Microsoft.SqlServer.PolicyEnum.dll = source files\SqlServer\Microsoft.SqlServer.PolicyEnum.dll
		source files\SqlServer\Microsoft.SqlServer.RegSvrEnum.dll = source files\SqlServer\Microsoft.SqlServer.RegSvrEnum.dll
		source files\SqlServer\Microsoft.SqlServer.ServiceBrokerEnum.dll = source files\SqlServer\Microsoft.SqlServer.ServiceBrokerEnum.dll
		source files\SqlServer\Microsoft.SqlServer.Smo.dll = source files\SqlServer\Microsoft.SqlServer.Smo.dll
		source files\SqlServer\Microsoft.SqlServer.SmoExtended.dll = source files\SqlServer\Microsoft.SqlServer.SmoExtended.dll
		source files\SqlServer\Microsoft.SqlServer.SqlEnum.dll = source files\SqlServer\Microsoft.SqlServer.SqlEnum.dll
		source files\SqlServer\Microsoft.SqlServer.SqlWmiManagement.dll = source files\SqlServer\Microsoft.SqlServer.SqlWmiManagement.dll
		source files\SqlServer\Microsoft.SqlServer.SString.dll = source files\SqlServer\Microsoft.SqlServer.SString.dll
		source files\SqlServer\Microsoft.SqlServer.WmiEnum.dll = source files\SqlServer\Microsoft.SqlServer.WmiEnum.dll
	EndProjectSection
EndProject
Project("{2150E333-8FDC-42A3-9474-1A3956D46DE8}") = "Setup", "Setup", "{D7C2E270-2267-4CAD-831F-5877051EBD9C}"
	ProjectSection(SolutionItems) = preProject
		Setup\Common.AfterWix.targets = Setup\Common.AfterWix.targets
		Setup\Common.Setup.targets = Setup\Common.Setup.targets
		Setup\GlobalProductInfo.wxi = Setup\GlobalProductInfo.wxi
		Setup\Zip.targets = Setup\Zip.targets
	EndProjectSection
EndProject
Project("{FAE04EC0-301F-11D3-BF4B-00C04F79EFBC}") = "CustomActions", "Setup\CustomActions\CustomActions.csproj", "{0FEAAD8C-01C6-426D-91D8-AB2B6089437B}"
EndProject
Project("{FAE04EC0-301F-11D3-BF4B-00C04F79EFBC}") = "Packager.AUM", "Setup\AUM.Packager\Packager.AUM.csproj", "{5294FAD2-E029-4044-90C2-F04A783BC92A}"
	ProjectSection(ProjectDependencies) = postProject
		{9861C157-E6D7-4D11-9CE1-9B54C888C4B0} = {9861C157-E6D7-4D11-9CE1-9B54C888C4B0}
	EndProjectSection
EndProject
Project("{2150E333-8FDC-42A3-9474-1A3956D46DE8}") = "Packager", "Packager", "{05571644-DCA8-4DF2-99FB-B1330145939E}"
	ProjectSection(SolutionItems) = preProject
		Setup\Packager\ErrorCode.cs = Setup\Packager\ErrorCode.cs
		Setup\Packager\FileLogger.cs = Setup\Packager\FileLogger.cs
		Setup\Packager\ILogger.cs = Setup\Packager\ILogger.cs
		Setup\Packager\PackInstaller.targets = Setup\Packager\PackInstaller.targets
		Setup\Packager\ProgramEntryPoint.cs = Setup\Packager\ProgramEntryPoint.cs
		Setup\Packager\ResourceResolver.cs = Setup\Packager\ResourceResolver.cs
		Setup\Packager\ResourceResolverException.cs = Setup\Packager\ResourceResolverException.cs
	EndProjectSection
EndProject
Project("{2150E333-8FDC-42A3-9474-1A3956D46DE8}") = "Modes", "Modes", "{EFE15449-F2D4-4FE7-B7C0-E40CF55264CF}"
	ProjectSection(SolutionItems) = preProject
		Setup\Packager\Modes\ExecuteMode.cs = Setup\Packager\Modes\ExecuteMode.cs
		Setup\Packager\Modes\ExecuteMsiExecMode.cs = Setup\Packager\Modes\ExecuteMsiExecMode.cs
		Setup\Packager\Modes\IMode.cs = Setup\Packager\Modes\IMode.cs
		Setup\Packager\Modes\ShowUsageMode.cs = Setup\Packager\Modes\ShowUsageMode.cs
		Setup\Packager\Modes\UnpackMode.cs = Setup\Packager\Modes\UnpackMode.cs
	EndProjectSection
EndProject
Project("{2150E333-8FDC-42A3-9474-1A3956D46DE8}") = "OnExitCustomDialogs", "OnExitCustomDialogs", "{D59F3A88-7D14-417D-9D53-B6416ABBFF3A}"
	ProjectSection(SolutionItems) = preProject
		Setup\OnExitCustomDialogs\ExitDialog.wxs = Setup\OnExitCustomDialogs\ExitDialog.wxs
		Setup\OnExitCustomDialogs\FatalError.wxs = Setup\OnExitCustomDialogs\FatalError.wxs
		Setup\OnExitCustomDialogs\ShowLog.wxs = Setup\OnExitCustomDialogs\ShowLog.wxs
		Setup\OnExitCustomDialogs\UserExit.wxs = Setup\OnExitCustomDialogs\UserExit.wxs
	EndProjectSection
EndProject
Project("{2150E333-8FDC-42A3-9474-1A3956D46DE8}") = "Patch", "Patch", "{DEAE3D77-41D0-4617-A75D-569522C862DB}"
EndProject
Project("{FAE04EC0-301F-11D3-BF4B-00C04F79EFBC}") = "PrepareUpdateSource", "Patch\PrepareUpdateSource\PrepareUpdateSource.csproj", "{0AADDE8F-ABD6-4130-B346-5C352A51AFCB}"
	ProjectSection(ProjectDependencies) = postProject
		{16D56608-8345-4806-B6CC-A3750F2BD90F} = {16D56608-8345-4806-B6CC-A3750F2BD90F}
		{0EDCD418-3C71-459F-91B4-C6BE682E4B67} = {0EDCD418-3C71-459F-91B4-C6BE682E4B67}
		{9861C157-E6D7-4D11-9CE1-9B54C888C4B0} = {9861C157-E6D7-4D11-9CE1-9B54C888C4B0}
		{8E03A383-DAAB-47F5-809D-D7AA841293DC} = {8E03A383-DAAB-47F5-809D-D7AA841293DC}
		{4B40818B-77E1-4E20-9E1E-16615230C204} = {4B40818B-77E1-4E20-9E1E-16615230C204}
		{0FEAAD8C-01C6-426D-91D8-AB2B6089437B} = {0FEAAD8C-01C6-426D-91D8-AB2B6089437B}
		{FC295FC1-B054-49D2-A930-27ED0017B4E3} = {FC295FC1-B054-49D2-A930-27ED0017B4E3}
		{5294FAD2-E029-4044-90C2-F04A783BC92A} = {5294FAD2-E029-4044-90C2-F04A783BC92A}
		{A18C4FDB-692A-4ABB-BA52-E72FD97D1F46} = {A18C4FDB-692A-4ABB-BA52-E72FD97D1F46}
		{CD68DCE5-653D-4E23-89E5-914CB13FAC4A} = {CD68DCE5-653D-4E23-89E5-914CB13FAC4A}
		{24C509FB-5477-4CB4-8671-39F92FA9867A} = {24C509FB-5477-4CB4-8671-39F92FA9867A}
		{16ADCCFF-94E7-4805-BAB2-78942FF3BCFF} = {16ADCCFF-94E7-4805-BAB2-78942FF3BCFF}
	EndProjectSection
EndProject
Project("{FAE04EC0-301F-11D3-BF4B-00C04F79EFBC}") = "CreatePatch", "Patch\CreatePatch\CreatePatch.csproj", "{62926B50-F48E-4D52-A77C-7D8A2F2C903B}"
	ProjectSection(ProjectDependencies) = postProject
		{CDDB6B40-6D29-46AE-8993-4AE7D5EFC9E4} = {CDDB6B40-6D29-46AE-8993-4AE7D5EFC9E4}
		{0AADDE8F-ABD6-4130-B346-5C352A51AFCB} = {0AADDE8F-ABD6-4130-B346-5C352A51AFCB}
	EndProjectSection
EndProject
Project("{2150E333-8FDC-42A3-9474-1A3956D46DE8}") = "xPatchProjects", "xPatchProjects", "{5FBFD68D-59E8-4D98-A4A4-E94AF9036C23}"
EndProject
Project("{FAE04EC0-301F-11D3-BF4B-00C04F79EFBC}") = "RightsAndPermissionsForDesktop", "Patch\xPatchProjects\RightsAndPermissionsForDesktop\RightsAndPermissionsForDesktop.csproj", "{8E03A383-DAAB-47F5-809D-D7AA841293DC}"
EndProject
Project("{FAE04EC0-301F-11D3-BF4B-00C04F79EFBC}") = "UpdateAvrFilter", "Patch\xPatchProjects\UpdateAvrFilter\UpdateAvrFilter.csproj", "{FC295FC1-B054-49D2-A930-27ED0017B4E3}"
EndProject
Project("{FAE04EC0-301F-11D3-BF4B-00C04F79EFBC}") = "XPatchesLauncher", "Patch\xPatchProjects\XPatchesLauncher\XPatchesLauncher.csproj", "{A18C4FDB-692A-4ABB-BA52-E72FD97D1F46}"
	ProjectSection(ProjectDependencies) = postProject
		{0EDCD418-3C71-459F-91B4-C6BE682E4B67} = {0EDCD418-3C71-459F-91B4-C6BE682E4B67}
		{8E03A383-DAAB-47F5-809D-D7AA841293DC} = {8E03A383-DAAB-47F5-809D-D7AA841293DC}
		{FC295FC1-B054-49D2-A930-27ED0017B4E3} = {FC295FC1-B054-49D2-A930-27ED0017B4E3}
		{16ADCCFF-94E7-4805-BAB2-78942FF3BCFF} = {16ADCCFF-94E7-4805-BAB2-78942FF3BCFF}
	EndProjectSection
EndProject
Project("{FAE04EC0-301F-11D3-BF4B-00C04F79EFBC}") = "XPatchInterfaces", "Patch\xPatchProjects\XPatchInterfaces\XPatchInterfaces.csproj", "{6DF41216-9B5C-4634-9EE1-3476E452600E}"
EndProject
Project("{FAE04EC0-301F-11D3-BF4B-00C04F79EFBC}") = "SetNewDownloadStrategy", "Patch\xPatchProjects\SetNewDownloadStrategy\SetNewDownloadStrategy.csproj", "{0EDCD418-3C71-459F-91B4-C6BE682E4B67}"
EndProject
Project("{FAE04EC0-301F-11D3-BF4B-00C04F79EFBC}") = "InstallFonts", "Patch\xPatchProjects\InstallFonts\InstallFonts.csproj", "{16ADCCFF-94E7-4805-BAB2-78942FF3BCFF}"
EndProject
Project("{FAE04EC0-301F-11D3-BF4B-00C04F79EFBC}") = "TestXPatch", "Patch\xPatchProjects\TestXPatch\TestXPatch.csproj", "{752D64F2-B466-47C6-AE41-62D9F99702AB}"
EndProject
Project("{FAE04EC0-301F-11D3-BF4B-00C04F79EFBC}") = "GisUpdate", "Patch\xPatchProjects\GisUpdate\GisUpdate.csproj", "{C63A5C0D-65D6-4222-ADF0-035DBD3888B8}"
EndProject
Project("{FAE04EC0-301F-11D3-BF4B-00C04F79EFBC}") = "UpdateAvrLoggingConfig", "Patch\xPatchProjects\UpdateAvrLoggingConfig\UpdateAvrLoggingConfig.csproj", "{586CF98C-E883-4C9E-A598-9F1C2E89642D}"
EndProject
Global
	GlobalSection(SolutionConfigurationPlatforms) = preSolution
		Debug Patch|Any CPU = Debug Patch|Any CPU
		Debug Patch|Mixed Platforms = Debug Patch|Mixed Platforms
		Debug Setup|Any CPU = Debug Setup|Any CPU
		Debug Setup|Mixed Platforms = Debug Setup|Mixed Platforms
		Debug UpdateCreator|Any CPU = Debug UpdateCreator|Any CPU
		Debug UpdateCreator|Mixed Platforms = Debug UpdateCreator|Mixed Platforms
		Debug|Any CPU = Debug|Any CPU
		Debug|Mixed Platforms = Debug|Mixed Platforms
		Release Patch|Any CPU = Release Patch|Any CPU
		Release Patch|Mixed Platforms = Release Patch|Mixed Platforms
		Release|Any CPU = Release|Any CPU
		Release|Mixed Platforms = Release|Mixed Platforms
	EndGlobalSection
	GlobalSection(ProjectConfigurationPlatforms) = postSolution
		{4B40818B-77E1-4E20-9E1E-16615230C204}.Debug Patch|Any CPU.ActiveCfg = Debug|Any CPU
		{4B40818B-77E1-4E20-9E1E-16615230C204}.Debug Patch|Any CPU.Build.0 = Debug|Any CPU
		{4B40818B-77E1-4E20-9E1E-16615230C204}.Debug Patch|Mixed Platforms.ActiveCfg = Debug|Any CPU
		{4B40818B-77E1-4E20-9E1E-16615230C204}.Debug Patch|Mixed Platforms.Build.0 = Debug|Any CPU
		{4B40818B-77E1-4E20-9E1E-16615230C204}.Debug Setup|Any CPU.ActiveCfg = Debug|Any CPU
		{4B40818B-77E1-4E20-9E1E-16615230C204}.Debug Setup|Mixed Platforms.ActiveCfg = Debug|Any CPU
		{4B40818B-77E1-4E20-9E1E-16615230C204}.Debug Setup|Mixed Platforms.Build.0 = Debug|Any CPU
		{4B40818B-77E1-4E20-9E1E-16615230C204}.Debug UpdateCreator|Any CPU.ActiveCfg = Debug|Any CPU
		{4B40818B-77E1-4E20-9E1E-16615230C204}.Debug UpdateCreator|Mixed Platforms.ActiveCfg = Debug|Any CPU
		{4B40818B-77E1-4E20-9E1E-16615230C204}.Debug|Any CPU.ActiveCfg = Debug|Any CPU
		{4B40818B-77E1-4E20-9E1E-16615230C204}.Debug|Any CPU.Build.0 = Debug|Any CPU
		{4B40818B-77E1-4E20-9E1E-16615230C204}.Debug|Mixed Platforms.ActiveCfg = Debug|Any CPU
		{4B40818B-77E1-4E20-9E1E-16615230C204}.Debug|Mixed Platforms.Build.0 = Debug|Any CPU
		{4B40818B-77E1-4E20-9E1E-16615230C204}.Release Patch|Any CPU.ActiveCfg = Release|Any CPU
		{4B40818B-77E1-4E20-9E1E-16615230C204}.Release Patch|Any CPU.Build.0 = Release|Any CPU
		{4B40818B-77E1-4E20-9E1E-16615230C204}.Release Patch|Mixed Platforms.ActiveCfg = Release|Any CPU
		{4B40818B-77E1-4E20-9E1E-16615230C204}.Release Patch|Mixed Platforms.Build.0 = Release|Any CPU
		{4B40818B-77E1-4E20-9E1E-16615230C204}.Release|Any CPU.ActiveCfg = Release|Any CPU
		{4B40818B-77E1-4E20-9E1E-16615230C204}.Release|Mixed Platforms.ActiveCfg = Release|Any CPU
		{4B40818B-77E1-4E20-9E1E-16615230C204}.Release|Mixed Platforms.Build.0 = Release|Any CPU
		{CDDB6B40-6D29-46AE-8993-4AE7D5EFC9E4}.Debug Patch|Any CPU.ActiveCfg = Debug|Any CPU
		{CDDB6B40-6D29-46AE-8993-4AE7D5EFC9E4}.Debug Patch|Any CPU.Build.0 = Debug|Any CPU
		{CDDB6B40-6D29-46AE-8993-4AE7D5EFC9E4}.Debug Patch|Mixed Platforms.ActiveCfg = Debug|Any CPU
		{CDDB6B40-6D29-46AE-8993-4AE7D5EFC9E4}.Debug Patch|Mixed Platforms.Build.0 = Debug|Any CPU
		{CDDB6B40-6D29-46AE-8993-4AE7D5EFC9E4}.Debug Setup|Any CPU.ActiveCfg = Debug|Any CPU
		{CDDB6B40-6D29-46AE-8993-4AE7D5EFC9E4}.Debug Setup|Mixed Platforms.ActiveCfg = Debug|Any CPU
		{CDDB6B40-6D29-46AE-8993-4AE7D5EFC9E4}.Debug Setup|Mixed Platforms.Build.0 = Debug|Any CPU
		{CDDB6B40-6D29-46AE-8993-4AE7D5EFC9E4}.Debug UpdateCreator|Any CPU.ActiveCfg = Debug|Any CPU
		{CDDB6B40-6D29-46AE-8993-4AE7D5EFC9E4}.Debug UpdateCreator|Any CPU.Build.0 = Debug|Any CPU
		{CDDB6B40-6D29-46AE-8993-4AE7D5EFC9E4}.Debug UpdateCreator|Mixed Platforms.ActiveCfg = Debug|Any CPU
		{CDDB6B40-6D29-46AE-8993-4AE7D5EFC9E4}.Debug UpdateCreator|Mixed Platforms.Build.0 = Debug|Any CPU
		{CDDB6B40-6D29-46AE-8993-4AE7D5EFC9E4}.Debug|Any CPU.ActiveCfg = Debug|Any CPU
		{CDDB6B40-6D29-46AE-8993-4AE7D5EFC9E4}.Debug|Any CPU.Build.0 = Debug|Any CPU
		{CDDB6B40-6D29-46AE-8993-4AE7D5EFC9E4}.Debug|Mixed Platforms.ActiveCfg = Debug|Any CPU
		{CDDB6B40-6D29-46AE-8993-4AE7D5EFC9E4}.Debug|Mixed Platforms.Build.0 = Debug|Any CPU
		{CDDB6B40-6D29-46AE-8993-4AE7D5EFC9E4}.Release Patch|Any CPU.ActiveCfg = Release|Any CPU
		{CDDB6B40-6D29-46AE-8993-4AE7D5EFC9E4}.Release Patch|Any CPU.Build.0 = Release|Any CPU
		{CDDB6B40-6D29-46AE-8993-4AE7D5EFC9E4}.Release Patch|Mixed Platforms.ActiveCfg = Release|Any CPU
		{CDDB6B40-6D29-46AE-8993-4AE7D5EFC9E4}.Release Patch|Mixed Platforms.Build.0 = Release|Any CPU
		{CDDB6B40-6D29-46AE-8993-4AE7D5EFC9E4}.Release|Any CPU.ActiveCfg = Release|Any CPU
		{CDDB6B40-6D29-46AE-8993-4AE7D5EFC9E4}.Release|Mixed Platforms.ActiveCfg = Release|Any CPU
		{CDDB6B40-6D29-46AE-8993-4AE7D5EFC9E4}.Release|Mixed Platforms.Build.0 = Release|Any CPU
		{16D56608-8345-4806-B6CC-A3750F2BD90F}.Debug Patch|Any CPU.ActiveCfg = Debug|Any CPU
		{16D56608-8345-4806-B6CC-A3750F2BD90F}.Debug Patch|Any CPU.Build.0 = Debug|Any CPU
		{16D56608-8345-4806-B6CC-A3750F2BD90F}.Debug Patch|Mixed Platforms.ActiveCfg = Debug|Any CPU
		{16D56608-8345-4806-B6CC-A3750F2BD90F}.Debug Patch|Mixed Platforms.Build.0 = Debug|Any CPU
		{16D56608-8345-4806-B6CC-A3750F2BD90F}.Debug Setup|Any CPU.ActiveCfg = Debug|Any CPU
		{16D56608-8345-4806-B6CC-A3750F2BD90F}.Debug Setup|Mixed Platforms.ActiveCfg = Debug|Any CPU
		{16D56608-8345-4806-B6CC-A3750F2BD90F}.Debug Setup|Mixed Platforms.Build.0 = Debug|Any CPU
		{16D56608-8345-4806-B6CC-A3750F2BD90F}.Debug UpdateCreator|Any CPU.ActiveCfg = Debug|Any CPU
		{16D56608-8345-4806-B6CC-A3750F2BD90F}.Debug UpdateCreator|Any CPU.Build.0 = Debug|Any CPU
		{16D56608-8345-4806-B6CC-A3750F2BD90F}.Debug UpdateCreator|Mixed Platforms.ActiveCfg = Debug|Any CPU
		{16D56608-8345-4806-B6CC-A3750F2BD90F}.Debug UpdateCreator|Mixed Platforms.Build.0 = Debug|Any CPU
		{16D56608-8345-4806-B6CC-A3750F2BD90F}.Debug|Any CPU.ActiveCfg = Debug|Any CPU
		{16D56608-8345-4806-B6CC-A3750F2BD90F}.Debug|Any CPU.Build.0 = Debug|Any CPU
		{16D56608-8345-4806-B6CC-A3750F2BD90F}.Debug|Mixed Platforms.ActiveCfg = Debug|Any CPU
		{16D56608-8345-4806-B6CC-A3750F2BD90F}.Debug|Mixed Platforms.Build.0 = Debug|Any CPU
		{16D56608-8345-4806-B6CC-A3750F2BD90F}.Release Patch|Any CPU.ActiveCfg = Release|Any CPU
		{16D56608-8345-4806-B6CC-A3750F2BD90F}.Release Patch|Any CPU.Build.0 = Release|Any CPU
		{16D56608-8345-4806-B6CC-A3750F2BD90F}.Release Patch|Mixed Platforms.ActiveCfg = Release|Any CPU
		{16D56608-8345-4806-B6CC-A3750F2BD90F}.Release Patch|Mixed Platforms.Build.0 = Release|Any CPU
		{16D56608-8345-4806-B6CC-A3750F2BD90F}.Release|Any CPU.ActiveCfg = Release|Any CPU
		{16D56608-8345-4806-B6CC-A3750F2BD90F}.Release|Mixed Platforms.ActiveCfg = Release|Any CPU
		{16D56608-8345-4806-B6CC-A3750F2BD90F}.Release|Mixed Platforms.Build.0 = Release|Any CPU
		{CD68DCE5-653D-4E23-89E5-914CB13FAC4A}.Debug Patch|Any CPU.ActiveCfg = Debug|Any CPU
		{CD68DCE5-653D-4E23-89E5-914CB13FAC4A}.Debug Patch|Any CPU.Build.0 = Debug|Any CPU
		{CD68DCE5-653D-4E23-89E5-914CB13FAC4A}.Debug Patch|Mixed Platforms.ActiveCfg = Debug|Any CPU
		{CD68DCE5-653D-4E23-89E5-914CB13FAC4A}.Debug Patch|Mixed Platforms.Build.0 = Debug|Any CPU
		{CD68DCE5-653D-4E23-89E5-914CB13FAC4A}.Debug Setup|Any CPU.ActiveCfg = Debug|Any CPU
		{CD68DCE5-653D-4E23-89E5-914CB13FAC4A}.Debug Setup|Mixed Platforms.ActiveCfg = Debug|Any CPU
		{CD68DCE5-653D-4E23-89E5-914CB13FAC4A}.Debug Setup|Mixed Platforms.Build.0 = Debug|Any CPU
		{CD68DCE5-653D-4E23-89E5-914CB13FAC4A}.Debug UpdateCreator|Any CPU.ActiveCfg = Debug|Any CPU
		{CD68DCE5-653D-4E23-89E5-914CB13FAC4A}.Debug UpdateCreator|Mixed Platforms.ActiveCfg = Debug|Any CPU
		{CD68DCE5-653D-4E23-89E5-914CB13FAC4A}.Debug|Any CPU.ActiveCfg = Debug|Any CPU
		{CD68DCE5-653D-4E23-89E5-914CB13FAC4A}.Debug|Any CPU.Build.0 = Debug|Any CPU
		{CD68DCE5-653D-4E23-89E5-914CB13FAC4A}.Debug|Mixed Platforms.ActiveCfg = Debug|Any CPU
		{CD68DCE5-653D-4E23-89E5-914CB13FAC4A}.Debug|Mixed Platforms.Build.0 = Debug|Any CPU
		{CD68DCE5-653D-4E23-89E5-914CB13FAC4A}.Release Patch|Any CPU.ActiveCfg = Release|Any CPU
		{CD68DCE5-653D-4E23-89E5-914CB13FAC4A}.Release Patch|Any CPU.Build.0 = Release|Any CPU
		{CD68DCE5-653D-4E23-89E5-914CB13FAC4A}.Release Patch|Mixed Platforms.ActiveCfg = Release|Any CPU
		{CD68DCE5-653D-4E23-89E5-914CB13FAC4A}.Release Patch|Mixed Platforms.Build.0 = Release|Any CPU
		{CD68DCE5-653D-4E23-89E5-914CB13FAC4A}.Release|Any CPU.ActiveCfg = Release|Any CPU
		{CD68DCE5-653D-4E23-89E5-914CB13FAC4A}.Release|Mixed Platforms.ActiveCfg = Release|Any CPU
		{CD68DCE5-653D-4E23-89E5-914CB13FAC4A}.Release|Mixed Platforms.Build.0 = Release|Any CPU
		{24C509FB-5477-4CB4-8671-39F92FA9867A}.Debug Patch|Any CPU.ActiveCfg = Debug|Any CPU
		{24C509FB-5477-4CB4-8671-39F92FA9867A}.Debug Patch|Any CPU.Build.0 = Debug|Any CPU
		{24C509FB-5477-4CB4-8671-39F92FA9867A}.Debug Patch|Mixed Platforms.ActiveCfg = Debug|Any CPU
		{24C509FB-5477-4CB4-8671-39F92FA9867A}.Debug Patch|Mixed Platforms.Build.0 = Debug|Any CPU
		{24C509FB-5477-4CB4-8671-39F92FA9867A}.Debug Setup|Any CPU.ActiveCfg = Debug|Any CPU
		{24C509FB-5477-4CB4-8671-39F92FA9867A}.Debug Setup|Mixed Platforms.ActiveCfg = Debug|Any CPU
		{24C509FB-5477-4CB4-8671-39F92FA9867A}.Debug Setup|Mixed Platforms.Build.0 = Debug|Any CPU
		{24C509FB-5477-4CB4-8671-39F92FA9867A}.Debug UpdateCreator|Any CPU.ActiveCfg = Debug|Any CPU
		{24C509FB-5477-4CB4-8671-39F92FA9867A}.Debug UpdateCreator|Any CPU.Build.0 = Debug|Any CPU
		{24C509FB-5477-4CB4-8671-39F92FA9867A}.Debug UpdateCreator|Mixed Platforms.ActiveCfg = Debug|Any CPU
		{24C509FB-5477-4CB4-8671-39F92FA9867A}.Debug UpdateCreator|Mixed Platforms.Build.0 = Debug|Any CPU
		{24C509FB-5477-4CB4-8671-39F92FA9867A}.Debug|Any CPU.ActiveCfg = Debug|Any CPU
		{24C509FB-5477-4CB4-8671-39F92FA9867A}.Debug|Any CPU.Build.0 = Debug|Any CPU
		{24C509FB-5477-4CB4-8671-39F92FA9867A}.Debug|Mixed Platforms.ActiveCfg = Debug|Any CPU
		{24C509FB-5477-4CB4-8671-39F92FA9867A}.Debug|Mixed Platforms.Build.0 = Debug|Any CPU
		{24C509FB-5477-4CB4-8671-39F92FA9867A}.Release Patch|Any CPU.ActiveCfg = Release|Any CPU
		{24C509FB-5477-4CB4-8671-39F92FA9867A}.Release Patch|Any CPU.Build.0 = Release|Any CPU
		{24C509FB-5477-4CB4-8671-39F92FA9867A}.Release Patch|Mixed Platforms.ActiveCfg = Release|Any CPU
		{24C509FB-5477-4CB4-8671-39F92FA9867A}.Release Patch|Mixed Platforms.Build.0 = Release|Any CPU
		{24C509FB-5477-4CB4-8671-39F92FA9867A}.Release|Any CPU.ActiveCfg = Release|Any CPU
		{24C509FB-5477-4CB4-8671-39F92FA9867A}.Release|Mixed Platforms.ActiveCfg = Release|Any CPU
		{24C509FB-5477-4CB4-8671-39F92FA9867A}.Release|Mixed Platforms.Build.0 = Release|Any CPU
		{FAC6626E-164A-448C-B1E6-3B169D349EA8}.Debug Patch|Any CPU.ActiveCfg = Debug|Any CPU
		{FAC6626E-164A-448C-B1E6-3B169D349EA8}.Debug Patch|Mixed Platforms.ActiveCfg = Debug|Any CPU
		{FAC6626E-164A-448C-B1E6-3B169D349EA8}.Debug Setup|Any CPU.ActiveCfg = Debug|Any CPU
		{FAC6626E-164A-448C-B1E6-3B169D349EA8}.Debug Setup|Mixed Platforms.ActiveCfg = Debug|Any CPU
		{FAC6626E-164A-448C-B1E6-3B169D349EA8}.Debug UpdateCreator|Any CPU.ActiveCfg = Debug|Any CPU
		{FAC6626E-164A-448C-B1E6-3B169D349EA8}.Debug UpdateCreator|Mixed Platforms.ActiveCfg = Debug|Any CPU
		{FAC6626E-164A-448C-B1E6-3B169D349EA8}.Debug|Any CPU.ActiveCfg = Debug|Any CPU
		{FAC6626E-164A-448C-B1E6-3B169D349EA8}.Debug|Any CPU.Build.0 = Debug|Any CPU
		{FAC6626E-164A-448C-B1E6-3B169D349EA8}.Debug|Mixed Platforms.ActiveCfg = Debug|Any CPU
		{FAC6626E-164A-448C-B1E6-3B169D349EA8}.Debug|Mixed Platforms.Build.0 = Debug|Any CPU
		{FAC6626E-164A-448C-B1E6-3B169D349EA8}.Release Patch|Any CPU.ActiveCfg = Release|Any CPU
		{FAC6626E-164A-448C-B1E6-3B169D349EA8}.Release Patch|Any CPU.Build.0 = Release|Any CPU
		{FAC6626E-164A-448C-B1E6-3B169D349EA8}.Release Patch|Mixed Platforms.ActiveCfg = Release|Any CPU
		{FAC6626E-164A-448C-B1E6-3B169D349EA8}.Release|Any CPU.ActiveCfg = Release|Any CPU
		{FAC6626E-164A-448C-B1E6-3B169D349EA8}.Release|Mixed Platforms.ActiveCfg = Release|Any CPU
		{FAC6626E-164A-448C-B1E6-3B169D349EA8}.Release|Mixed Platforms.Build.0 = Release|Any CPU
		{9861C157-E6D7-4D11-9CE1-9B54C888C4B0}.Debug Patch|Any CPU.ActiveCfg = Debug|x86
		{9861C157-E6D7-4D11-9CE1-9B54C888C4B0}.Debug Patch|Mixed Platforms.ActiveCfg = Debug|x86
		{9861C157-E6D7-4D11-9CE1-9B54C888C4B0}.Debug Patch|Mixed Platforms.Build.0 = Debug|x86
		{9861C157-E6D7-4D11-9CE1-9B54C888C4B0}.Debug Setup|Any CPU.ActiveCfg = Debug|x86
		{9861C157-E6D7-4D11-9CE1-9B54C888C4B0}.Debug Setup|Mixed Platforms.ActiveCfg = Debug|x86
		{9861C157-E6D7-4D11-9CE1-9B54C888C4B0}.Debug Setup|Mixed Platforms.Build.0 = Debug|x86
		{9861C157-E6D7-4D11-9CE1-9B54C888C4B0}.Debug UpdateCreator|Any CPU.ActiveCfg = Debug|x86
		{9861C157-E6D7-4D11-9CE1-9B54C888C4B0}.Debug UpdateCreator|Mixed Platforms.ActiveCfg = Debug|x86
		{9861C157-E6D7-4D11-9CE1-9B54C888C4B0}.Debug|Any CPU.ActiveCfg = Debug|x86
		{9861C157-E6D7-4D11-9CE1-9B54C888C4B0}.Debug|Mixed Platforms.ActiveCfg = Debug|x86
		{9861C157-E6D7-4D11-9CE1-9B54C888C4B0}.Release Patch|Any CPU.ActiveCfg = Release|x86
		{9861C157-E6D7-4D11-9CE1-9B54C888C4B0}.Release Patch|Mixed Platforms.ActiveCfg = Release|x86
		{9861C157-E6D7-4D11-9CE1-9B54C888C4B0}.Release Patch|Mixed Platforms.Build.0 = Release|x86
		{9861C157-E6D7-4D11-9CE1-9B54C888C4B0}.Release|Any CPU.ActiveCfg = Release|x86
		{9861C157-E6D7-4D11-9CE1-9B54C888C4B0}.Release|Mixed Platforms.ActiveCfg = Release|x86
		{9861C157-E6D7-4D11-9CE1-9B54C888C4B0}.Release|Mixed Platforms.Build.0 = Release|x86
		{0FEAAD8C-01C6-426D-91D8-AB2B6089437B}.Debug Patch|Any CPU.ActiveCfg = Debug|x86
		{0FEAAD8C-01C6-426D-91D8-AB2B6089437B}.Debug Patch|Mixed Platforms.ActiveCfg = Debug|x86
		{0FEAAD8C-01C6-426D-91D8-AB2B6089437B}.Debug Patch|Mixed Platforms.Build.0 = Debug|x86
		{0FEAAD8C-01C6-426D-91D8-AB2B6089437B}.Debug Setup|Any CPU.ActiveCfg = Debug|x86
		{0FEAAD8C-01C6-426D-91D8-AB2B6089437B}.Debug Setup|Mixed Platforms.ActiveCfg = Debug|x86
		{0FEAAD8C-01C6-426D-91D8-AB2B6089437B}.Debug Setup|Mixed Platforms.Build.0 = Debug|x86
		{0FEAAD8C-01C6-426D-91D8-AB2B6089437B}.Debug UpdateCreator|Any CPU.ActiveCfg = Debug|x86
		{0FEAAD8C-01C6-426D-91D8-AB2B6089437B}.Debug UpdateCreator|Mixed Platforms.ActiveCfg = Debug|x86
		{0FEAAD8C-01C6-426D-91D8-AB2B6089437B}.Debug|Any CPU.ActiveCfg = Debug|x86
		{0FEAAD8C-01C6-426D-91D8-AB2B6089437B}.Debug|Mixed Platforms.ActiveCfg = Debug|x86
		{0FEAAD8C-01C6-426D-91D8-AB2B6089437B}.Release Patch|Any CPU.ActiveCfg = Release|x86
		{0FEAAD8C-01C6-426D-91D8-AB2B6089437B}.Release Patch|Mixed Platforms.ActiveCfg = Release|x86
		{0FEAAD8C-01C6-426D-91D8-AB2B6089437B}.Release Patch|Mixed Platforms.Build.0 = Release|x86
		{0FEAAD8C-01C6-426D-91D8-AB2B6089437B}.Release|Any CPU.ActiveCfg = Release|x86
		{0FEAAD8C-01C6-426D-91D8-AB2B6089437B}.Release|Mixed Platforms.ActiveCfg = Release|x86
		{0FEAAD8C-01C6-426D-91D8-AB2B6089437B}.Release|Mixed Platforms.Build.0 = Release|x86
		{5294FAD2-E029-4044-90C2-F04A783BC92A}.Debug Patch|Any CPU.ActiveCfg = Debug|Any CPU
		{5294FAD2-E029-4044-90C2-F04A783BC92A}.Debug Patch|Any CPU.Build.0 = Debug|Any CPU
		{5294FAD2-E029-4044-90C2-F04A783BC92A}.Debug Patch|Mixed Platforms.ActiveCfg = Debug|Any CPU
		{5294FAD2-E029-4044-90C2-F04A783BC92A}.Debug Patch|Mixed Platforms.Build.0 = Debug|Any CPU
		{5294FAD2-E029-4044-90C2-F04A783BC92A}.Debug Setup|Any CPU.ActiveCfg = Debug|Any CPU
		{5294FAD2-E029-4044-90C2-F04A783BC92A}.Debug Setup|Mixed Platforms.ActiveCfg = Debug|Any CPU
		{5294FAD2-E029-4044-90C2-F04A783BC92A}.Debug Setup|Mixed Platforms.Build.0 = Debug|Any CPU
		{5294FAD2-E029-4044-90C2-F04A783BC92A}.Debug UpdateCreator|Any CPU.ActiveCfg = Debug|Any CPU
		{5294FAD2-E029-4044-90C2-F04A783BC92A}.Debug UpdateCreator|Mixed Platforms.ActiveCfg = Debug|Any CPU
		{5294FAD2-E029-4044-90C2-F04A783BC92A}.Debug|Any CPU.ActiveCfg = Debug|Any CPU
		{5294FAD2-E029-4044-90C2-F04A783BC92A}.Debug|Mixed Platforms.ActiveCfg = Debug|Any CPU
		{5294FAD2-E029-4044-90C2-F04A783BC92A}.Release Patch|Any CPU.ActiveCfg = Release|Any CPU
		{5294FAD2-E029-4044-90C2-F04A783BC92A}.Release Patch|Any CPU.Build.0 = Release|Any CPU
		{5294FAD2-E029-4044-90C2-F04A783BC92A}.Release Patch|Mixed Platforms.ActiveCfg = Release|Any CPU
		{5294FAD2-E029-4044-90C2-F04A783BC92A}.Release Patch|Mixed Platforms.Build.0 = Release|Any CPU
		{5294FAD2-E029-4044-90C2-F04A783BC92A}.Release|Any CPU.ActiveCfg = Release|Any CPU
		{5294FAD2-E029-4044-90C2-F04A783BC92A}.Release|Mixed Platforms.ActiveCfg = Release|Any CPU
		{5294FAD2-E029-4044-90C2-F04A783BC92A}.Release|Mixed Platforms.Build.0 = Release|Any CPU
		{0AADDE8F-ABD6-4130-B346-5C352A51AFCB}.Debug Patch|Any CPU.ActiveCfg = Debug|Any CPU
		{0AADDE8F-ABD6-4130-B346-5C352A51AFCB}.Debug Patch|Any CPU.Build.0 = Debug|Any CPU
		{0AADDE8F-ABD6-4130-B346-5C352A51AFCB}.Debug Patch|Mixed Platforms.ActiveCfg = Debug|Any CPU
		{0AADDE8F-ABD6-4130-B346-5C352A51AFCB}.Debug Patch|Mixed Platforms.Build.0 = Debug|Any CPU
		{0AADDE8F-ABD6-4130-B346-5C352A51AFCB}.Debug Setup|Any CPU.ActiveCfg = Debug|Any CPU
		{0AADDE8F-ABD6-4130-B346-5C352A51AFCB}.Debug Setup|Mixed Platforms.ActiveCfg = Debug|Any CPU
		{0AADDE8F-ABD6-4130-B346-5C352A51AFCB}.Debug UpdateCreator|Any CPU.ActiveCfg = Debug|Any CPU
		{0AADDE8F-ABD6-4130-B346-5C352A51AFCB}.Debug UpdateCreator|Mixed Platforms.ActiveCfg = Debug|Any CPU
		{0AADDE8F-ABD6-4130-B346-5C352A51AFCB}.Debug|Any CPU.ActiveCfg = Debug|Any CPU
		{0AADDE8F-ABD6-4130-B346-5C352A51AFCB}.Debug|Mixed Platforms.ActiveCfg = Debug|Any CPU
		{0AADDE8F-ABD6-4130-B346-5C352A51AFCB}.Release Patch|Any CPU.ActiveCfg = Release|Any CPU
		{0AADDE8F-ABD6-4130-B346-5C352A51AFCB}.Release Patch|Any CPU.Build.0 = Release|Any CPU
		{0AADDE8F-ABD6-4130-B346-5C352A51AFCB}.Release Patch|Mixed Platforms.ActiveCfg = Release|Any CPU
		{0AADDE8F-ABD6-4130-B346-5C352A51AFCB}.Release Patch|Mixed Platforms.Build.0 = Release|Any CPU
		{0AADDE8F-ABD6-4130-B346-5C352A51AFCB}.Release|Any CPU.ActiveCfg = Release|Any CPU
		{0AADDE8F-ABD6-4130-B346-5C352A51AFCB}.Release|Mixed Platforms.ActiveCfg = Release|Any CPU
		{62926B50-F48E-4D52-A77C-7D8A2F2C903B}.Debug Patch|Any CPU.ActiveCfg = Debug|Any CPU
		{62926B50-F48E-4D52-A77C-7D8A2F2C903B}.Debug Patch|Any CPU.Build.0 = Debug|Any CPU
		{62926B50-F48E-4D52-A77C-7D8A2F2C903B}.Debug Patch|Mixed Platforms.ActiveCfg = Debug|Any CPU
		{62926B50-F48E-4D52-A77C-7D8A2F2C903B}.Debug Patch|Mixed Platforms.Build.0 = Debug|Any CPU
		{62926B50-F48E-4D52-A77C-7D8A2F2C903B}.Debug Setup|Any CPU.ActiveCfg = Debug|Any CPU
		{62926B50-F48E-4D52-A77C-7D8A2F2C903B}.Debug Setup|Mixed Platforms.ActiveCfg = Debug|Any CPU
		{62926B50-F48E-4D52-A77C-7D8A2F2C903B}.Debug UpdateCreator|Any CPU.ActiveCfg = Debug|Any CPU
		{62926B50-F48E-4D52-A77C-7D8A2F2C903B}.Debug UpdateCreator|Mixed Platforms.ActiveCfg = Debug|Any CPU
		{62926B50-F48E-4D52-A77C-7D8A2F2C903B}.Debug|Any CPU.ActiveCfg = Debug|Any CPU
		{62926B50-F48E-4D52-A77C-7D8A2F2C903B}.Debug|Mixed Platforms.ActiveCfg = Debug|Any CPU
		{62926B50-F48E-4D52-A77C-7D8A2F2C903B}.Release Patch|Any CPU.ActiveCfg = Release|Any CPU
		{62926B50-F48E-4D52-A77C-7D8A2F2C903B}.Release Patch|Any CPU.Build.0 = Release|Any CPU
		{62926B50-F48E-4D52-A77C-7D8A2F2C903B}.Release Patch|Mixed Platforms.ActiveCfg = Release|Any CPU
		{62926B50-F48E-4D52-A77C-7D8A2F2C903B}.Release Patch|Mixed Platforms.Build.0 = Release|Any CPU
		{62926B50-F48E-4D52-A77C-7D8A2F2C903B}.Release|Any CPU.ActiveCfg = Release|Any CPU
		{62926B50-F48E-4D52-A77C-7D8A2F2C903B}.Release|Mixed Platforms.ActiveCfg = Release|Any CPU
		{8E03A383-DAAB-47F5-809D-D7AA841293DC}.Debug Patch|Any CPU.ActiveCfg = Debug|Any CPU
		{8E03A383-DAAB-47F5-809D-D7AA841293DC}.Debug Patch|Any CPU.Build.0 = Debug|Any CPU
		{8E03A383-DAAB-47F5-809D-D7AA841293DC}.Debug Patch|Mixed Platforms.ActiveCfg = Debug|Any CPU
		{8E03A383-DAAB-47F5-809D-D7AA841293DC}.Debug Patch|Mixed Platforms.Build.0 = Debug|Any CPU
		{8E03A383-DAAB-47F5-809D-D7AA841293DC}.Debug Setup|Any CPU.ActiveCfg = Debug|Any CPU
		{8E03A383-DAAB-47F5-809D-D7AA841293DC}.Debug Setup|Mixed Platforms.ActiveCfg = Debug|Any CPU
		{8E03A383-DAAB-47F5-809D-D7AA841293DC}.Debug UpdateCreator|Any CPU.ActiveCfg = Debug|Any CPU
		{8E03A383-DAAB-47F5-809D-D7AA841293DC}.Debug UpdateCreator|Mixed Platforms.ActiveCfg = Debug|Any CPU
		{8E03A383-DAAB-47F5-809D-D7AA841293DC}.Debug|Any CPU.ActiveCfg = Debug|Any CPU
		{8E03A383-DAAB-47F5-809D-D7AA841293DC}.Debug|Mixed Platforms.ActiveCfg = Debug|Any CPU
		{8E03A383-DAAB-47F5-809D-D7AA841293DC}.Debug|Mixed Platforms.Build.0 = Debug|Any CPU
		{8E03A383-DAAB-47F5-809D-D7AA841293DC}.Release Patch|Any CPU.ActiveCfg = Release|Any CPU
		{8E03A383-DAAB-47F5-809D-D7AA841293DC}.Release Patch|Any CPU.Build.0 = Release|Any CPU
		{8E03A383-DAAB-47F5-809D-D7AA841293DC}.Release Patch|Mixed Platforms.ActiveCfg = Release|Any CPU
		{8E03A383-DAAB-47F5-809D-D7AA841293DC}.Release Patch|Mixed Platforms.Build.0 = Release|Any CPU
		{8E03A383-DAAB-47F5-809D-D7AA841293DC}.Release|Any CPU.ActiveCfg = Release|Any CPU
		{8E03A383-DAAB-47F5-809D-D7AA841293DC}.Release|Mixed Platforms.ActiveCfg = Release|Any CPU
		{8E03A383-DAAB-47F5-809D-D7AA841293DC}.Release|Mixed Platforms.Build.0 = Release|Any CPU
		{FC295FC1-B054-49D2-A930-27ED0017B4E3}.Debug Patch|Any CPU.ActiveCfg = Debug|Any CPU
		{FC295FC1-B054-49D2-A930-27ED0017B4E3}.Debug Patch|Any CPU.Build.0 = Debug|Any CPU
		{FC295FC1-B054-49D2-A930-27ED0017B4E3}.Debug Patch|Mixed Platforms.ActiveCfg = Debug|Any CPU
		{FC295FC1-B054-49D2-A930-27ED0017B4E3}.Debug Patch|Mixed Platforms.Build.0 = Debug|Any CPU
		{FC295FC1-B054-49D2-A930-27ED0017B4E3}.Debug Setup|Any CPU.ActiveCfg = Debug|Any CPU
		{FC295FC1-B054-49D2-A930-27ED0017B4E3}.Debug Setup|Mixed Platforms.ActiveCfg = Debug|Any CPU
		{FC295FC1-B054-49D2-A930-27ED0017B4E3}.Debug UpdateCreator|Any CPU.ActiveCfg = Debug|Any CPU
		{FC295FC1-B054-49D2-A930-27ED0017B4E3}.Debug UpdateCreator|Mixed Platforms.ActiveCfg = Debug|Any CPU
		{FC295FC1-B054-49D2-A930-27ED0017B4E3}.Debug|Any CPU.ActiveCfg = Debug|Any CPU
		{FC295FC1-B054-49D2-A930-27ED0017B4E3}.Debug|Mixed Platforms.ActiveCfg = Debug|Any CPU
		{FC295FC1-B054-49D2-A930-27ED0017B4E3}.Debug|Mixed Platforms.Build.0 = Debug|Any CPU
		{FC295FC1-B054-49D2-A930-27ED0017B4E3}.Release Patch|Any CPU.ActiveCfg = Release|Any CPU
		{FC295FC1-B054-49D2-A930-27ED0017B4E3}.Release Patch|Any CPU.Build.0 = Release|Any CPU
		{FC295FC1-B054-49D2-A930-27ED0017B4E3}.Release Patch|Mixed Platforms.ActiveCfg = Release|Any CPU
		{FC295FC1-B054-49D2-A930-27ED0017B4E3}.Release Patch|Mixed Platforms.Build.0 = Release|Any CPU
		{FC295FC1-B054-49D2-A930-27ED0017B4E3}.Release|Any CPU.ActiveCfg = Release|Any CPU
		{FC295FC1-B054-49D2-A930-27ED0017B4E3}.Release|Mixed Platforms.ActiveCfg = Release|Any CPU
		{FC295FC1-B054-49D2-A930-27ED0017B4E3}.Release|Mixed Platforms.Build.0 = Release|Any CPU
		{A18C4FDB-692A-4ABB-BA52-E72FD97D1F46}.Debug Patch|Any CPU.ActiveCfg = Debug|Any CPU
		{A18C4FDB-692A-4ABB-BA52-E72FD97D1F46}.Debug Patch|Any CPU.Build.0 = Debug|Any CPU
		{A18C4FDB-692A-4ABB-BA52-E72FD97D1F46}.Debug Patch|Mixed Platforms.ActiveCfg = Debug|Any CPU
		{A18C4FDB-692A-4ABB-BA52-E72FD97D1F46}.Debug Patch|Mixed Platforms.Build.0 = Debug|Any CPU
		{A18C4FDB-692A-4ABB-BA52-E72FD97D1F46}.Debug Setup|Any CPU.ActiveCfg = Debug|Any CPU
		{A18C4FDB-692A-4ABB-BA52-E72FD97D1F46}.Debug Setup|Mixed Platforms.ActiveCfg = Debug|Any CPU
		{A18C4FDB-692A-4ABB-BA52-E72FD97D1F46}.Debug Setup|Mixed Platforms.Build.0 = Debug|Any CPU
		{A18C4FDB-692A-4ABB-BA52-E72FD97D1F46}.Debug UpdateCreator|Any CPU.ActiveCfg = Debug|Any CPU
		{A18C4FDB-692A-4ABB-BA52-E72FD97D1F46}.Debug UpdateCreator|Mixed Platforms.ActiveCfg = Debug|Any CPU
		{A18C4FDB-692A-4ABB-BA52-E72FD97D1F46}.Debug|Any CPU.ActiveCfg = Debug|Any CPU
		{A18C4FDB-692A-4ABB-BA52-E72FD97D1F46}.Debug|Mixed Platforms.ActiveCfg = Debug|Any CPU
		{A18C4FDB-692A-4ABB-BA52-E72FD97D1F46}.Debug|Mixed Platforms.Build.0 = Debug|Any CPU
		{A18C4FDB-692A-4ABB-BA52-E72FD97D1F46}.Release Patch|Any CPU.ActiveCfg = Release|Any CPU
		{A18C4FDB-692A-4ABB-BA52-E72FD97D1F46}.Release Patch|Any CPU.Build.0 = Release|Any CPU
		{A18C4FDB-692A-4ABB-BA52-E72FD97D1F46}.Release Patch|Mixed Platforms.ActiveCfg = Release|Any CPU
		{A18C4FDB-692A-4ABB-BA52-E72FD97D1F46}.Release Patch|Mixed Platforms.Build.0 = Release|Any CPU
		{A18C4FDB-692A-4ABB-BA52-E72FD97D1F46}.Release|Any CPU.ActiveCfg = Release|Any CPU
		{A18C4FDB-692A-4ABB-BA52-E72FD97D1F46}.Release|Mixed Platforms.ActiveCfg = Release|Any CPU
		{A18C4FDB-692A-4ABB-BA52-E72FD97D1F46}.Release|Mixed Platforms.Build.0 = Release|Any CPU
		{6DF41216-9B5C-4634-9EE1-3476E452600E}.Debug Patch|Any CPU.ActiveCfg = Debug|Any CPU
		{6DF41216-9B5C-4634-9EE1-3476E452600E}.Debug Patch|Any CPU.Build.0 = Debug|Any CPU
		{6DF41216-9B5C-4634-9EE1-3476E452600E}.Debug Patch|Mixed Platforms.ActiveCfg = Debug|Any CPU
		{6DF41216-9B5C-4634-9EE1-3476E452600E}.Debug Patch|Mixed Platforms.Build.0 = Debug|Any CPU
		{6DF41216-9B5C-4634-9EE1-3476E452600E}.Debug Setup|Any CPU.ActiveCfg = Debug|Any CPU
		{6DF41216-9B5C-4634-9EE1-3476E452600E}.Debug Setup|Mixed Platforms.ActiveCfg = Debug|Any CPU
		{6DF41216-9B5C-4634-9EE1-3476E452600E}.Debug Setup|Mixed Platforms.Build.0 = Debug|Any CPU
		{6DF41216-9B5C-4634-9EE1-3476E452600E}.Debug UpdateCreator|Any CPU.ActiveCfg = Debug|Any CPU
		{6DF41216-9B5C-4634-9EE1-3476E452600E}.Debug UpdateCreator|Mixed Platforms.ActiveCfg = Debug|Any CPU
		{6DF41216-9B5C-4634-9EE1-3476E452600E}.Debug|Any CPU.ActiveCfg = Debug|Any CPU
		{6DF41216-9B5C-4634-9EE1-3476E452600E}.Debug|Mixed Platforms.ActiveCfg = Debug|Any CPU
		{6DF41216-9B5C-4634-9EE1-3476E452600E}.Debug|Mixed Platforms.Build.0 = Debug|Any CPU
		{6DF41216-9B5C-4634-9EE1-3476E452600E}.Release Patch|Any CPU.ActiveCfg = Release|Any CPU
		{6DF41216-9B5C-4634-9EE1-3476E452600E}.Release Patch|Any CPU.Build.0 = Release|Any CPU
		{6DF41216-9B5C-4634-9EE1-3476E452600E}.Release Patch|Mixed Platforms.ActiveCfg = Release|Any CPU
		{6DF41216-9B5C-4634-9EE1-3476E452600E}.Release Patch|Mixed Platforms.Build.0 = Release|Any CPU
		{6DF41216-9B5C-4634-9EE1-3476E452600E}.Release|Any CPU.ActiveCfg = Release|Any CPU
		{6DF41216-9B5C-4634-9EE1-3476E452600E}.Release|Mixed Platforms.ActiveCfg = Release|Any CPU
		{6DF41216-9B5C-4634-9EE1-3476E452600E}.Release|Mixed Platforms.Build.0 = Release|Any CPU
		{0EDCD418-3C71-459F-91B4-C6BE682E4B67}.Debug Patch|Any CPU.ActiveCfg = Debug|Any CPU
		{0EDCD418-3C71-459F-91B4-C6BE682E4B67}.Debug Patch|Any CPU.Build.0 = Debug|Any CPU
		{0EDCD418-3C71-459F-91B4-C6BE682E4B67}.Debug Patch|Mixed Platforms.ActiveCfg = Debug|Any CPU
		{0EDCD418-3C71-459F-91B4-C6BE682E4B67}.Debug Patch|Mixed Platforms.Build.0 = Debug|Any CPU
		{0EDCD418-3C71-459F-91B4-C6BE682E4B67}.Debug Setup|Any CPU.ActiveCfg = Debug|Any CPU
		{0EDCD418-3C71-459F-91B4-C6BE682E4B67}.Debug Setup|Mixed Platforms.ActiveCfg = Debug|Any CPU
		{0EDCD418-3C71-459F-91B4-C6BE682E4B67}.Debug UpdateCreator|Any CPU.ActiveCfg = Debug|Any CPU
		{0EDCD418-3C71-459F-91B4-C6BE682E4B67}.Debug UpdateCreator|Mixed Platforms.ActiveCfg = Debug|Any CPU
		{0EDCD418-3C71-459F-91B4-C6BE682E4B67}.Debug|Any CPU.ActiveCfg = Debug|Any CPU
		{0EDCD418-3C71-459F-91B4-C6BE682E4B67}.Debug|Mixed Platforms.ActiveCfg = Debug|Any CPU
		{0EDCD418-3C71-459F-91B4-C6BE682E4B67}.Debug|Mixed Platforms.Build.0 = Debug|Any CPU
		{0EDCD418-3C71-459F-91B4-C6BE682E4B67}.Release Patch|Any CPU.ActiveCfg = Release|Any CPU
		{0EDCD418-3C71-459F-91B4-C6BE682E4B67}.Release Patch|Any CPU.Build.0 = Release|Any CPU
		{0EDCD418-3C71-459F-91B4-C6BE682E4B67}.Release Patch|Mixed Platforms.ActiveCfg = Release|Any CPU
		{0EDCD418-3C71-459F-91B4-C6BE682E4B67}.Release Patch|Mixed Platforms.Build.0 = Release|Any CPU
		{0EDCD418-3C71-459F-91B4-C6BE682E4B67}.Release|Any CPU.ActiveCfg = Release|Any CPU
		{0EDCD418-3C71-459F-91B4-C6BE682E4B67}.Release|Mixed Platforms.ActiveCfg = Release|Any CPU
		{0EDCD418-3C71-459F-91B4-C6BE682E4B67}.Release|Mixed Platforms.Build.0 = Release|Any CPU
		{16ADCCFF-94E7-4805-BAB2-78942FF3BCFF}.Debug Patch|Any CPU.ActiveCfg = Debug|Any CPU
		{16ADCCFF-94E7-4805-BAB2-78942FF3BCFF}.Debug Patch|Any CPU.Build.0 = Debug|Any CPU
		{16ADCCFF-94E7-4805-BAB2-78942FF3BCFF}.Debug Patch|Mixed Platforms.ActiveCfg = Debug|Any CPU
		{16ADCCFF-94E7-4805-BAB2-78942FF3BCFF}.Debug Patch|Mixed Platforms.Build.0 = Debug|Any CPU
		{16ADCCFF-94E7-4805-BAB2-78942FF3BCFF}.Debug Setup|Any CPU.ActiveCfg = Debug|Any CPU
		{16ADCCFF-94E7-4805-BAB2-78942FF3BCFF}.Debug Setup|Mixed Platforms.ActiveCfg = Debug|Any CPU
		{16ADCCFF-94E7-4805-BAB2-78942FF3BCFF}.Debug UpdateCreator|Any CPU.ActiveCfg = Debug|Any CPU
		{16ADCCFF-94E7-4805-BAB2-78942FF3BCFF}.Debug UpdateCreator|Mixed Platforms.ActiveCfg = Debug|Any CPU
		{16ADCCFF-94E7-4805-BAB2-78942FF3BCFF}.Debug|Any CPU.ActiveCfg = Debug|Any CPU
		{16ADCCFF-94E7-4805-BAB2-78942FF3BCFF}.Debug|Mixed Platforms.ActiveCfg = Debug|Any CPU
		{16ADCCFF-94E7-4805-BAB2-78942FF3BCFF}.Debug|Mixed Platforms.Build.0 = Debug|Any CPU
		{16ADCCFF-94E7-4805-BAB2-78942FF3BCFF}.Release Patch|Any CPU.ActiveCfg = Release|Any CPU
		{16ADCCFF-94E7-4805-BAB2-78942FF3BCFF}.Release Patch|Any CPU.Build.0 = Release|Any CPU
		{16ADCCFF-94E7-4805-BAB2-78942FF3BCFF}.Release Patch|Mixed Platforms.ActiveCfg = Release|Any CPU
		{16ADCCFF-94E7-4805-BAB2-78942FF3BCFF}.Release Patch|Mixed Platforms.Build.0 = Release|Any CPU
		{16ADCCFF-94E7-4805-BAB2-78942FF3BCFF}.Release|Any CPU.ActiveCfg = Release|Any CPU
		{16ADCCFF-94E7-4805-BAB2-78942FF3BCFF}.Release|Mixed Platforms.ActiveCfg = Release|Any CPU
		{16ADCCFF-94E7-4805-BAB2-78942FF3BCFF}.Release|Mixed Platforms.Build.0 = Release|Any CPU
		{752D64F2-B466-47C6-AE41-62D9F99702AB}.Debug Patch|Any CPU.ActiveCfg = Debug|Any CPU
		{752D64F2-B466-47C6-AE41-62D9F99702AB}.Debug Patch|Mixed Platforms.ActiveCfg = Debug|Any CPU
		{752D64F2-B466-47C6-AE41-62D9F99702AB}.Debug Setup|Any CPU.ActiveCfg = Debug|Any CPU
		{752D64F2-B466-47C6-AE41-62D9F99702AB}.Debug Setup|Mixed Platforms.ActiveCfg = Debug|Any CPU
		{752D64F2-B466-47C6-AE41-62D9F99702AB}.Debug UpdateCreator|Any CPU.ActiveCfg = Debug|Any CPU
		{752D64F2-B466-47C6-AE41-62D9F99702AB}.Debug UpdateCreator|Mixed Platforms.ActiveCfg = Debug|Any CPU
		{752D64F2-B466-47C6-AE41-62D9F99702AB}.Debug|Any CPU.ActiveCfg = Debug|Any CPU
		{752D64F2-B466-47C6-AE41-62D9F99702AB}.Debug|Mixed Platforms.ActiveCfg = Debug|Any CPU
		{752D64F2-B466-47C6-AE41-62D9F99702AB}.Release Patch|Any CPU.ActiveCfg = Release|Any CPU
		{752D64F2-B466-47C6-AE41-62D9F99702AB}.Release Patch|Mixed Platforms.ActiveCfg = Release|Any CPU
		{752D64F2-B466-47C6-AE41-62D9F99702AB}.Release|Any CPU.ActiveCfg = Release|Any CPU
		{752D64F2-B466-47C6-AE41-62D9F99702AB}.Release|Mixed Platforms.ActiveCfg = Release|Any CPU
		{C63A5C0D-65D6-4222-ADF0-035DBD3888B8}.Debug Patch|Any CPU.ActiveCfg = Debug|Any CPU
		{C63A5C0D-65D6-4222-ADF0-035DBD3888B8}.Debug Patch|Any CPU.Build.0 = Debug|Any CPU
		{C63A5C0D-65D6-4222-ADF0-035DBD3888B8}.Debug Patch|Mixed Platforms.ActiveCfg = Debug|Any CPU
		{C63A5C0D-65D6-4222-ADF0-035DBD3888B8}.Debug Patch|Mixed Platforms.Build.0 = Debug|Any CPU
		{C63A5C0D-65D6-4222-ADF0-035DBD3888B8}.Debug Setup|Any CPU.ActiveCfg = Debug|Any CPU
		{C63A5C0D-65D6-4222-ADF0-035DBD3888B8}.Debug Setup|Mixed Platforms.ActiveCfg = Debug|Any CPU
		{C63A5C0D-65D6-4222-ADF0-035DBD3888B8}.Debug UpdateCreator|Any CPU.ActiveCfg = Debug|Any CPU
		{C63A5C0D-65D6-4222-ADF0-035DBD3888B8}.Debug UpdateCreator|Mixed Platforms.ActiveCfg = Debug|Any CPU
		{C63A5C0D-65D6-4222-ADF0-035DBD3888B8}.Debug UpdateCreator|Mixed Platforms.Build.0 = Debug|Any CPU
		{C63A5C0D-65D6-4222-ADF0-035DBD3888B8}.Debug|Any CPU.ActiveCfg = Debug|Any CPU
		{C63A5C0D-65D6-4222-ADF0-035DBD3888B8}.Debug|Mixed Platforms.ActiveCfg = Debug|Any CPU
		{C63A5C0D-65D6-4222-ADF0-035DBD3888B8}.Debug|Mixed Platforms.Build.0 = Debug|Any CPU
		{C63A5C0D-65D6-4222-ADF0-035DBD3888B8}.Release Patch|Any CPU.ActiveCfg = Release|Any CPU
		{C63A5C0D-65D6-4222-ADF0-035DBD3888B8}.Release Patch|Any CPU.Build.0 = Release|Any CPU
		{C63A5C0D-65D6-4222-ADF0-035DBD3888B8}.Release Patch|Mixed Platforms.ActiveCfg = Release|Any CPU
		{C63A5C0D-65D6-4222-ADF0-035DBD3888B8}.Release Patch|Mixed Platforms.Build.0 = Release|Any CPU
		{C63A5C0D-65D6-4222-ADF0-035DBD3888B8}.Release|Any CPU.ActiveCfg = Release|Any CPU
		{C63A5C0D-65D6-4222-ADF0-035DBD3888B8}.Release|Mixed Platforms.ActiveCfg = Release|Any CPU
		{C63A5C0D-65D6-4222-ADF0-035DBD3888B8}.Release|Mixed Platforms.Build.0 = Release|Any CPU
		{586CF98C-E883-4C9E-A598-9F1C2E89642D}.Debug Patch|Any CPU.ActiveCfg = Debug|Any CPU
		{586CF98C-E883-4C9E-A598-9F1C2E89642D}.Debug Patch|Any CPU.Build.0 = Debug|Any CPU
		{586CF98C-E883-4C9E-A598-9F1C2E89642D}.Debug Patch|Mixed Platforms.ActiveCfg = Debug|Any CPU
		{586CF98C-E883-4C9E-A598-9F1C2E89642D}.Debug Patch|Mixed Platforms.Build.0 = Debug|Any CPU
		{586CF98C-E883-4C9E-A598-9F1C2E89642D}.Debug Setup|Any CPU.ActiveCfg = Debug|Any CPU
		{586CF98C-E883-4C9E-A598-9F1C2E89642D}.Debug Setup|Any CPU.Build.0 = Debug|Any CPU
		{586CF98C-E883-4C9E-A598-9F1C2E89642D}.Debug Setup|Mixed Platforms.ActiveCfg = Debug|Any CPU
		{586CF98C-E883-4C9E-A598-9F1C2E89642D}.Debug Setup|Mixed Platforms.Build.0 = Debug|Any CPU
		{586CF98C-E883-4C9E-A598-9F1C2E89642D}.Debug UpdateCreator|Any CPU.ActiveCfg = Debug|Any CPU
		{586CF98C-E883-4C9E-A598-9F1C2E89642D}.Debug UpdateCreator|Any CPU.Build.0 = Debug|Any CPU
		{586CF98C-E883-4C9E-A598-9F1C2E89642D}.Debug UpdateCreator|Mixed Platforms.ActiveCfg = Debug|Any CPU
		{586CF98C-E883-4C9E-A598-9F1C2E89642D}.Debug UpdateCreator|Mixed Platforms.Build.0 = Debug|Any CPU
		{586CF98C-E883-4C9E-A598-9F1C2E89642D}.Debug|Any CPU.ActiveCfg = Debug|Any CPU
		{586CF98C-E883-4C9E-A598-9F1C2E89642D}.Debug|Any CPU.Build.0 = Debug|Any CPU
		{586CF98C-E883-4C9E-A598-9F1C2E89642D}.Debug|Mixed Platforms.ActiveCfg = Debug|Any CPU
		{586CF98C-E883-4C9E-A598-9F1C2E89642D}.Debug|Mixed Platforms.Build.0 = Debug|Any CPU
		{586CF98C-E883-4C9E-A598-9F1C2E89642D}.Release Patch|Any CPU.ActiveCfg = Release|Any CPU
		{586CF98C-E883-4C9E-A598-9F1C2E89642D}.Release Patch|Any CPU.Build.0 = Release|Any CPU
		{586CF98C-E883-4C9E-A598-9F1C2E89642D}.Release Patch|Mixed Platforms.ActiveCfg = Release|Any CPU
		{586CF98C-E883-4C9E-A598-9F1C2E89642D}.Release Patch|Mixed Platforms.Build.0 = Release|Any CPU
		{586CF98C-E883-4C9E-A598-9F1C2E89642D}.Release|Any CPU.ActiveCfg = Release|Any CPU
		{586CF98C-E883-4C9E-A598-9F1C2E89642D}.Release|Mixed Platforms.ActiveCfg = Release|Any CPU
		{586CF98C-E883-4C9E-A598-9F1C2E89642D}.Release|Mixed Platforms.Build.0 = Release|Any CPU
	EndGlobalSection
	GlobalSection(SolutionProperties) = preSolution
		HideSolutionNode = FALSE
	EndGlobalSection
	GlobalSection(NestedProjects) = preSolution
		{676B5D70-6F29-4B92-9F3C-8C50B10524A5} = {5E2B9722-B658-43D9-8721-61B1AFE699B9}
		{D3696C8B-ABD8-4921-A6E3-93C15C1BA9EC} = {D7C2E270-2267-4CAD-831F-5877051EBD9C}
		{CDDB6B40-6D29-46AE-8993-4AE7D5EFC9E4} = {DEAE3D77-41D0-4617-A75D-569522C862DB}
		{E9AAE8BC-934C-4202-B544-16BBF7076128} = {5E2B9722-B658-43D9-8721-61B1AFE699B9}
		{9861C157-E6D7-4D11-9CE1-9B54C888C4B0} = {D7C2E270-2267-4CAD-831F-5877051EBD9C}
		{7BA596FE-6611-4633-A82E-14E9CE040BD7} = {5E2B9722-B658-43D9-8721-61B1AFE699B9}
		{B3805814-8356-43A1-83BC-940AECD5E64F} = {5E2B9722-B658-43D9-8721-61B1AFE699B9}
		{0FEAAD8C-01C6-426D-91D8-AB2B6089437B} = {D7C2E270-2267-4CAD-831F-5877051EBD9C}
		{5294FAD2-E029-4044-90C2-F04A783BC92A} = {D7C2E270-2267-4CAD-831F-5877051EBD9C}
		{05571644-DCA8-4DF2-99FB-B1330145939E} = {D7C2E270-2267-4CAD-831F-5877051EBD9C}
		{EFE15449-F2D4-4FE7-B7C0-E40CF55264CF} = {05571644-DCA8-4DF2-99FB-B1330145939E}
		{D59F3A88-7D14-417D-9D53-B6416ABBFF3A} = {D7C2E270-2267-4CAD-831F-5877051EBD9C}
		{0AADDE8F-ABD6-4130-B346-5C352A51AFCB} = {DEAE3D77-41D0-4617-A75D-569522C862DB}
		{62926B50-F48E-4D52-A77C-7D8A2F2C903B} = {DEAE3D77-41D0-4617-A75D-569522C862DB}
		{5FBFD68D-59E8-4D98-A4A4-E94AF9036C23} = {DEAE3D77-41D0-4617-A75D-569522C862DB}
		{8E03A383-DAAB-47F5-809D-D7AA841293DC} = {5FBFD68D-59E8-4D98-A4A4-E94AF9036C23}
		{FC295FC1-B054-49D2-A930-27ED0017B4E3} = {5FBFD68D-59E8-4D98-A4A4-E94AF9036C23}
		{A18C4FDB-692A-4ABB-BA52-E72FD97D1F46} = {5FBFD68D-59E8-4D98-A4A4-E94AF9036C23}
		{6DF41216-9B5C-4634-9EE1-3476E452600E} = {5FBFD68D-59E8-4D98-A4A4-E94AF9036C23}
		{0EDCD418-3C71-459F-91B4-C6BE682E4B67} = {5FBFD68D-59E8-4D98-A4A4-E94AF9036C23}
		{16ADCCFF-94E7-4805-BAB2-78942FF3BCFF} = {5FBFD68D-59E8-4D98-A4A4-E94AF9036C23}
		{752D64F2-B466-47C6-AE41-62D9F99702AB} = {5FBFD68D-59E8-4D98-A4A4-E94AF9036C23}
		{C63A5C0D-65D6-4222-ADF0-035DBD3888B8} = {5FBFD68D-59E8-4D98-A4A4-E94AF9036C23}
		{586CF98C-E883-4C9E-A598-9F1C2E89642D} = {5FBFD68D-59E8-4D98-A4A4-E94AF9036C23}
	EndGlobalSection
	GlobalSection(TestCaseManagementSettings) = postSolution
		CategoryFile = AUM.vsmdi
	EndGlobalSection
EndGlobal
