Microsoft Visual Studio Solution File, Format Version 9.00
# Visual Studio 2005
Project("{F184B08F-C81C-45F6-A57F-5ABD9991F28F}") = "EIDSS_Notification_Test", "EIDSS_Notification_Test.vbproj", "{9A878448-063B-401E-9BEA-5BB7D2D5D4CA}"
	ProjectSection(WebsiteProperties) = preProject
		Debug.AspNetCompiler.Debug = "True"
		Release.AspNetCompiler.Debug = "False"
	EndProjectSection
EndProject
Project("{F184B08F-C81C-45F6-A57F-5ABD9991F28F}") = "EIDSS_Common", "..\EIDSS_Common\EIDSS_Common.vbproj", "{119CC05A-2F6C-4FC8-AC74-79BB76E3C1C0}"
	ProjectSection(WebsiteProperties) = preProject
		Debug.AspNetCompiler.Debug = "True"
		Release.AspNetCompiler.Debug = "False"
	EndProjectSection
EndProject
Project("{F184B08F-C81C-45F6-A57F-5ABD9991F28F}") = "EIDSS_Common_Db", "..\EIDSS_Common_Db\EIDSS_Common_Db.vbproj", "{B66DEB84-FBE3-44E4-9B72-1E459CE0E50D}"
	ProjectSection(WebsiteProperties) = preProject
		Debug.AspNetCompiler.Debug = "True"
		Release.AspNetCompiler.Debug = "False"
	EndProjectSection
EndProject
Project("{F184B08F-C81C-45F6-A57F-5ABD9991F28F}") = "EIDSS_Admin_Db", "..\EIDSS_Admin_Db\EIDSS_Admin_Db.vbproj", "{6618E836-9B1C-4950-8383-0CF540B4C0DD}"
	ProjectSection(WebsiteProperties) = preProject
		Debug.AspNetCompiler.Debug = "True"
		Release.AspNetCompiler.Debug = "False"
	EndProjectSection
EndProject
Project("{F184B08F-C81C-45F6-A57F-5ABD9991F28F}") = "EIDSS_Admin", "..\EIDSS_Admin\EIDSS_Admin.vbproj", "{27A65C6E-D720-4777-A5E7-8FA580EFED31}"
	ProjectSection(WebsiteProperties) = preProject
		Debug.AspNetCompiler.Debug = "True"
		Release.AspNetCompiler.Debug = "False"
	EndProjectSection
EndProject
Project("{F184B08F-C81C-45F6-A57F-5ABD9991F28F}") = "bv_common", "..\..\Shared\bv_common\bv_common.vbproj", "{BA2844A8-F629-4B02-ACD6-B60063E4D27F}"
	ProjectSection(WebsiteProperties) = preProject
		Debug.AspNetCompiler.Debug = "True"
		Release.AspNetCompiler.Debug = "False"
	EndProjectSection
EndProject
Project("{F184B08F-C81C-45F6-A57F-5ABD9991F28F}") = "bvdb_common", "..\..\Shared\bv_dbcommon\bvdb_common.vbproj", "{6C48BB93-277D-4804-B280-F6130E29EB81}"
	ProjectSection(WebsiteProperties) = preProject
		Debug.AspNetCompiler.Debug = "True"
		Release.AspNetCompiler.Debug = "False"
	EndProjectSection
EndProject
Project("{F184B08F-C81C-45F6-A57F-5ABD9991F28F}") = "bvwin_common", "..\..\Shared\bvwin_common\bvwin_common.vbproj", "{B3E5BA6B-FAA3-4A7D-8236-3F8842D61CD4}"
	ProjectSection(WebsiteProperties) = preProject
		Debug.AspNetCompiler.Debug = "True"
		Release.AspNetCompiler.Debug = "False"
	EndProjectSection
EndProject
Project("{F184B08F-C81C-45F6-A57F-5ABD9991F28F}") = "bv_client", "..\..\Shared\bv_client\bv_client.vbproj", "{0F49C6F2-A4CA-4BD7-905D-CECA2307F9F4}"
	ProjectSection(WebsiteProperties) = preProject
		Debug.AspNetCompiler.Debug = "True"
		Release.AspNetCompiler.Debug = "False"
	EndProjectSection
EndProject
Project("{FAE04EC0-301F-11D3-BF4B-00C04F79EFBC}") = "bv_Common_Forms_C", "..\bv_Common_Forms_C\bv_Common_Forms_C.csproj", "{69F7D73D-159D-496F-B815-63BBD2E2CD84}"
	ProjectSection(WebsiteProperties) = preProject
		Debug.AspNetCompiler.Debug = "True"
		Release.AspNetCompiler.Debug = "False"
	EndProjectSection
EndProject
Project("{FAE04EC0-301F-11D3-BF4B-00C04F79EFBC}") = "bv_Common_Forms_C_DB", "..\bv_Common_Forms_C_DB\bv_Common_Forms_C_DB.csproj", "{5FB2F1F1-DAEB-4041-BF6C-6E9260BC9995}"
	ProjectSection(WebsiteProperties) = preProject
		Debug.AspNetCompiler.Debug = "True"
		Release.AspNetCompiler.Debug = "False"
	EndProjectSection
EndProject
Project("{F184B08F-C81C-45F6-A57F-5ABD9991F28F}") = "EIDSS_Common_Forms", "..\EIDSS_Common_Forms\EIDSS_Common_Forms.vbproj", "{389B8F77-0B61-46DB-B752-1ECDC502267D}"
	ProjectSection(WebsiteProperties) = preProject
		Debug.AspNetCompiler.Debug = "True"
		Release.AspNetCompiler.Debug = "False"
	EndProjectSection
EndProject
Project("{F184B08F-C81C-45F6-A57F-5ABD9991F28F}") = "EIDSS_Stat", "..\EIDSS_Stat\EIDSS_Stat.vbproj", "{11AEE9C0-8BC5-4136-92CA-E9BD1EF69DBA}"
	ProjectSection(WebsiteProperties) = preProject
		Debug.AspNetCompiler.Debug = "True"
		Release.AspNetCompiler.Debug = "False"
	EndProjectSection
EndProject
Project("{F184B08F-C81C-45F6-A57F-5ABD9991F28F}") = "EIDSS_Stat_Db", "..\EIDSS_Stat_Db\EIDSS_Stat_Db.vbproj", "{3163220B-D837-4C8A-8AF9-FFCC54A5EF3B}"
	ProjectSection(WebsiteProperties) = preProject
		Debug.AspNetCompiler.Debug = "True"
		Release.AspNetCompiler.Debug = "False"
	EndProjectSection
EndProject
Project("{F184B08F-C81C-45F6-A57F-5ABD9991F28F}") = "EIDSS_Vet_Db", "..\EIDSS_Vet_Db\EIDSS_Vet_Db.vbproj", "{F1E3D1E8-0C9C-4DB0-AEB1-B8006DCFDC9F}"
	ProjectSection(WebsiteProperties) = preProject
		Debug.AspNetCompiler.Debug = "True"
		Release.AspNetCompiler.Debug = "False"
	EndProjectSection
EndProject
Project("{F184B08F-C81C-45F6-A57F-5ABD9991F28F}") = "EIDSS_Vet", "..\EIDSS_Vet\EIDSS_Vet.vbproj", "{E2445070-F512-4979-B14A-6B815D78024B}"
	ProjectSection(WebsiteProperties) = preProject
		Debug.AspNetCompiler.Debug = "True"
		Release.AspNetCompiler.Debug = "False"
	EndProjectSection
EndProject
Project("{2150E333-8FDC-42A3-9474-1A3956D46DE8}") = "Solution Items", "Solution Items", "{79B81474-6391-4191-8DA1-250BBE1A9EE8}"
	ProjectSection(WebsiteProperties) = preProject
		Debug.AspNetCompiler.Debug = "True"
		Release.AspNetCompiler.Debug = "False"
	EndProjectSection
	ProjectSection(SolutionItems) = preProject
		..\general_MIKE.config = ..\general_MIKE.config
	EndProjectSection
EndProject
Global
	GlobalSection(SourceCodeControl) = preSolution
		SccNumberOfProjects = 16
		SccProjectUniqueName0 = EIDSS_Notification_Test.vbproj
		SccProjectName0 = \u0022$/EIDSS2005/EIDSS/EIDSS/EIDSS_Notification_Svc\u0022,\u0020OYYAAAAA
		SccLocalPath0 = .
		SccProvider0 = MSSCCI:Microsoft\u0020Visual\u0020SourceSafe
		SccProjectUniqueName1 = ..\\EIDSS_Common\\EIDSS_Common.vbproj
		SccProjectName1 = \u0022$/EIDSS2005/EIDSS\u0022,\u0020NRVAAAAA
		SccLocalPath1 = ..\\..
		SccProvider1 = MSSCCI:Microsoft\u0020Visual\u0020SourceSafe
		SccProjectFilePathRelativizedFromConnection1 = EIDSS\\EIDSS_Common\\
		SccProjectUniqueName2 = ..\\EIDSS_Common_Db\\EIDSS_Common_Db.vbproj
		SccProjectName2 = \u0022$/EIDSS2005/EIDSS\u0022,\u0020NRVAAAAA
		SccLocalPath2 = ..\\..
		SccProvider2 = MSSCCI:Microsoft\u0020Visual\u0020SourceSafe
		SccProjectFilePathRelativizedFromConnection2 = EIDSS\\EIDSS_Common_Db\\
		SccProjectUniqueName3 = ..\\EIDSS_Admin_Db\\EIDSS_Admin_Db.vbproj
		SccProjectName3 = \u0022$/EIDSS2005/EIDSS\u0022,\u0020NRVAAAAA
		SccLocalPath3 = ..\\..
		SccProvider3 = MSSCCI:Microsoft\u0020Visual\u0020SourceSafe
		SccProjectFilePathRelativizedFromConnection3 = EIDSS\\EIDSS_Admin_Db\\
		SccProjectUniqueName4 = ..\\EIDSS_Admin\\EIDSS_Admin.vbproj
		SccProjectName4 = \u0022$/EIDSS2005/EIDSS\u0022,\u0020NRVAAAAA
		SccLocalPath4 = ..\\..
		SccProvider4 = MSSCCI:Microsoft\u0020Visual\u0020SourceSafe
		SccProjectFilePathRelativizedFromConnection4 = EIDSS\\EIDSS_Admin\\
		SccProjectUniqueName5 = ..\\..\\Shared\\bv_common\\bv_common.vbproj
		SccProjectName5 = \u0022$/EIDSS2005/EIDSS\u0022,\u0020NRVAAAAA
		SccLocalPath5 = ..\\..
		SccProvider5 = MSSCCI:Microsoft\u0020Visual\u0020SourceSafe
		SccProjectFilePathRelativizedFromConnection5 = Shared\\bv_common\\
		SccProjectUniqueName6 = ..\\..\\Shared\\bv_dbcommon\\bvdb_common.vbproj
		SccProjectName6 = \u0022$/EIDSS2005/EIDSS\u0022,\u0020NRVAAAAA
		SccLocalPath6 = ..\\..
		SccProvider6 = MSSCCI:Microsoft\u0020Visual\u0020SourceSafe
		SccProjectFilePathRelativizedFromConnection6 = Shared\\bv_dbcommon\\
		SccProjectUniqueName7 = ..\\..\\Shared\\bvwin_common\\bvwin_common.vbproj
		SccProjectName7 = \u0022$/EIDSS2005/EIDSS\u0022,\u0020NRVAAAAA
		SccLocalPath7 = ..\\..
		SccProvider7 = MSSCCI:Microsoft\u0020Visual\u0020SourceSafe
		SccProjectFilePathRelativizedFromConnection7 = Shared\\bvwin_common\\
		SccProjectUniqueName8 = ..\\..\\Shared\\bv_client\\bv_client.vbproj
		SccProjectName8 = \u0022$/EIDSS2005/EIDSS/Shared/bv_client\u0022,\u0020DJABAAAA
		SccLocalPath8 = ..\\..\\Shared\\bv_client
		SccProvider8 = MSSCCI:Microsoft\u0020Visual\u0020SourceSafe
		SccProjectUniqueName9 = ..\\bv_Common_Forms_C\\bv_Common_Forms_C.csproj
		SccProjectName9 = \u0022$/EIDSS2005/EIDSS/EIDSS/bv_Common_Forms_C\u0022,\u0020KHEBAAAA
		SccLocalPath9 = ..\\bv_Common_Forms_C
		SccProvider9 = MSSCCI:Microsoft\u0020Visual\u0020SourceSafe
		SccProjectUniqueName10 = ..\\bv_Common_Forms_C_DB\\bv_Common_Forms_C_DB.csproj
		SccProjectName10 = \u0022$/EIDSS2005/EIDSS/EIDSS/bv_Common_Forms_C_DB\u0022,\u0020ZHEBAAAA
		SccLocalPath10 = ..\\bv_Common_Forms_C_DB
		SccProvider10 = MSSCCI:Microsoft\u0020Visual\u0020SourceSafe
		SccProjectUniqueName11 = ..\\EIDSS_Common_Forms\\EIDSS_Common_Forms.vbproj
		SccProjectName11 = \u0022$/EIDSS2005/EIDSS\u0022,\u0020NRVAAAAA
		SccLocalPath11 = ..\\..
		SccProvider11 = MSSCCI:Microsoft\u0020Visual\u0020SourceSafe
		SccProjectFilePathRelativizedFromConnection11 = EIDSS\\EIDSS_Common_Forms\\
		SccProjectUniqueName12 = ..\\EIDSS_Stat\\EIDSS_Stat.vbproj
		SccProjectName12 = \u0022$/EIDSS2005/EIDSS\u0022,\u0020NRVAAAAA
		SccLocalPath12 = ..\\..
		SccProvider12 = MSSCCI:Microsoft\u0020Visual\u0020SourceSafe
		SccProjectFilePathRelativizedFromConnection12 = EIDSS\\EIDSS_Stat\\
		SccProjectUniqueName13 = ..\\EIDSS_Stat_Db\\EIDSS_Stat_Db.vbproj
		SccProjectName13 = \u0022$/EIDSS2005/EIDSS\u0022,\u0020NRVAAAAA
		SccLocalPath13 = ..\\..
		SccProvider13 = MSSCCI:Microsoft\u0020Visual\u0020SourceSafe
		SccProjectFilePathRelativizedFromConnection13 = EIDSS\\EIDSS_Stat_Db\\
		SccProjectUniqueName14 = ..\\EIDSS_Vet_Db\\EIDSS_Vet_Db.vbproj
		SccProjectName14 = \u0022$/EIDSS2005/EIDSS\u0022,\u0020NRVAAAAA
		SccLocalPath14 = ..\\..
		SccProvider14 = MSSCCI:Microsoft\u0020Visual\u0020SourceSafe
		SccProjectFilePathRelativizedFromConnection14 = EIDSS\\EIDSS_Vet_Db\\
		SccProjectUniqueName15 = ..\\EIDSS_Vet\\EIDSS_Vet.vbproj
		SccProjectName15 = \u0022$/EIDSS2005/EIDSS\u0022,\u0020NRVAAAAA
		SccLocalPath15 = ..\\..
		SccProvider15 = MSSCCI:Microsoft\u0020Visual\u0020SourceSafe
		SccProjectFilePathRelativizedFromConnection15 = EIDSS\\EIDSS_Vet\\
	EndGlobalSection
	GlobalSection(SolutionConfigurationPlatforms) = preSolution
		Debug|Any CPU = Debug|Any CPU
		Release|Any CPU = Release|Any CPU
	EndGlobalSection
	GlobalSection(ProjectConfigurationPlatforms) = postSolution
		{9A878448-063B-401E-9BEA-5BB7D2D5D4CA}.Debug|Any CPU.ActiveCfg = Debug|Any CPU
		{9A878448-063B-401E-9BEA-5BB7D2D5D4CA}.Debug|Any CPU.Build.0 = Debug|Any CPU
		{9A878448-063B-401E-9BEA-5BB7D2D5D4CA}.Release|Any CPU.ActiveCfg = Release|Any CPU
		{9A878448-063B-401E-9BEA-5BB7D2D5D4CA}.Release|Any CPU.Build.0 = Release|Any CPU
		{119CC05A-2F6C-4FC8-AC74-79BB76E3C1C0}.Debug|Any CPU.ActiveCfg = Debug|Any CPU
		{119CC05A-2F6C-4FC8-AC74-79BB76E3C1C0}.Debug|Any CPU.Build.0 = Debug|Any CPU
		{119CC05A-2F6C-4FC8-AC74-79BB76E3C1C0}.Release|Any CPU.ActiveCfg = Release|Any CPU
		{119CC05A-2F6C-4FC8-AC74-79BB76E3C1C0}.Release|Any CPU.Build.0 = Release|Any CPU
		{B66DEB84-FBE3-44E4-9B72-1E459CE0E50D}.Debug|Any CPU.ActiveCfg = Debug|Any CPU
		{B66DEB84-FBE3-44E4-9B72-1E459CE0E50D}.Debug|Any CPU.Build.0 = Debug|Any CPU
		{B66DEB84-FBE3-44E4-9B72-1E459CE0E50D}.Release|Any CPU.ActiveCfg = Release|Any CPU
		{B66DEB84-FBE3-44E4-9B72-1E459CE0E50D}.Release|Any CPU.Build.0 = Release|Any CPU
		{6618E836-9B1C-4950-8383-0CF540B4C0DD}.Debug|Any CPU.ActiveCfg = Debug|Any CPU
		{6618E836-9B1C-4950-8383-0CF540B4C0DD}.Debug|Any CPU.Build.0 = Debug|Any CPU
		{6618E836-9B1C-4950-8383-0CF540B4C0DD}.Release|Any CPU.ActiveCfg = Release|Any CPU
		{6618E836-9B1C-4950-8383-0CF540B4C0DD}.Release|Any CPU.Build.0 = Release|Any CPU
		{27A65C6E-D720-4777-A5E7-8FA580EFED31}.Debug|Any CPU.ActiveCfg = Debug|Any CPU
		{27A65C6E-D720-4777-A5E7-8FA580EFED31}.Debug|Any CPU.Build.0 = Debug|Any CPU
		{27A65C6E-D720-4777-A5E7-8FA580EFED31}.Release|Any CPU.ActiveCfg = Release|Any CPU
		{27A65C6E-D720-4777-A5E7-8FA580EFED31}.Release|Any CPU.Build.0 = Release|Any CPU
		{BA2844A8-F629-4B02-ACD6-B60063E4D27F}.Debug|Any CPU.ActiveCfg = Debug|Any CPU
		{BA2844A8-F629-4B02-ACD6-B60063E4D27F}.Debug|Any CPU.Build.0 = Debug|Any CPU
		{BA2844A8-F629-4B02-ACD6-B60063E4D27F}.Release|Any CPU.ActiveCfg = Release|Any CPU
		{BA2844A8-F629-4B02-ACD6-B60063E4D27F}.Release|Any CPU.Build.0 = Release|Any CPU
		{6C48BB93-277D-4804-B280-F6130E29EB81}.Debug|Any CPU.ActiveCfg = Debug|Any CPU
		{6C48BB93-277D-4804-B280-F6130E29EB81}.Debug|Any CPU.Build.0 = Debug|Any CPU
		{6C48BB93-277D-4804-B280-F6130E29EB81}.Release|Any CPU.ActiveCfg = Release|Any CPU
		{6C48BB93-277D-4804-B280-F6130E29EB81}.Release|Any CPU.Build.0 = Release|Any CPU
		{B3E5BA6B-FAA3-4A7D-8236-3F8842D61CD4}.Debug|Any CPU.ActiveCfg = Debug|Any CPU
		{B3E5BA6B-FAA3-4A7D-8236-3F8842D61CD4}.Debug|Any CPU.Build.0 = Debug|Any CPU
		{B3E5BA6B-FAA3-4A7D-8236-3F8842D61CD4}.Release|Any CPU.ActiveCfg = Release|Any CPU
		{B3E5BA6B-FAA3-4A7D-8236-3F8842D61CD4}.Release|Any CPU.Build.0 = Release|Any CPU
		{0F49C6F2-A4CA-4BD7-905D-CECA2307F9F4}.Debug|Any CPU.ActiveCfg = Debug|Any CPU
		{0F49C6F2-A4CA-4BD7-905D-CECA2307F9F4}.Debug|Any CPU.Build.0 = Debug|Any CPU
		{0F49C6F2-A4CA-4BD7-905D-CECA2307F9F4}.Release|Any CPU.ActiveCfg = Release|Any CPU
		{0F49C6F2-A4CA-4BD7-905D-CECA2307F9F4}.Release|Any CPU.Build.0 = Release|Any CPU
		{69F7D73D-159D-496F-B815-63BBD2E2CD84}.Debug|Any CPU.ActiveCfg = Debug|Any CPU
		{69F7D73D-159D-496F-B815-63BBD2E2CD84}.Debug|Any CPU.Build.0 = Debug|Any CPU
		{69F7D73D-159D-496F-B815-63BBD2E2CD84}.Release|Any CPU.ActiveCfg = Release|Any CPU
		{69F7D73D-159D-496F-B815-63BBD2E2CD84}.Release|Any CPU.Build.0 = Release|Any CPU
		{5FB2F1F1-DAEB-4041-BF6C-6E9260BC9995}.Debug|Any CPU.ActiveCfg = Debug|Any CPU
		{5FB2F1F1-DAEB-4041-BF6C-6E9260BC9995}.Debug|Any CPU.Build.0 = Debug|Any CPU
		{5FB2F1F1-DAEB-4041-BF6C-6E9260BC9995}.Release|Any CPU.ActiveCfg = Release|Any CPU
		{5FB2F1F1-DAEB-4041-BF6C-6E9260BC9995}.Release|Any CPU.Build.0 = Release|Any CPU
		{389B8F77-0B61-46DB-B752-1ECDC502267D}.Debug|Any CPU.ActiveCfg = Debug|Any CPU
		{389B8F77-0B61-46DB-B752-1ECDC502267D}.Debug|Any CPU.Build.0 = Debug|Any CPU
		{389B8F77-0B61-46DB-B752-1ECDC502267D}.Release|Any CPU.ActiveCfg = Release|Any CPU
		{389B8F77-0B61-46DB-B752-1ECDC502267D}.Release|Any CPU.Build.0 = Release|Any CPU
		{11AEE9C0-8BC5-4136-92CA-E9BD1EF69DBA}.Debug|Any CPU.ActiveCfg = Debug|Any CPU
		{11AEE9C0-8BC5-4136-92CA-E9BD1EF69DBA}.Debug|Any CPU.Build.0 = Debug|Any CPU
		{11AEE9C0-8BC5-4136-92CA-E9BD1EF69DBA}.Release|Any CPU.ActiveCfg = Release|Any CPU
		{11AEE9C0-8BC5-4136-92CA-E9BD1EF69DBA}.Release|Any CPU.Build.0 = Release|Any CPU
		{3163220B-D837-4C8A-8AF9-FFCC54A5EF3B}.Debug|Any CPU.ActiveCfg = Debug|Any CPU
		{3163220B-D837-4C8A-8AF9-FFCC54A5EF3B}.Debug|Any CPU.Build.0 = Debug|Any CPU
		{3163220B-D837-4C8A-8AF9-FFCC54A5EF3B}.Release|Any CPU.ActiveCfg = Release|Any CPU
		{3163220B-D837-4C8A-8AF9-FFCC54A5EF3B}.Release|Any CPU.Build.0 = Release|Any CPU
		{F1E3D1E8-0C9C-4DB0-AEB1-B8006DCFDC9F}.Debug|Any CPU.ActiveCfg = Debug|Any CPU
		{F1E3D1E8-0C9C-4DB0-AEB1-B8006DCFDC9F}.Debug|Any CPU.Build.0 = Debug|Any CPU
		{F1E3D1E8-0C9C-4DB0-AEB1-B8006DCFDC9F}.Release|Any CPU.ActiveCfg = Release|Any CPU
		{F1E3D1E8-0C9C-4DB0-AEB1-B8006DCFDC9F}.Release|Any CPU.Build.0 = Release|Any CPU
		{E2445070-F512-4979-B14A-6B815D78024B}.Debug|Any CPU.ActiveCfg = Debug|Any CPU
		{E2445070-F512-4979-B14A-6B815D78024B}.Debug|Any CPU.Build.0 = Debug|Any CPU
		{E2445070-F512-4979-B14A-6B815D78024B}.Release|Any CPU.ActiveCfg = Release|Any CPU
		{E2445070-F512-4979-B14A-6B815D78024B}.Release|Any CPU.Build.0 = Release|Any CPU
	EndGlobalSection
	GlobalSection(SolutionProperties) = preSolution
		HideSolutionNode = FALSE
	EndGlobalSection
EndGlobal
