Microsoft Visual Studio Solution File, Format Version 8.00
Project("{F184B08F-C81C-45F6-A57F-5ABD9991F28F}") = "bv_common", "..\..\Shared\bv_common\bv_common.vbproj", "{BA2844A8-F629-4B02-ACD6-B60063E4D27F}"
	ProjectSection(ProjectDependencies) = postProject
	EndProjectSection
EndProject
Project("{F184B08F-C81C-45F6-A57F-5ABD9991F28F}") = "bvwin_common", "..\..\Shared\bvwin_common\bvwin_common.vbproj", "{B3E5BA6B-FAA3-4A7D-8236-3F8842D61CD4}"
	ProjectSection(ProjectDependencies) = postProject
	EndProjectSection
EndProject
Project("{F184B08F-C81C-45F6-A57F-5ABD9991F28F}") = "bvdb_common", "..\..\Shared\bv_dbcommon\bvdb_common.vbproj", "{6C48BB93-277D-4804-B280-F6130E29EB81}"
	ProjectSection(ProjectDependencies) = postProject
	EndProjectSection
EndProject
Project("{F184B08F-C81C-45F6-A57F-5ABD9991F28F}") = "EIDSS_Common", "..\EIDSS_Common\EIDSS_Common.vbproj", "{119CC05A-2F6C-4FC8-AC74-79BB76E3C1C0}"
	ProjectSection(ProjectDependencies) = postProject
	EndProjectSection
EndProject
Project("{F184B08F-C81C-45F6-A57F-5ABD9991F28F}") = "EIDSS_Common_Db", "..\EIDSS_Common_Db\EIDSS_Common_Db.vbproj", "{B66DEB84-FBE3-44E4-9B72-1E459CE0E50D}"
	ProjectSection(ProjectDependencies) = postProject
	EndProjectSection
EndProject
Project("{F184B08F-C81C-45F6-A57F-5ABD9991F28F}") = "EIDSS_Common_Forms", "..\EIDSS_Common_Forms\EIDSS_Common_Forms.vbproj", "{389B8F77-0B61-46DB-B752-1ECDC502267D}"
	ProjectSection(ProjectDependencies) = postProject
	EndProjectSection
EndProject
Project("{F184B08F-C81C-45F6-A57F-5ABD9991F28F}") = "EIDSS_Main", "..\EIDSS_Main\EIDSS_Main.vbproj", "{8AAED965-8371-4BB4-A9D9-A63E9EAE6772}"
	ProjectSection(ProjectDependencies) = postProject
	EndProjectSection
EndProject
Project("{F184B08F-C81C-45F6-A57F-5ABD9991F28F}") = "EIDSS_Admin", "EIDSS_Admin.vbproj", "{27A65C6E-D720-4777-A5E7-8FA580EFED31}"
	ProjectSection(ProjectDependencies) = postProject
	EndProjectSection
EndProject
Project("{F184B08F-C81C-45F6-A57F-5ABD9991F28F}") = "EIDSS_Admin_Db", "..\EIDSS_Admin_Db\EIDSS_Admin_Db.vbproj", "{6618E836-9B1C-4950-8383-0CF540B4C0DD}"
	ProjectSection(ProjectDependencies) = postProject
	EndProjectSection
EndProject
Project("{F184B08F-C81C-45F6-A57F-5ABD9991F28F}") = "EIDSS_Stat", "..\EIDSS_Stat\EIDSS_Stat.vbproj", "{11AEE9C0-8BC5-4136-92CA-E9BD1EF69DBA}"
	ProjectSection(ProjectDependencies) = postProject
	EndProjectSection
EndProject
Project("{F184B08F-C81C-45F6-A57F-5ABD9991F28F}") = "EIDSS_Stat_Db", "..\EIDSS_Stat_Db\EIDSS_Stat_Db.vbproj", "{3163220B-D837-4C8A-8AF9-FFCC54A5EF3B}"
	ProjectSection(ProjectDependencies) = postProject
	EndProjectSection
EndProject
Global
	GlobalSection(SourceCodeControl) = preSolution
		SccNumberOfProjects = 11
		SccProjectUniqueName0 = ..\\..\\Shared\\bv_common\\bv_common.vbproj
		SccProjectName0 = \u0022$/EIDSS.root/EIDSS/shared/bv_common\u0022,\u0020HDBAAAAA
		SccLocalPath0 = ..\\..\\Shared\\bv_common
		SccProvider0 = MSSCCI:Microsoft\u0020Visual\u0020SourceSafe
		CanCheckoutShared = false
		SccProjectUniqueName1 = ..\\..\\Shared\\bvwin_common\\bvwin_common.vbproj
		SccProjectName1 = \u0022$/EIDSS.root/EIDSS/Shared/bvwin_common\u0022,\u0020CQDAAAAA
		SccLocalPath1 = ..\\..\\Shared\\bvwin_common
		SccProvider1 = MSSCCI:Microsoft\u0020Visual\u0020SourceSafe
		CanCheckoutShared = false
		SccProjectUniqueName2 = ..\\..\\Shared\\bv_dbcommon\\bvdb_common.vbproj
		SccProjectName2 = \u0022$/EIDSS.root/EIDSS/Shared/bv_dbcommon\u0022,\u0020JPDAAAAA
		SccLocalPath2 = ..\\..\\Shared\\bv_dbcommon
		SccProvider2 = MSSCCI:Microsoft\u0020Visual\u0020SourceSafe
		CanCheckoutShared = false
		SccProjectUniqueName3 = ..\\EIDSS_Common\\EIDSS_Common.vbproj
		SccProjectName3 = \u0022$/EIDSS.root/EIDSS/EIDSS/EIDSS_Common\u0022,\u0020MVDAAAAA
		SccLocalPath3 = ..\\EIDSS_Common
		SccProvider3 = MSSCCI:Microsoft\u0020Visual\u0020SourceSafe
		CanCheckoutShared = false
		SccProjectUniqueName4 = ..\\EIDSS_Common_Db\\EIDSS_Common_Db.vbproj
		SccProjectName4 = \u0022$/EIDSS.root/EIDSS/EIDSS/EIDSS_Common_Db\u0022,\u0020GWDAAAAA
		SccLocalPath4 = ..\\EIDSS_Common_Db
		SccProvider4 = MSSCCI:Microsoft\u0020Visual\u0020SourceSafe
		CanCheckoutShared = false
		SccProjectUniqueName5 = ..\\EIDSS_Common_Forms\\EIDSS_Common_Forms.vbproj
		SccProjectName5 = \u0022$/EIDSS.root/EIDSS/EIDSS/EIDSS_Common_Forms\u0022,\u0020UWDAAAAA
		SccLocalPath5 = ..\\EIDSS_Common_Forms
		SccProvider5 = MSSCCI:Microsoft\u0020Visual\u0020SourceSafe
		CanCheckoutShared = false
		SccProjectUniqueName6 = ..\\EIDSS_Main\\EIDSS_Main.vbproj
		SccProjectName6 = \u0022$/EIDSS.root/EIDSS/EIDSS/EIDSS_Main\u0022,\u0020ECEAAAAA
		SccLocalPath6 = ..\\EIDSS_Main
		SccProvider6 = MSSCCI:Microsoft\u0020Visual\u0020SourceSafe
		CanCheckoutShared = false
		SccProjectUniqueName7 = EIDSS_Admin.vbproj
		SccProjectName7 = \u0022$/EIDSS.root/EIDSS/EIDSS/EIDSS_Admin\u0022,\u0020SUDAAAAA
		SccLocalPath7 = .
		SccProvider7 = MSSCCI:Microsoft\u0020Visual\u0020SourceSafe
		CanCheckoutShared = false
		SccProjectUniqueName8 = ..\\EIDSS_Admin_Db\\EIDSS_Admin_Db.vbproj
		SccProjectName8 = \u0022$/EIDSS.root/EIDSS/EIDSS/EIDSS_Admin_Db\u0022,\u0020CVDAAAAA
		SccLocalPath8 = ..\\EIDSS_Admin_Db
		SccProvider8 = MSSCCI:Microsoft\u0020Visual\u0020SourceSafe
		CanCheckoutShared = false
		SccProjectUniqueName9 = ..\\EIDSS_Stat\\EIDSS_Stat.vbproj
		SccProjectName9 = \u0022$/EIDSS.root/EIDSS/EIDSS/EIDSS_Stat\u0022,\u0020CDEAAAAA
		SccLocalPath9 = ..\\EIDSS_Stat
		SccProvider9 = MSSCCI:Microsoft\u0020Visual\u0020SourceSafe
		CanCheckoutShared = false
		SccProjectUniqueName10 = ..\\EIDSS_Stat_Db\\EIDSS_Stat_Db.vbproj
		SccProjectName10 = \u0022$/EIDSS.root/EIDSS/EIDSS/EIDSS_Stat_Db\u0022,\u0020UDEAAAAA
		SccLocalPath10 = ..\\EIDSS_Stat_Db
		SccProvider10 = MSSCCI:Microsoft\u0020Visual\u0020SourceSafe
		CanCheckoutShared = false
	EndGlobalSection
	GlobalSection(SolutionConfiguration) = preSolution
		Debug = Debug
		Release = Release
	EndGlobalSection
	GlobalSection(ProjectConfiguration) = postSolution
		{BA2844A8-F629-4B02-ACD6-B60063E4D27F}.Debug.ActiveCfg = Debug|.NET
		{BA2844A8-F629-4B02-ACD6-B60063E4D27F}.Debug.Build.0 = Debug|.NET
		{BA2844A8-F629-4B02-ACD6-B60063E4D27F}.Release.ActiveCfg = Release|.NET
		{BA2844A8-F629-4B02-ACD6-B60063E4D27F}.Release.Build.0 = Release|.NET
		{B3E5BA6B-FAA3-4A7D-8236-3F8842D61CD4}.Debug.ActiveCfg = Debug|.NET
		{B3E5BA6B-FAA3-4A7D-8236-3F8842D61CD4}.Debug.Build.0 = Debug|.NET
		{B3E5BA6B-FAA3-4A7D-8236-3F8842D61CD4}.Release.ActiveCfg = Release|.NET
		{B3E5BA6B-FAA3-4A7D-8236-3F8842D61CD4}.Release.Build.0 = Release|.NET
		{6C48BB93-277D-4804-B280-F6130E29EB81}.Debug.ActiveCfg = Debug|.NET
		{6C48BB93-277D-4804-B280-F6130E29EB81}.Debug.Build.0 = Debug|.NET
		{6C48BB93-277D-4804-B280-F6130E29EB81}.Release.ActiveCfg = Release|.NET
		{6C48BB93-277D-4804-B280-F6130E29EB81}.Release.Build.0 = Release|.NET
		{119CC05A-2F6C-4FC8-AC74-79BB76E3C1C0}.Debug.ActiveCfg = Debug|.NET
		{119CC05A-2F6C-4FC8-AC74-79BB76E3C1C0}.Debug.Build.0 = Debug|.NET
		{119CC05A-2F6C-4FC8-AC74-79BB76E3C1C0}.Release.ActiveCfg = Release|.NET
		{119CC05A-2F6C-4FC8-AC74-79BB76E3C1C0}.Release.Build.0 = Release|.NET
		{B66DEB84-FBE3-44E4-9B72-1E459CE0E50D}.Debug.ActiveCfg = Debug|.NET
		{B66DEB84-FBE3-44E4-9B72-1E459CE0E50D}.Debug.Build.0 = Debug|.NET
		{B66DEB84-FBE3-44E4-9B72-1E459CE0E50D}.Release.ActiveCfg = Release|.NET
		{B66DEB84-FBE3-44E4-9B72-1E459CE0E50D}.Release.Build.0 = Release|.NET
		{389B8F77-0B61-46DB-B752-1ECDC502267D}.Debug.ActiveCfg = Debug|.NET
		{389B8F77-0B61-46DB-B752-1ECDC502267D}.Debug.Build.0 = Debug|.NET
		{389B8F77-0B61-46DB-B752-1ECDC502267D}.Release.ActiveCfg = Release|.NET
		{389B8F77-0B61-46DB-B752-1ECDC502267D}.Release.Build.0 = Release|.NET
		{8AAED965-8371-4BB4-A9D9-A63E9EAE6772}.Debug.ActiveCfg = Debug|.NET
		{8AAED965-8371-4BB4-A9D9-A63E9EAE6772}.Debug.Build.0 = Debug|.NET
		{8AAED965-8371-4BB4-A9D9-A63E9EAE6772}.Release.ActiveCfg = Release|.NET
		{8AAED965-8371-4BB4-A9D9-A63E9EAE6772}.Release.Build.0 = Release|.NET
		{27A65C6E-D720-4777-A5E7-8FA580EFED31}.Debug.ActiveCfg = Debug|.NET
		{27A65C6E-D720-4777-A5E7-8FA580EFED31}.Debug.Build.0 = Debug|.NET
		{27A65C6E-D720-4777-A5E7-8FA580EFED31}.Release.ActiveCfg = Release|.NET
		{27A65C6E-D720-4777-A5E7-8FA580EFED31}.Release.Build.0 = Release|.NET
		{6618E836-9B1C-4950-8383-0CF540B4C0DD}.Debug.ActiveCfg = Debug|.NET
		{6618E836-9B1C-4950-8383-0CF540B4C0DD}.Debug.Build.0 = Debug|.NET
		{6618E836-9B1C-4950-8383-0CF540B4C0DD}.Release.ActiveCfg = Release|.NET
		{6618E836-9B1C-4950-8383-0CF540B4C0DD}.Release.Build.0 = Release|.NET
		{11AEE9C0-8BC5-4136-92CA-E9BD1EF69DBA}.Debug.ActiveCfg = Debug|.NET
		{11AEE9C0-8BC5-4136-92CA-E9BD1EF69DBA}.Debug.Build.0 = Debug|.NET
		{11AEE9C0-8BC5-4136-92CA-E9BD1EF69DBA}.Release.ActiveCfg = Release|.NET
		{11AEE9C0-8BC5-4136-92CA-E9BD1EF69DBA}.Release.Build.0 = Release|.NET
		{3163220B-D837-4C8A-8AF9-FFCC54A5EF3B}.Debug.ActiveCfg = Debug|.NET
		{3163220B-D837-4C8A-8AF9-FFCC54A5EF3B}.Debug.Build.0 = Debug|.NET
		{3163220B-D837-4C8A-8AF9-FFCC54A5EF3B}.Release.ActiveCfg = Release|.NET
		{3163220B-D837-4C8A-8AF9-FFCC54A5EF3B}.Release.Build.0 = Release|.NET
	EndGlobalSection
	GlobalSection(ExtensibilityGlobals) = postSolution
	EndGlobalSection
	GlobalSection(ExtensibilityAddIns) = postSolution
	EndGlobalSection
EndGlobal
