
Microsoft Visual Studio Solution File, Format Version 12.00
# Visual Studio 14
VisualStudioVersion = 14.0.25420.1
MinimumVisualStudioVersion = 10.0.40219.1
Project("{2150E333-8FDC-42A3-9474-1A3956D46DE8}") = "Solution Items", "Solution Items", "{DB49D6F0-0E83-4269-9432-6560FFB0287A}"
	ProjectSection(SolutionItems) = preProject
		vb\Shared\BV_AssemblyInfo.vb = vb\Shared\BV_AssemblyInfo.vb
		EIDSS.runsettings = EIDSS.runsettings
		EIDSSAssemblyInfo.vb = EIDSSAssemblyInfo.vb
	EndProjectSection
EndProject
Project("{2150E333-8FDC-42A3-9474-1A3956D46DE8}") = "dlls", "dlls", "{B1743A35-9830-478E-BD2A-F507C9FB2026}"
	ProjectSection(SolutionItems) = preProject
		dlls\excel\DocumentFormat.OpenXml.dll = dlls\excel\DocumentFormat.OpenXml.dll
		dlls\EIDSS_Devexpress_Skin.dll = dlls\EIDSS_Devexpress_Skin.dll
		dlls\EIDSS_Devexpress_Skin.skin = dlls\EIDSS_Devexpress_Skin.skin
		dlls\eidss_money_skin.dll = dlls\eidss_money_skin.dll
		dlls\eidss_money_skin.skin = dlls\eidss_money_skin.skin
		dlls\excel\ICSharpCode.SharpZipLib.dll = dlls\excel\ICSharpCode.SharpZipLib.dll
		dlls\Interop.VsHelp.dll = dlls\Interop.VsHelp.dll
		dlls\Ionic.Zip.dll = dlls\Ionic.Zip.dll
		dlls\Ionic.Zlib.dll = dlls\Ionic.Zlib.dll
		dlls\Kendo.Mvc.dll = dlls\Kendo.Mvc.dll
		dlls\Microsoft.SqlServer.ConnectionInfo.dll = dlls\Microsoft.SqlServer.ConnectionInfo.dll
		dlls\Microsoft.SqlServer.Management.Sdk.Sfc.dll = dlls\Microsoft.SqlServer.Management.Sdk.Sfc.dll
		dlls\Microsoft.SqlServer.Smo.dll = dlls\Microsoft.SqlServer.Smo.dll
		dlls\Microsoft.SqlServer.SqlEnum.dll = dlls\Microsoft.SqlServer.SqlEnum.dll
		dlls\Microsoft.Win32.TaskScheduler.dll = dlls\Microsoft.Win32.TaskScheduler.dll
		dlls\NMock2.dll = dlls\NMock2.dll
		dlls\excel\NPOI.dll = dlls\excel\NPOI.dll
		dlls\excel\NPOI.OOXML.dll = dlls\excel\NPOI.OOXML.dll
		dlls\excel\NPOI.OpenXml4Net.dll = dlls\excel\NPOI.OpenXml4Net.dll
		dlls\excel\NPOI.OpenXmlFormats.dll = dlls\excel\NPOI.OpenXmlFormats.dll
		dlls\StructureMap.dll = dlls\StructureMap.dll
		dlls\StructureMap.Net4.dll = dlls\StructureMap.Net4.dll
		dlls\TaskScheduler.dll = dlls\TaskScheduler.dll
	EndProjectSection
EndProject
Project("{2150E333-8FDC-42A3-9474-1A3956D46DE8}") = "mvccontrib", "mvccontrib", "{522B5053-C814-48CB-B935-E146A6E8C0BD}"
	ProjectSection(SolutionItems) = preProject
		mvccontrib\License.txt = mvccontrib\License.txt
		mvccontrib\MvcContrib.dll = mvccontrib\MvcContrib.dll
		mvccontrib\MvcContrib.FluentHtml.dll = mvccontrib\MvcContrib.FluentHtml.dll
		mvccontrib\MvcContrib.FluentHtml.xml = mvccontrib\MvcContrib.FluentHtml.xml
		mvccontrib\MvcContrib.TestHelper.dll = mvccontrib\MvcContrib.TestHelper.dll
		mvccontrib\MvcContrib.TestHelper.xml = mvccontrib\MvcContrib.TestHelper.xml
		mvccontrib\MvcContrib.WatiN.dll = mvccontrib\MvcContrib.WatiN.dll
		mvccontrib\MvcContrib.XML = mvccontrib\MvcContrib.XML
	EndProjectSection
EndProject
Project("{2150E333-8FDC-42A3-9474-1A3956D46DE8}") = "gis", "gis", "{0FF5372B-B9C2-4293-A321-BD7270DE7360}"
	ProjectSection(SolutionItems) = preProject
		dlls\gis\BruTile.dll = dlls\gis\BruTile.dll
		dlls\gis\DotSpatial.Projections.dll = dlls\gis\DotSpatial.Projections.dll
		dlls\gis\gdal19.dll = dlls\gis\gdal19.dll
		dlls\gis\gdal_csharp.dll = dlls\gis\gdal_csharp.dll
		dlls\gis\gdalconst_csharp.dll = dlls\gis\gdalconst_csharp.dll
		dlls\gis\gdalconst_wrap.dll = dlls\gis\gdalconst_wrap.dll
		dlls\gis\GeoAPI.dll = dlls\gis\GeoAPI.dll
		dlls\gis\geos_c.dll = dlls\gis\geos_c.dll
		dlls\gis\GIS_V6.dll = dlls\gis\GIS_V6.dll
		dlls\gis\iconv.dll = dlls\gis\iconv.dll
		dlls\gis\ICSharpCode.SharpZipLib.dll = dlls\gis\ICSharpCode.SharpZipLib.dll
		dlls\gis\Mono.Security.dll = dlls\gis\Mono.Security.dll
		dlls\gis\NetTopologySuite.dll = dlls\gis\NetTopologySuite.dll
		dlls\gis\Npgsql.dll = dlls\gis\Npgsql.dll
		dlls\gis\ogr_csharp.dll = dlls\gis\ogr_csharp.dll
		dlls\gis\ogr_wrap.dll = dlls\gis\ogr_wrap.dll
		dlls\gis\osr_csharp.dll = dlls\gis\osr_csharp.dll
		dlls\gis\osr_wrap.dll = dlls\gis\osr_wrap.dll
		dlls\gis\policy.2.0.Npgsql.config = dlls\gis\policy.2.0.Npgsql.config
		dlls\gis\policy.2.0.Npgsql.dll = dlls\gis\policy.2.0.Npgsql.dll
		dlls\gis\PostgreSql.Data.PostgreSqlClient.dll = dlls\gis\PostgreSql.Data.PostgreSqlClient.dll
		dlls\gis\proj.dll = dlls\gis\proj.dll
		dlls\gis\ProjNet.dll = dlls\gis\ProjNet.dll
		dlls\gis\SharpMap.dll = dlls\gis\SharpMap.dll
		dlls\gis\SharpMap.Extensions.dll = dlls\gis\SharpMap.Extensions.dll
		dlls\gis\spatialite.dll = dlls\gis\spatialite.dll
		dlls\gis\System.Data.SQLite.DLL = dlls\gis\System.Data.SQLite.DLL
	EndProjectSection
EndProject
Project("{2150E333-8FDC-42A3-9474-1A3956D46DE8}") = "Data", "Data", "{5CF5AF5A-5B2B-4BA0-9DDD-17AB79D1ABEF}"
	ProjectSection(SolutionItems) = preProject
		dlls\gis\Data\compdcs.csv = dlls\gis\Data\compdcs.csv
		dlls\gis\Data\coordinate_axis.csv = dlls\gis\Data\coordinate_axis.csv
		dlls\gis\Data\cubewerx_extra.wkt = dlls\gis\Data\cubewerx_extra.wkt
		dlls\gis\Data\datum_shift.csv = dlls\gis\Data\datum_shift.csv
		dlls\gis\Data\ecw_cs.wkt = dlls\gis\Data\ecw_cs.wkt
		dlls\gis\Data\ellipsoid.csv = dlls\gis\Data\ellipsoid.csv
		dlls\gis\Data\epsg.wkt = dlls\gis\Data\epsg.wkt
		dlls\gis\Data\esri_extra.wkt = dlls\gis\Data\esri_extra.wkt
		dlls\gis\Data\esri_StatePlane_extra.wkt = dlls\gis\Data\esri_StatePlane_extra.wkt
		dlls\gis\Data\esri_Wisconsin_extra.wkt = dlls\gis\Data\esri_Wisconsin_extra.wkt
		dlls\gis\Data\gcs.csv = dlls\gis\Data\gcs.csv
		dlls\gis\Data\gcs.override.csv = dlls\gis\Data\gcs.override.csv
		dlls\gis\Data\gdal_datum.csv = dlls\gis\Data\gdal_datum.csv
		dlls\gis\Data\geoccs.csv = dlls\gis\Data\geoccs.csv
		dlls\gis\Data\gt_datum.csv = dlls\gis\Data\gt_datum.csv
		dlls\gis\Data\gt_ellips.csv = dlls\gis\Data\gt_ellips.csv
		dlls\gis\Data\header.dxf = dlls\gis\Data\header.dxf
		dlls\gis\Data\nitf_spec.xml = dlls\gis\Data\nitf_spec.xml
		dlls\gis\Data\nitf_spec.xsd = dlls\gis\Data\nitf_spec.xsd
		dlls\gis\Data\pci_datum.txt = dlls\gis\Data\pci_datum.txt
		dlls\gis\Data\pci_ellips.txt = dlls\gis\Data\pci_ellips.txt
		dlls\gis\Data\pcs.csv = dlls\gis\Data\pcs.csv
		dlls\gis\Data\pcs.override.csv = dlls\gis\Data\pcs.override.csv
		dlls\gis\Data\prime_meridian.csv = dlls\gis\Data\prime_meridian.csv
		dlls\gis\Data\projop_wparm.csv = dlls\gis\Data\projop_wparm.csv
		dlls\gis\Data\s57agencies.csv = dlls\gis\Data\s57agencies.csv
		dlls\gis\Data\s57attributes.csv = dlls\gis\Data\s57attributes.csv
		dlls\gis\Data\s57attributes_aml.csv = dlls\gis\Data\s57attributes_aml.csv
		dlls\gis\Data\s57attributes_iw.csv = dlls\gis\Data\s57attributes_iw.csv
		dlls\gis\Data\s57expectedinput.csv = dlls\gis\Data\s57expectedinput.csv
		dlls\gis\Data\s57objectclasses.csv = dlls\gis\Data\s57objectclasses.csv
		dlls\gis\Data\s57objectclasses_aml.csv = dlls\gis\Data\s57objectclasses_aml.csv
		dlls\gis\Data\s57objectclasses_iw.csv = dlls\gis\Data\s57objectclasses_iw.csv
		dlls\gis\Data\seed_2d.dgn = dlls\gis\Data\seed_2d.dgn
		dlls\gis\Data\seed_3d.dgn = dlls\gis\Data\seed_3d.dgn
		dlls\gis\Data\stateplane.csv = dlls\gis\Data\stateplane.csv
		dlls\gis\Data\unit_of_measure.csv = dlls\gis\Data\unit_of_measure.csv
		dlls\gis\Data\vertcs.csv = dlls\gis\Data\vertcs.csv
		dlls\gis\Data\vertcs.override.csv = dlls\gis\Data\vertcs.override.csv
	EndProjectSection
EndProject
Project("{2150E333-8FDC-42A3-9474-1A3956D46DE8}") = "Icons", "Icons", "{6FA07405-67A3-4F7B-ACA7-EC7B6102B934}"
	ProjectSection(SolutionItems) = preProject
		Icons\128.ico = Icons\128.ico
		Icons\128.png = Icons\128.png
		Icons\16.ico = Icons\16.ico
		Icons\16.png = Icons\16.png
		Icons\32.ico = Icons\32.ico
		Icons\32.png = Icons\32.png
		Icons\64.ico = Icons\64.ico
		Icons\64.png = Icons\64.png
		Icons\Accession In Book(14).png = Icons\Accession In Book(14).png
		Icons\Activate(69,3).png = Icons\Activate(69,3).png
		Icons\Administration(56).png = Icons\Administration(56).png
		Icons\Aggregate Matrix (large)(44).png = Icons\Aggregate Matrix (large)(44).png
		Icons\Aggregate Matrix (small)(43).png = Icons\Aggregate Matrix (small)(43).png
		Icons\Aggregate Settings (large)(54).png = Icons\Aggregate Settings (large)(54).png
		Icons\Aggregate Settings (small)(53).png = Icons\Aggregate Settings (small)(53).png
		Icons\AsSessionList_32x32.png = Icons\AsSessionList_32x32.png
		Icons\bss_aggregate_list_16x16.png = Icons\bss_aggregate_list_16x16.png
		Icons\bss_aggregate_list_32x32.png = Icons\bss_aggregate_list_32x32.png
		Icons\bss_aggregate_list_64x64.png = Icons\bss_aggregate_list_64x64.png
		Icons\bss_detail_16x16.png = Icons\bss_detail_16x16.png
		Icons\bss_detail_32x32.png = Icons\bss_detail_32x32.png
		Icons\bss_detail_64x64.png = Icons\bss_detail_64x64.png
		Icons\bss_list_16x16.png = Icons\bss_list_16x16.png
		Icons\bss_list_32x32.png = Icons\bss_list_32x32.png
		Icons\bss_list_64x64.png = Icons\bss_list_64x64.png
		Icons\Change password (large)(22).png = Icons\Change password (large)(22).png
		Icons\Change password (small)(21).png = Icons\Change password (small)(21).png
		Icons\Configuration(42).png = Icons\Configuration(42).png
		Icons\Data Access Types (large)(30,1).png = Icons\Data Access Types (large)(30,1).png
		Icons\Data Access Types (small)(29).png = Icons\Data Access Types (small)(29).png
		Icons\Data Audit Transaction(136).png = Icons\Data Audit Transaction(136).png
		Icons\Data Audit Transactions List (large)(38).png = Icons\Data Audit Transactions List (large)(38).png
		Icons\Data Audit Transactions List (small)(37).png = Icons\Data Audit Transactions List (small)(37).png
		Icons\Data.png = Icons\Data.png
		Icons\DataArchiveSettings_Large.png = Icons\DataArchiveSettings_Large.png
		Icons\DataArchiveSettings_Small.png = Icons\DataArchiveSettings_Small.png
		Icons\Department(137).png = Icons\Department(137).png
		Icons\EIDSS Site(135).png = Icons\EIDSS Site(135).png
		Icons\EIDSS Sites List (large)(32).png = Icons\EIDSS Sites List (large)(32).png
		Icons\EIDSS Sites List (small)(31).png = Icons\EIDSS Sites List (small)(31).png
		Icons\EIDSS TH Logo.png = Icons\EIDSS TH Logo.png
		Icons\EIDSS_AZ_Background.png = Icons\EIDSS_AZ_Background.png
		Icons\EIdss_background.png = Icons\EIdss_background.png
		Icons\EIDSS_icons_list_14122011.xls = Icons\EIDSS_icons_list_14122011.xls
		Icons\EIDSS_IQ_Background.png = Icons\EIDSS_IQ_Background.png
		Icons\EidssSplash.png = Icons\EidssSplash.png
		Icons\Employee(128).png = Icons\Employee(128).png
		Icons\Employees List (large)(58).png = Icons\Employees List (large)(58).png
		Icons\Employees List (small)(57).png = Icons\Employees List (small)(57).png
		Icons\Event Log (large)(36).png = Icons\Event Log (large)(36).png
		Icons\Event Log (small)(35).png = Icons\Event Log (small)(35).png
		Icons\Exit(16).png = Icons\Exit(16).png
		Icons\Flexible Forms Designer (large)(50).png = Icons\Flexible Forms Designer (large)(50).png
		Icons\Flexible Forms Designer (small)(49).png = Icons\Flexible Forms Designer (small)(49).png
		Icons\Flexible Forms Designer (small)(49,2).png = Icons\Flexible Forms Designer (small)(49,2).png
		Icons\Generic Statistical Data Details(132).png = Icons\Generic Statistical Data Details(132).png
		Icons\Human Aggregate Cases Summary (large)(10).png = Icons\Human Aggregate Cases Summary (large)(10).png
		Icons\Human Aggregate Cases Summary (small)(11).png = Icons\Human Aggregate Cases Summary (small)(11).png
		Icons\Flags\iraq-flag(2).png = Icons\Flags\iraq-flag(2).png
		Icons\Flags\iraq-flag.png = Icons\Flags\iraq-flag.png
		Icons\Lab Sample Log Book (large)(12).png = Icons\Lab Sample Log Book (large)(12).png
		Icons\Lab Sample Log Book (small)(13).png = Icons\Lab Sample Log Book (small)(13).png
		Icons\Launch AVR(39).png = Icons\Launch AVR(39).png
		Icons\Logo1.png = Icons\Logo1.png
		Icons\Logo2.png = Icons\Logo2.png
		Icons\Logo3.png = Icons\Logo3.png
		Icons\Logo4.png = Icons\Logo4.png
		Icons\Logo5.png = Icons\Logo5.png
		Icons\Map Customization (small)(55).png = Icons\Map Customization (small)(55).png
		Icons\Options (large)(18).png = Icons\Options (large)(18).png
		Icons\Options (small)(17).png = Icons\Options (small)(17).png
		Icons\Options.ico = Icons\Options.ico
		Icons\Organization(130).png = Icons\Organization(130).png
		Icons\Organizations List (large)(60).png = Icons\Organizations List (large)(60).png
		Icons\Organizations List (small)(59.7).png = Icons\Organizations List (small)(59.7).png
		Icons\Parameter Types Editor (large)(48).png = Icons\Parameter Types Editor (large)(48).png
		Icons\Parameter Types Editor (small)(47).png = Icons\Parameter Types Editor (small)(47).png
		Icons\Permissions (large)(68).png = Icons\Permissions (large)(68).png
		Icons\Permissions (small)(67).png = Icons\Permissions (small)(67).png
		Icons\Persons-List-small.png = Icons\Persons-List-small.png
		Icons\Pool Details-Individual vector Details05.png = Icons\Pool Details-Individual vector Details05.png
		Icons\Reference Book (large)(41).png = Icons\Reference Book (large)(41).png
		Icons\Reference Book (small)(40).png = Icons\Reference Book (small)(40).png
		Icons\Reference Matrix (large)(46).png = Icons\Reference Matrix (large)(46).png
		Icons\Reference Matrix (small)(45).png = Icons\Reference Matrix (small)(45).png
		Icons\Security Event Log (large)(34).png = Icons\Security Event Log (large)(34).png
		Icons\Security Policy (large)(24).png = Icons\Security Policy (large)(24).png
		Icons\Security Policy (small)(23).png = Icons\Security Policy (small)(23).png
		Icons\Segurity Event Log (small)(33).png = Icons\Segurity Event Log (small)(33).png
		Icons\Select All(65.1).png = Icons\Select All(65.1).png
		Icons\Select(65.3).png = Icons\Select(65.3).png
		Icons\Settlement(131,2).png = Icons\Settlement(131,2).png
		Icons\Settlements List (large)(62,3).png = Icons\Settlements List (large)(62,3).png
		Icons\Settlements List (small)(61).png = Icons\Settlements List (small)(61).png
		Icons\Site Alerts Subscriptions (large)(20).png = Icons\Site Alerts Subscriptions (large)(20).png
		Icons\Site Alerts Subscriptions (large)(20,1).png = Icons\Site Alerts Subscriptions (large)(20,1).png
		Icons\Site Alerts Subscriptions (small)(19).png = Icons\Site Alerts Subscriptions (small)(19).png
		Icons\Site Alerts Subscriptions (small)(19,2).png = Icons\Site Alerts Subscriptions (small)(19,2).png
		Icons\Statictical Data List (large)(64).png = Icons\Statictical Data List (large)(64).png
		Icons\Statistical Data List (small)(63).png = Icons\Statistical Data List (small)(63).png
		Icons\Switch User(15).png = Icons\Switch User(15).png
		Icons\System Functions (large)(28).png = Icons\System Functions (large)(28).png
		Icons\System Functions (small)(27).png = Icons\System Functions (small)(27).png
		Icons\Unique Numbering Schema Details(103).png = Icons\Unique Numbering Schema Details(103).png
		Icons\Unique Numbering Schema List (large)(52).png = Icons\Unique Numbering Schema List (large)(52).png
		Icons\Unique Numbering Schema List (large)(52,2).png = Icons\Unique Numbering Schema List (large)(52,2).png
		Icons\Unique Numbering Schema List (small)(51).png = Icons\Unique Numbering Schema List (small)(51).png
		Icons\Unselect All(65).png = Icons\Unselect All(65).png
		Icons\User Group List (large)(26).png = Icons\User Group List (large)(26).png
		Icons\User Group List (small)(25).png = Icons\User Group List (small)(25).png
		Icons\User Group(133).png = Icons\User Group(133).png
		Icons\User Login(129,1).png = Icons\User Login(129,1).png
		Icons\Users and Group Permissions(134).png = Icons\Users and Group Permissions(134).png
		Icons\Vector Surveillance Session (large)(01).png = Icons\Vector Surveillance Session (large)(01).png
		Icons\Vector Surveillance Session (small)(02).png = Icons\Vector Surveillance Session (small)(02).png
		Icons\Vector Surveillance Sessions List (large)(03).png = Icons\Vector Surveillance Sessions List (large)(03).png
		Icons\Vector Surveillance Sessions List (small)(04).png = Icons\Vector Surveillance Sessions List (small)(04).png
		Icons\Vet Aggregate Actions Summary (large)(06).png = Icons\Vet Aggregate Actions Summary (large)(06).png
		Icons\Vet Aggregate Actions Summary (small)(07).png = Icons\Vet Aggregate Actions Summary (small)(07).png
		Icons\Vet Aggregate Cases Summary (large)(08).png = Icons\Vet Aggregate Cases Summary (large)(08).png
		Icons\Vet Aggregate Cases Summary (small)(09).png = Icons\Vet Aggregate Cases Summary (small)(09).png
		Icons\warning12x12.png = Icons\warning12x12.png
	EndProjectSection
EndProject
Project("{2150E333-8FDC-42A3-9474-1A3956D46DE8}") = "Documents", "Documents", "{025E6843-6055-45B2-A481-753FFAF35511}"
	ProjectSection(SolutionItems) = preProject
		Documents\EIDSS_Forms_with_identifiers.xls = Documents\EIDSS_Forms_with_identifiers.xls
		Documents\ExtraTranslations.xlsx = Documents\ExtraTranslations.xlsx
	EndProjectSection
EndProject
Project("{2150E333-8FDC-42A3-9474-1A3956D46DE8}") = "ApplicationBlocks", "ApplicationBlocks", "{EA8362A0-70B8-4A69-942B-75435ED6844E}"
	ProjectSection(SolutionItems) = preProject
		dlls\ApplicationBlocks\Microsoft.Practices.EnterpriseLibrary.Common.dll = dlls\ApplicationBlocks\Microsoft.Practices.EnterpriseLibrary.Common.dll
		dlls\ApplicationBlocks\Microsoft.Practices.EnterpriseLibrary.Data.dll = dlls\ApplicationBlocks\Microsoft.Practices.EnterpriseLibrary.Data.dll
		dlls\ApplicationBlocks\Microsoft.Practices.EnterpriseLibrary.ExceptionHandling.dll = dlls\ApplicationBlocks\Microsoft.Practices.EnterpriseLibrary.ExceptionHandling.dll
		dlls\ApplicationBlocks\Microsoft.Practices.EnterpriseLibrary.Logging.dll = dlls\ApplicationBlocks\Microsoft.Practices.EnterpriseLibrary.Logging.dll
		dlls\ApplicationBlocks\Microsoft.Practices.ObjectBuilder.dll = dlls\ApplicationBlocks\Microsoft.Practices.ObjectBuilder.dll
		dlls\ApplicationBlocks\Microsoft.Practices.ServiceLocation.dll = dlls\ApplicationBlocks\Microsoft.Practices.ServiceLocation.dll
		dlls\ApplicationBlocks\Microsoft.Practices.Unity.dll = dlls\ApplicationBlocks\Microsoft.Practices.Unity.dll
		dlls\ApplicationBlocks\Microsoft.Practices.Unity.Interception.dll = dlls\ApplicationBlocks\Microsoft.Practices.Unity.Interception.dll
	EndProjectSection
EndProject
Project("{2150E333-8FDC-42A3-9474-1A3956D46DE8}") = "ru-RU", "ru-RU", "{D8CB333E-8BC6-47AE-A6A0-B029EA269EEB}"
	ProjectSection(SolutionItems) = preProject
		dlls\gis\ru-RU\GIS_V6.resources.dll = dlls\gis\ru-RU\GIS_V6.resources.dll
	EndProjectSection
EndProject
Project("{2150E333-8FDC-42A3-9474-1A3956D46DE8}") = "az-Latn-AZ", "az-Latn-AZ", "{B6790C77-1333-4B2E-BB06-C50F4AFB0106}"
	ProjectSection(SolutionItems) = preProject
		dlls\gis\az-Latn-AZ\GIS_V6.resources.dll = dlls\gis\az-Latn-AZ\GIS_V6.resources.dll
	EndProjectSection
EndProject
Project("{2150E333-8FDC-42A3-9474-1A3956D46DE8}") = "hy-AM", "hy-AM", "{380D82F7-9194-4C53-87CC-79361378E38C}"
	ProjectSection(SolutionItems) = preProject
		dlls\gis\hy-AM\GIS_V6.resources.dll = dlls\gis\hy-AM\GIS_V6.resources.dll
	EndProjectSection
EndProject
Project("{2150E333-8FDC-42A3-9474-1A3956D46DE8}") = "ka-GE", "ka-GE", "{1D19CAF0-D34D-45F2-8656-AC05BB0C48BA}"
	ProjectSection(SolutionItems) = preProject
		dlls\gis\ka-GE\GIS_V6.resources.dll = dlls\gis\ka-GE\GIS_V6.resources.dll
	EndProjectSection
EndProject
Project("{2150E333-8FDC-42A3-9474-1A3956D46DE8}") = "kk-KZ", "kk-KZ", "{0AE57618-AAAE-429F-BFFF-9792466D6D6C}"
	ProjectSection(SolutionItems) = preProject
		dlls\gis\kk-KZ\GIS_V6.resources.dll = dlls\gis\kk-KZ\GIS_V6.resources.dll
	EndProjectSection
EndProject
Project("{2150E333-8FDC-42A3-9474-1A3956D46DE8}") = "uk-UA", "uk-UA", "{67A4BC5D-F3AA-4584-B398-1802BB9C984D}"
	ProjectSection(SolutionItems) = preProject
		dlls\gis\uk-UA\GIS_V6.resources.dll = dlls\gis\uk-UA\GIS_V6.resources.dll
	EndProjectSection
EndProject
Project("{2150E333-8FDC-42A3-9474-1A3956D46DE8}") = "v6", "v6", "{F0DA0F05-D852-405C-AABA-6D97A7645F34}"
	ProjectSection(SolutionItems) = preProject
		Icons\v6\aberration_report_16x16.png = Icons\v6\aberration_report_16x16.png
		Icons\v6\aberration_report_32x32.png = Icons\v6\aberration_report_32x32.png
		Icons\v6\admin_report_16x16.png = Icons\v6\admin_report_16x16.png
		Icons\v6\admin_report_32x32.png = Icons\v6\admin_report_32x32.png
		Icons\v6\avr_32x32.png = Icons\v6\avr_32x32.png
		Icons\v6\avr_settings_16x16.png = Icons\v6\avr_settings_16x16.png
		Icons\v6\avr_settings_32x32.png = Icons\v6\avr_settings_32x32.png
		Icons\v6\bss_16x16.png = Icons\v6\bss_16x16.png
		Icons\v6\bss_32x32.png = Icons\v6\bss_32x32.png
		Icons\v6\bss_aberration_report_16x16.png = Icons\v6\bss_aberration_report_16x16.png
		Icons\v6\bss_aberration_report_32x32.png = Icons\v6\bss_aberration_report_32x32.png
		Icons\v6\bss_aggregate_16x16.png = Icons\v6\bss_aggregate_16x16.png
		Icons\v6\bss_aggregate_32x32.png = Icons\v6\bss_aggregate_32x32.png
		Icons\v6\bss_aggregate_list_16x16.png = Icons\v6\bss_aggregate_list_16x16.png
		Icons\v6\bss_aggregate_list_32x32.png = Icons\v6\bss_aggregate_list_32x32.png
		Icons\v6\bss_list_16x16.png = Icons\v6\bss_list_16x16.png
		Icons\v6\bss_list_32x32.png = Icons\v6\bss_list_32x32.png
		Icons\v6\chart_editor_16x16.png = Icons\v6\chart_editor_16x16.png
		Icons\v6\chart_editor_32x32.png = Icons\v6\chart_editor_32x32.png
		Icons\v6\epi_info_16x16.png = Icons\v6\epi_info_16x16.png
		Icons\v6\epi_info_32x32.png = Icons\v6\epi_info_32x32.png
		Icons\v6\export_query_16x16.png = Icons\v6\export_query_16x16.png
		Icons\v6\export_query_32x32.png = Icons\v6\export_query_32x32.png
		Icons\v6\export_report_16x16.png = Icons\v6\export_report_16x16.png
		Icons\v6\export_report_32x32.png = Icons\v6\export_report_32x32.png
		Icons\v6\filter.ico = Icons\v6\filter.ico
		Icons\v6\filter_16x16.png = Icons\v6\filter_16x16.png
		Icons\v6\filter_32x32.png = Icons\v6\filter_32x32.png
		Icons\v6\folder_16x16.png = Icons\v6\folder_16x16.png
		Icons\v6\folder_32x32.png = Icons\v6\folder_32x32.png
		Icons\v6\folder_create_16x16.png = Icons\v6\folder_create_16x16.png
		Icons\v6\folder_open_16x16.png = Icons\v6\folder_open_16x16.png
		Icons\v6\folder_open_32x32.png = Icons\v6\folder_open_32x32.png
		Icons\v6\human_aberration_report_16x16.png = Icons\v6\human_aberration_report_16x16.png
		Icons\v6\human_aberration_report_32x32.png = Icons\v6\human_aberration_report_32x32.png
		Icons\v6\human_aggregate_deduplication_16x16.png = Icons\v6\human_aggregate_deduplication_16x16.png
		Icons\v6\human_aggregate_deduplication_32x32.png = Icons\v6\human_aggregate_deduplication_32x32.png
		Icons\v6\human_report_16x16.png = Icons\v6\human_report_16x16.png
		Icons\v6\human_report_32x32.png = Icons\v6\human_report_32x32.png
		Icons\v6\lab_report_16x16.png = Icons\v6\lab_report_16x16.png
		Icons\v6\lab_report_32x32.png = Icons\v6\lab_report_32x32.png
		Icons\v6\lauout_save_16x16.png = Icons\v6\lauout_save_16x16.png
		Icons\v6\layout_16x16.png = Icons\v6\layout_16x16.png
		Icons\v6\layout_32x32.png = Icons\v6\layout_32x32.png
		Icons\v6\layout_cancel_16x16.png = Icons\v6\layout_cancel_16x16.png
		Icons\v6\layout_create_16x16.png = Icons\v6\layout_create_16x16.png
		Icons\v6\layout_delete16x16.png = Icons\v6\layout_delete16x16.png
		Icons\v6\map_editor.ico = Icons\v6\map_editor.ico
		Icons\v6\map_editor_16x16.png = Icons\v6\map_editor_16x16.png
		Icons\v6\map_editor_32x32.png = Icons\v6\map_editor_32x32.png
		Icons\v6\pin_black_16x16.png = Icons\v6\pin_black_16x16.png
		Icons\v6\pin_black_32x32.png = Icons\v6\pin_black_32x32.png
		Icons\v6\pin_black_48x48.png = Icons\v6\pin_black_48x48.png
		Icons\v6\pin_red_16x16.png = Icons\v6\pin_red_16x16.png
		Icons\v6\pin_red_32x32.png = Icons\v6\pin_red_32x32.png
		Icons\v6\pin_red_48x48.png = Icons\v6\pin_red_48x48.png
		Icons\v6\print_report_16x16.png = Icons\v6\print_report_16x16.png
		Icons\v6\print_report_32x32 .png = Icons\v6\print_report_32x32 .png
		Icons\v6\publish_folder_16x16.png = Icons\v6\publish_folder_16x16.png
		Icons\v6\publish_folder_32x32.png = Icons\v6\publish_folder_32x32.png
		Icons\v6\publish_layout_16x16.png = Icons\v6\publish_layout_16x16.png
		Icons\v6\publish_layout_32x32.png = Icons\v6\publish_layout_32x32.png
		Icons\v6\publish_query_16x16.png = Icons\v6\publish_query_16x16.png
		Icons\v6\publish_query_32x32.png = Icons\v6\publish_query_32x32.png
		Icons\v6\publish_report_16x16.png = Icons\v6\publish_report_16x16.png
		Icons\v6\publish_report_32x32.png = Icons\v6\publish_report_32x32.png
		Icons\v6\query_16x16.png = Icons\v6\query_16x16.png
		Icons\v6\query_deleted.ico = Icons\v6\query_deleted.ico
		Icons\v6\query_new.ico = Icons\v6\query_new.ico
		Icons\v6\query_open_16x16.png = Icons\v6\query_open_16x16.png
		Icons\v6\query_open_32x32.png = Icons\v6\query_open_32x32.png
		Icons\v6\refresh_data_16x16.png = Icons\v6\refresh_data_16x16.png
		Icons\v6\refresh_data_32x32.png = Icons\v6\refresh_data_32x32.png
		Icons\v6\replicate_data_16x16.png = Icons\v6\replicate_data_16x16.png
		Icons\v6\replicate_data_32x32.png = Icons\v6\replicate_data_32x32.png
		Icons\v6\unpublish_folder_16x16.png = Icons\v6\unpublish_folder_16x16.png
		Icons\v6\unpublish_folder_32x32.png = Icons\v6\unpublish_folder_32x32.png
		Icons\v6\unpublish_layout_16x16.png = Icons\v6\unpublish_layout_16x16.png
		Icons\v6\unpublish_layout_32x32.png = Icons\v6\unpublish_layout_32x32.png
		Icons\v6\unpublish_query_16x16.png = Icons\v6\unpublish_query_16x16.png
		Icons\v6\unpublish_query_32x32.png = Icons\v6\unpublish_query_32x32.png
		Icons\v6\vet_aberration_report_16x16.png = Icons\v6\vet_aberration_report_16x16.png
		Icons\v6\vet_aberration_report_32x32.png = Icons\v6\vet_aberration_report_32x32.png
		Icons\v6\vet_aggregate_action_deduplication_16x16.png = Icons\v6\vet_aggregate_action_deduplication_16x16.png
		Icons\v6\vet_aggregate_action_deduplication_32x32.png = Icons\v6\vet_aggregate_action_deduplication_32x32.png
		Icons\v6\vet_aggregate_deduplication_16x16.png = Icons\v6\vet_aggregate_deduplication_16x16.png
		Icons\v6\vet_aggregate_deduplication_32x32.png = Icons\v6\vet_aggregate_deduplication_32x32.png
		Icons\v6\vet_report_16x16.png = Icons\v6\vet_report_16x16.png
		Icons\v6\vet_report_32x32.png = Icons\v6\vet_report_32x32.png
		Icons\v6\view_16_x16.png = Icons\v6\view_16_x16.png
		Icons\v6\view_32_x32.png = Icons\v6\view_32_x32.png
	EndProjectSection
EndProject
Project("{2150E333-8FDC-42A3-9474-1A3956D46DE8}") = "eidss.skin", "eidss.skin", "{9648EC4F-2547-4D18-AD8A-4302BAD292D2}"
	ProjectSection(SolutionItems) = preProject
		eidss.skin\eidss.skin.dll = eidss.skin\eidss.skin.dll
		eidss.skin\eidss.skin.skin = eidss.skin\eidss.skin.skin
	EndProjectSection
EndProject
Project("{2150E333-8FDC-42A3-9474-1A3956D46DE8}") = "SqlServerTypes", "SqlServerTypes", "{8BAC9B79-B17F-4D4E-B19E-7F25B4E6B0A7}"
EndProject
Project("{2150E333-8FDC-42A3-9474-1A3956D46DE8}") = "x86", "x86", "{C23720CA-EBF4-4719-8851-01B4A25FFEEB}"
	ProjectSection(SolutionItems) = preProject
		dlls\gis\SqlServerTypes\x86\Microsoft.SqlServer.Types.dll = dlls\gis\SqlServerTypes\x86\Microsoft.SqlServer.Types.dll
		dlls\gis\SqlServerTypes\x86\msvcr100.dll = dlls\gis\SqlServerTypes\x86\msvcr100.dll
		dlls\gis\SqlServerTypes\x86\SqlServerSpatial110.dll = dlls\gis\SqlServerTypes\x86\SqlServerSpatial110.dll
	EndProjectSection
EndProject
Project("{2150E333-8FDC-42A3-9474-1A3956D46DE8}") = "x64", "x64", "{2D954F75-2E3E-4D73-BE99-B2F794FF234E}"
	ProjectSection(SolutionItems) = preProject
		dlls\gis\SqlServerTypes\x64\Microsoft.SqlServer.Types.dll = dlls\gis\SqlServerTypes\x64\Microsoft.SqlServer.Types.dll
		dlls\gis\SqlServerTypes\x64\msvcr100.dll = dlls\gis\SqlServerTypes\x64\msvcr100.dll
		dlls\gis\SqlServerTypes\x64\SqlServerSpatial110.dll = dlls\gis\SqlServerTypes\x64\SqlServerSpatial110.dll
	EndProjectSection
EndProject
Project("{2150E333-8FDC-42A3-9474-1A3956D46DE8}") = "Paper Forms", "Paper Forms", "{50040156-1545-43F7-B75F-65D856A81807}"
EndProject
Project("{2150E333-8FDC-42A3-9474-1A3956D46DE8}") = "az-L", "az-L", "{4359AA23-BF40-4F04-84F2-C7BB8DEE556E}"
	ProjectSection(SolutionItems) = preProject
		Paper Forms\az-L\General Case Investigation Form.pdf = Paper Forms\az-L\General Case Investigation Form.pdf
		Paper Forms\az-L\Investigation Form For Avian Disease Outbreaks.pdf = Paper Forms\az-L\Investigation Form For Avian Disease Outbreaks.pdf
		Paper Forms\az-L\Investigation Form For Livestock Disease Outbreaks.pdf = Paper Forms\az-L\Investigation Form For Livestock Disease Outbreaks.pdf
	EndProjectSection
EndProject
Project("{2150E333-8FDC-42A3-9474-1A3956D46DE8}") = "En", "En", "{F723C562-64E3-49FE-AE5D-617F21AB4710}"
	ProjectSection(SolutionItems) = preProject
		Paper Forms\En\General Case Investigation Form.pdf = Paper Forms\En\General Case Investigation Form.pdf
		Paper Forms\En\Investigation Form For Avian Disease Outbreaks.pdf = Paper Forms\En\Investigation Form For Avian Disease Outbreaks.pdf
		Paper Forms\En\Investigation Form For Livestock Disease Outbreaks.pdf = Paper Forms\En\Investigation Form For Livestock Disease Outbreaks.pdf
	EndProjectSection
EndProject
Project("{2150E333-8FDC-42A3-9474-1A3956D46DE8}") = "ka", "ka", "{469C095D-BFF8-474E-ACC3-781A94A95522}"
	ProjectSection(SolutionItems) = preProject
		Paper Forms\ka\General Case Investigation Form.pdf = Paper Forms\ka\General Case Investigation Form.pdf
		Paper Forms\ka\Investigation Form For Avian Disease Outbreaks.pdf = Paper Forms\ka\Investigation Form For Avian Disease Outbreaks.pdf
		Paper Forms\ka\Investigation Form For Livestock Disease Outbreaks.pdf = Paper Forms\ka\Investigation Form For Livestock Disease Outbreaks.pdf
	EndProjectSection
EndProject
Project("{2150E333-8FDC-42A3-9474-1A3956D46DE8}") = "RU", "RU", "{34B7EC3C-9636-4D2A-ABC3-92B24D5CB4C1}"
	ProjectSection(SolutionItems) = preProject
		Paper Forms\RU\General Case Investigation Form.pdf = Paper Forms\RU\General Case Investigation Form.pdf
		Paper Forms\RU\Investigation Form For Avian Disease Outbreaks.pdf = Paper Forms\RU\Investigation Form For Avian Disease Outbreaks.pdf
		Paper Forms\RU\Investigation Form For Livestock Disease Outbreaks.pdf = Paper Forms\RU\Investigation Form For Livestock Disease Outbreaks.pdf
	EndProjectSection
EndProject
Project("{2150E333-8FDC-42A3-9474-1A3956D46DE8}") = "th", "th", "{2ACB0BD9-6769-4A85-AD12-B96D8AB5DDBA}"
	ProjectSection(SolutionItems) = preProject
		Paper Forms\th\General Case Investigation Form.pdf = Paper Forms\th\General Case Investigation Form.pdf
		Paper Forms\th\Investigation Form For Avian Disease Outbreaks.pdf = Paper Forms\th\Investigation Form For Avian Disease Outbreaks.pdf
		Paper Forms\th\Investigation Form For Livestock Disease Outbreaks.pdf = Paper Forms\th\Investigation Form For Livestock Disease Outbreaks.pdf
	EndProjectSection
EndProject
Project("{2150E333-8FDC-42A3-9474-1A3956D46DE8}") = "ar-IQ", "ar-IQ", "{94FFC5A3-B298-4443-9CD6-BA984217BDC5}"
	ProjectSection(SolutionItems) = preProject
		dlls\gis\ar-IQ\GIS_V6.resources.dll = dlls\gis\ar-IQ\GIS_V6.resources.dll
	EndProjectSection
EndProject
Project("{2150E333-8FDC-42A3-9474-1A3956D46DE8}") = "Flags", "Flags", "{5685C9AD-85D7-45C9-9D0C-3A269D489D08}"
	ProjectSection(SolutionItems) = preProject
		Icons\Flags\thailand-flag.png = Icons\Flags\thailand-flag.png
		Icons\Flags\thailand_flag_16.png = Icons\Flags\thailand_flag_16.png
		Icons\Flags\thailand_flag_32.png = Icons\Flags\thailand_flag_32.png
	EndProjectSection
EndProject
Project("{FAE04EC0-301F-11D3-BF4B-00C04F79EFBC}") = "bv.common", "bv.common\bv.common.csproj", "{BEE76B17-720D-4B65-996A-5712912B3ACF}"
EndProject
Project("{FAE04EC0-301F-11D3-BF4B-00C04F79EFBC}") = "BLToolkit.4", "bltoolkit.3.2.dev\BLToolkit.4.csproj", "{0C325F5D-E50E-4340-8724-D29896CCC583}"
EndProject
Project("{FAE04EC0-301F-11D3-BF4B-00C04F79EFBC}") = "bv.designtime", "bv.designtime\bv.designtime.csproj", "{BF56934D-0609-44B0-96AD-C674EE46A3A3}"
EndProject
Project("{FAE04EC0-301F-11D3-BF4B-00C04F79EFBC}") = "bv.model", "bv.model\bv.model.csproj", "{9067327E-1960-4326-ACB9-D982DDBEAA76}"
EndProject
Project("{FAE04EC0-301F-11D3-BF4B-00C04F79EFBC}") = "bv.tests", "bv.tests\bv.tests.csproj", "{2B47411D-EF70-4AC6-8EED-F43C257CFEAF}"
EndProject
Project("{FAE04EC0-301F-11D3-BF4B-00C04F79EFBC}") = "bv.winclient", "bv.winclient\bv.winclient.csproj", "{B0163672-F328-4D02-9B71-FB698EDAF815}"
EndProject
Project("{FAE04EC0-301F-11D3-BF4B-00C04F79EFBC}") = "eidss.model", "eidss.model\eidss.model.csproj", "{E4B87B63-D5F2-4F9F-B39C-A7714896D1DE}"
EndProject
Project("{FAE04EC0-301F-11D3-BF4B-00C04F79EFBC}") = "bv.WinTests", "bv.WinTests\bv.WinTests.csproj", "{40A5F6CC-7132-4329-993D-DB37D7F9BD91}"
EndProject
Project("{FAE04EC0-301F-11D3-BF4B-00C04F79EFBC}") = "eidss.winclient", "eidss.winclient\eidss.winclient.csproj", "{428C1EFE-F1A1-441A-9C59-50AE279F887F}"
EndProject
Project("{FAE04EC0-301F-11D3-BF4B-00C04F79EFBC}") = "eidss.remoting", "eidss.remoting\eidss.remoting.csproj", "{59C761C4-5FAA-49BC-9E73-155C5EA095A2}"
EndProject
Project("{FAE04EC0-301F-11D3-BF4B-00C04F79EFBC}") = "eidss.main", "eidss.main\eidss.main.csproj", "{660A3AEB-B22D-40AE-BD03-C0966B3B9EE0}"
	ProjectSection(ProjectDependencies) = postProject
		{5FBDE423-85E7-46FD-B448-DBE7DC0EC63D} = {5FBDE423-85E7-46FD-B448-DBE7DC0EC63D}
		{75A1FF29-BB1F-4376-A548-B98258961633} = {75A1FF29-BB1F-4376-A548-B98258961633}
		{6618E836-9B1C-4950-8383-0CF540B4C0DD} = {6618E836-9B1C-4950-8383-0CF540B4C0DD}
		{D068D455-22BB-4C94-AA32-593AE9077304} = {D068D455-22BB-4C94-AA32-593AE9077304}
		{27A65C6E-D720-4777-A5E7-8FA580EFED31} = {27A65C6E-D720-4777-A5E7-8FA580EFED31}
		{E2445070-F512-4979-B14A-6B815D78024B} = {E2445070-F512-4979-B14A-6B815D78024B}
		{8C8D6070-B163-40FB-8061-B521F1CC90A4} = {8C8D6070-B163-40FB-8061-B521F1CC90A4}
		{389B8F77-0B61-46DB-B752-1ECDC502267D} = {389B8F77-0B61-46DB-B752-1ECDC502267D}
		{18311378-9AE4-46AE-8FC0-BB5F1A347D8A} = {18311378-9AE4-46AE-8FC0-BB5F1A347D8A}
		{B66DEB84-FBE3-44E4-9B72-1E459CE0E50D} = {B66DEB84-FBE3-44E4-9B72-1E459CE0E50D}
		{50453588-FE50-45FE-BBE5-029F78DED84C} = {50453588-FE50-45FE-BBE5-029F78DED84C}
		{8040D091-58E8-4FBE-8F46-D5200EEDAF69} = {8040D091-58E8-4FBE-8F46-D5200EEDAF69}
		{4FD433D5-7B79-4879-85E8-74B4F977C3F3} = {4FD433D5-7B79-4879-85E8-74B4F977C3F3}
		{E1F49CE0-290B-42DD-9C78-4FFD461C6F67} = {E1F49CE0-290B-42DD-9C78-4FFD461C6F67}
		{7122E0E0-019F-494E-8012-155FB3553E14} = {7122E0E0-019F-494E-8012-155FB3553E14}
		{ADF6D2E3-0A81-448A-A823-3C94128B33F5} = {ADF6D2E3-0A81-448A-A823-3C94128B33F5}
		{F1E3D1E8-0C9C-4DB0-AEB1-B8006DCFDC9F} = {F1E3D1E8-0C9C-4DB0-AEB1-B8006DCFDC9F}
	EndProjectSection
EndProject
Project("{FAE04EC0-301F-11D3-BF4B-00C04F79EFBC}") = "eidss.webclient", "eidss.webclient\eidss.webclient.csproj", "{E7DA5B3E-72DC-43E1-B02C-926E7954AADE}"
EndProject
Project("{FAE04EC0-301F-11D3-BF4B-00C04F79EFBC}") = "GeospatialServices", "..\Utils\GeospatialServices\GeospatialServices.csproj", "{4FD433D5-7B79-4879-85E8-74B4F977C3F3}"
EndProject
Project("{F184B08F-C81C-45F6-A57F-5ABD9991F28F}") = "bvcommon", "vb\Shared\bv_common\bvcommon.vbproj", "{BA2844A8-F629-4B02-ACD6-B60063E4D27F}"
EndProject
Project("{F184B08F-C81C-45F6-A57F-5ABD9991F28F}") = "bvdb_common", "vb\Shared\bv_dbcommon\bvdb_common.vbproj", "{6C48BB93-277D-4804-B280-F6130E29EB81}"
EndProject
Project("{F184B08F-C81C-45F6-A57F-5ABD9991F28F}") = "bvwin_common", "vb\Shared\bvwin_common\bvwin_common.vbproj", "{B3E5BA6B-FAA3-4A7D-8236-3F8842D61CD4}"
	ProjectSection(ProjectDependencies) = postProject
		{BF56934D-0609-44B0-96AD-C674EE46A3A3} = {BF56934D-0609-44B0-96AD-C674EE46A3A3}
	EndProjectSection
EndProject
Project("{F184B08F-C81C-45F6-A57F-5ABD9991F28F}") = "EIDSS_Common", "vb\EIDSS\EIDSS_Common\EIDSS_Common.vbproj", "{119CC05A-2F6C-4FC8-AC74-79BB76E3C1C0}"
EndProject
Project("{FAE04EC0-301F-11D3-BF4B-00C04F79EFBC}") = "EIDSS.FlexibleForms", "vb\EIDSS\EIDSS.FlexibleForms\EIDSS.FlexibleForms.csproj", "{8040D091-58E8-4FBE-8F46-D5200EEDAF69}"
EndProject
Project("{FAE04EC0-301F-11D3-BF4B-00C04F79EFBC}") = "eidss.avr", "vb\EIDSS\EIDSS.RAM\eidss.avr.csproj", "{D068D455-22BB-4C94-AA32-593AE9077304}"
EndProject
Project("{FAE04EC0-301F-11D3-BF4B-00C04F79EFBC}") = "eidss.avr_db", "vb\EIDSS\EIDSS.RAM_DB\eidss.avr_db.csproj", "{75A1FF29-BB1F-4376-A548-B98258961633}"
EndProject
Project("{FAE04EC0-301F-11D3-BF4B-00C04F79EFBC}") = "EIDSS.Reports", "vb\EIDSS\EIDSS.Reports\EIDSS.Reports.csproj", "{7122E0E0-019F-494E-8012-155FB3553E14}"
EndProject
Project("{F184B08F-C81C-45F6-A57F-5ABD9991F28F}") = "EIDSS_Admin", "vb\EIDSS\EIDSS_Admin\EIDSS_Admin.vbproj", "{27A65C6E-D720-4777-A5E7-8FA580EFED31}"
EndProject
Project("{F184B08F-C81C-45F6-A57F-5ABD9991F28F}") = "EIDSS_Admin_Db", "vb\EIDSS\EIDSS_Admin_Db\EIDSS_Admin_Db.vbproj", "{6618E836-9B1C-4950-8383-0CF540B4C0DD}"
EndProject
Project("{F184B08F-C81C-45F6-A57F-5ABD9991F28F}") = "EIDSS_Common_Db", "vb\EIDSS\EIDSS_Common_Db\EIDSS_Common_Db.vbproj", "{B66DEB84-FBE3-44E4-9B72-1E459CE0E50D}"
EndProject
Project("{F184B08F-C81C-45F6-A57F-5ABD9991F28F}") = "EIDSS_Common_Forms", "vb\EIDSS\EIDSS_Common_Forms\EIDSS_Common_Forms.vbproj", "{389B8F77-0B61-46DB-B752-1ECDC502267D}"
EndProject
Project("{F184B08F-C81C-45F6-A57F-5ABD9991F28F}") = "EIDSS_Human", "vb\EIDSS\EIDSS_Human\EIDSS_Human.vbproj", "{5FBDE423-85E7-46FD-B448-DBE7DC0EC63D}"
EndProject
Project("{F184B08F-C81C-45F6-A57F-5ABD9991F28F}") = "EIDSS_Human_Db", "vb\EIDSS\EIDSS_Human_Db\EIDSS_Human_Db.vbproj", "{8C8D6070-B163-40FB-8061-B521F1CC90A4}"
EndProject
Project("{F184B08F-C81C-45F6-A57F-5ABD9991F28F}") = "EIDSS_Lims", "vb\EIDSS\EIDSS_Lims\EIDSS_Lims.vbproj", "{50453588-FE50-45FE-BBE5-029F78DED84C}"
EndProject
Project("{F184B08F-C81C-45F6-A57F-5ABD9991F28F}") = "EIDSS_Lims_db", "vb\EIDSS\EIDSS_Limps_db\EIDSS_Lims_db.vbproj", "{18311378-9AE4-46AE-8FC0-BB5F1A347D8A}"
EndProject
Project("{FAE04EC0-301F-11D3-BF4B-00C04F79EFBC}") = "EIDSS_ObjectAccess", "vb\EIDSS\EIDSS_ObjectAccess\EIDSS_ObjectAccess.csproj", "{ADF6D2E3-0A81-448A-A823-3C94128B33F5}"
EndProject
Project("{F184B08F-C81C-45F6-A57F-5ABD9991F28F}") = "EIDSS_Vet", "vb\EIDSS\EIDSS_Vet\EIDSS_Vet.vbproj", "{E2445070-F512-4979-B14A-6B815D78024B}"
EndProject
Project("{F184B08F-C81C-45F6-A57F-5ABD9991F28F}") = "EIDSS_Vet_Db", "vb\EIDSS\EIDSS_Vet_Db\EIDSS_Vet_Db.vbproj", "{F1E3D1E8-0C9C-4DB0-AEB1-B8006DCFDC9F}"
EndProject
Project("{FAE04EC0-301F-11D3-BF4B-00C04F79EFBC}") = "EIDSS_WebServiceExport", "vb\EIDSS\EIDSS_WebServiceExport\EIDSS_WebServiceExport.csproj", "{E1F49CE0-290B-42DD-9C78-4FFD461C6F67}"
EndProject
Project("{FAE04EC0-301F-11D3-BF4B-00C04F79EFBC}") = "eidss.gis", "eidss.gis\eidss.gis.csproj", "{20D52400-EAEF-4ECA-A006-242683176310}"
EndProject
Project("{FAE04EC0-301F-11D3-BF4B-00C04F79EFBC}") = "eidss.gis.common", "eidss.gis.common\eidss.gis.common.csproj", "{A9B1EE20-AC3C-404E-B9AD-110AD63BBEA6}"
EndProject
Project("{F184B08F-C81C-45F6-A57F-5ABD9991F28F}") = "EIDSS_ClientAgent", "vb\EIDSS\EIDSS_ClientAgent\EIDSS_ClientAgent.vbproj", "{2FC5D059-460A-43ED-8BE8-693386B54CAD}"
EndProject
Project("{FAE04EC0-301F-11D3-BF4B-00C04F79EFBC}") = "eidss.mobileclient", "eidss.mobileclient\eidss.mobileclient.csproj", "{11F9B67D-0BEF-4161-BB25-8B0E670C3F85}"
EndProject
Project("{FAE04EC0-301F-11D3-BF4B-00C04F79EFBC}") = "EIDSS.Reports.Service", "EIDSS.Reports.Service\EIDSS.Reports.Service.csproj", "{4C852A40-DB01-49D7-B33E-0C6AE4F16851}"
EndProject
Project("{FAE04EC0-301F-11D3-BF4B-00C04F79EFBC}") = "eidss.core", "eidss.core\eidss.core.csproj", "{BF545ECD-F673-4C71-9362-57C01DF13062}"
EndProject
Project("{FAE04EC0-301F-11D3-BF4B-00C04F79EFBC}") = "OaService", "eidss.oaservice\OaService.csproj", "{549B1A73-808A-4758-98FC-E885E7AC1916}"
EndProject
Project("{FAE04EC0-301F-11D3-BF4B-00C04F79EFBC}") = "eidss.web.common", "eidss.web.common\eidss.web.common.csproj", "{42580011-C747-4070-9D8A-921C844F7327}"
EndProject
Project("{FAE04EC0-301F-11D3-BF4B-00C04F79EFBC}") = "eidss.avr.service", "EIDSS.AVR.Service\eidss.avr.service.csproj", "{1DE00E51-5294-49AB-8C1E-ED8B77F3C9CF}"
EndProject
Project("{FAE04EC0-301F-11D3-BF4B-00C04F79EFBC}") = "eidss.smartphone.web", "eidss.smartphone.web\eidss.smartphone.web.csproj", "{632234DA-FD48-4DEB-A218-27CC05BC46A6}"
EndProject
Project("{FAE04EC0-301F-11D3-BF4B-00C04F79EFBC}") = "eidss.openapi.web", "eidss.openapi.web\eidss.openapi.web.csproj", "{3E2854FD-9D80-4CE7-B6A9-09E160DBF2B7}"
EndProject
Project("{FAE04EC0-301F-11D3-BF4B-00C04F79EFBC}") = "eidss.openapi.bll", "eidss.openapi.bll\eidss.openapi.bll.csproj", "{F06B5B8C-FF70-4B2D-A88C-55A2FE8C8884}"
EndProject
Project("{FAE04EC0-301F-11D3-BF4B-00C04F79EFBC}") = "eidss.openapi.test", "eidss.openapi.test\eidss.openapi.test.csproj", "{7342D1E3-25F4-4E2B-A50A-C5095D2252BE}"
	ProjectSection(ProjectDependencies) = postProject
		{3E2854FD-9D80-4CE7-B6A9-09E160DBF2B7} = {3E2854FD-9D80-4CE7-B6A9-09E160DBF2B7}
	EndProjectSection
EndProject
Project("{FAE04EC0-301F-11D3-BF4B-00C04F79EFBC}") = "eidss.openapi.contract", "eidss.openapi.contract\eidss.openapi.contract.csproj", "{90A555D5-DB79-4074-B9A9-A3FB6624F1BC}"
EndProject
Project("{FAE04EC0-301F-11D3-BF4B-00C04F79EFBC}") = "eidss.openapi.wintest", "eidss.openapi.wintest\eidss.openapi.wintest.csproj", "{B6A3FFE1-409C-48BA-9FD6-1AC9BA6DD66A}"
EndProject
Project("{FAE04EC0-301F-11D3-BF4B-00C04F79EFBC}") = "eidss.avr.mweb", "eidss.avr.mweb\eidss.avr.mweb.csproj", "{9D04E4C4-0C89-4935-9AB5-84138F0C9FC2}"
EndProject
Project("{F184B08F-C81C-45F6-A57F-5ABD9991F28F}") = "EIDSS_Notification_Svc", "vb\EIDSS\EIDSS_NOTIFICATION_SVC\EIDSS_Notification_Svc.vbproj", "{9A878448-063B-401E-9BEA-5BB7D2D5D4CA}"
EndProject
Project("{FAE04EC0-301F-11D3-BF4B-00C04F79EFBC}") = "hmis2eidss.service", "hmis2eidss.service\hmis2eidss.service.csproj", "{47E3E13F-F6D6-4C9C-9D78-1B51BCF42334}"
EndProject
Project("{FAE04EC0-301F-11D3-BF4B-00C04F79EFBC}") = "eidss.avr.export", "eidss.avr.export\eidss.avr.export.csproj", "{82FF0188-898A-43D9-8ECE-317E7217D232}"
EndProject
Project("{FAE04EC0-301F-11D3-BF4B-00C04F79EFBC}") = "eidss.avr.export.x86", "eidss.avr.export.x86\eidss.avr.export.x86.csproj", "{2535E379-1E04-4E84-A7AC-72D2F1D1ADFE}"
EndProject
Project("{FAE04EC0-301F-11D3-BF4B-00C04F79EFBC}") = "EidssConfigEditor", "EidssConfigEditor\EidssConfigEditor.csproj", "{A8603FD0-4EBC-4EE7-970E-7C3ECF75ED34}"
EndProject
Project("{FAE04EC0-301F-11D3-BF4B-00C04F79EFBC}") = "bv.culture.registrator", "bv.culture.registrator\bv.culture.registrator.csproj", "{EB9DDBB3-777F-4186-9DC0-5E09EE0F93C1}"
EndProject
Project("{FAE04EC0-301F-11D3-BF4B-00C04F79EFBC}") = "eidss.model.customization", "eidss.model.customization\eidss.model.customization.csproj", "{14536936-3E5C-466E-82E4-22ED27B1FF35}"
	ProjectSection(ProjectDependencies) = postProject
		{2A4432B2-A686-45F8-9B66-E3BE927656A3} = {2A4432B2-A686-45F8-9B66-E3BE927656A3}
	EndProjectSection
EndProject
Project("{FAE04EC0-301F-11D3-BF4B-00C04F79EFBC}") = "bv.designtime.executable", "bv.designtime.executable\bv.designtime.executable.csproj", "{84AE42FA-C37E-4378-80B5-52C7DB126119}"
EndProject
Project("{FAE04EC0-301F-11D3-BF4B-00C04F79EFBC}") = "Hmis.Contracts", "Hmis.Contracts\Hmis.Contracts.csproj", "{2A4432B2-A686-45F8-9B66-E3BE927656A3}"
EndProject
Global
	GlobalSection(SolutionConfigurationPlatforms) = preSolution
		Debug|Any CPU = Debug|Any CPU
		Release|Any CPU = Release|Any CPU
		Description = V5
	EndGlobalSection
	GlobalSection(ProjectConfigurationPlatforms) = postSolution
		{BEE76B17-720D-4B65-996A-5712912B3ACF}.Debug|Any CPU.ActiveCfg = Debug|Any CPU
		{BEE76B17-720D-4B65-996A-5712912B3ACF}.Debug|Any CPU.Build.0 = Debug|Any CPU
		{BEE76B17-720D-4B65-996A-5712912B3ACF}.Release|Any CPU.ActiveCfg = Release|Any CPU
		{BEE76B17-720D-4B65-996A-5712912B3ACF}.Release|Any CPU.Build.0 = Release|Any CPU
		{0C325F5D-E50E-4340-8724-D29896CCC583}.Debug|Any CPU.ActiveCfg = Debug|Any CPU
		{0C325F5D-E50E-4340-8724-D29896CCC583}.Debug|Any CPU.Build.0 = Debug|Any CPU
		{0C325F5D-E50E-4340-8724-D29896CCC583}.Release|Any CPU.ActiveCfg = Release|Any CPU
		{0C325F5D-E50E-4340-8724-D29896CCC583}.Release|Any CPU.Build.0 = Release|Any CPU
		{BF56934D-0609-44B0-96AD-C674EE46A3A3}.Debug|Any CPU.ActiveCfg = Debug|Any CPU
		{BF56934D-0609-44B0-96AD-C674EE46A3A3}.Release|Any CPU.ActiveCfg = Release|Any CPU
		{9067327E-1960-4326-ACB9-D982DDBEAA76}.Debug|Any CPU.ActiveCfg = Debug|Any CPU
		{9067327E-1960-4326-ACB9-D982DDBEAA76}.Debug|Any CPU.Build.0 = Debug|Any CPU
		{9067327E-1960-4326-ACB9-D982DDBEAA76}.Release|Any CPU.ActiveCfg = Release|Any CPU
		{9067327E-1960-4326-ACB9-D982DDBEAA76}.Release|Any CPU.Build.0 = Release|Any CPU
		{2B47411D-EF70-4AC6-8EED-F43C257CFEAF}.Debug|Any CPU.ActiveCfg = Debug|Any CPU
		{2B47411D-EF70-4AC6-8EED-F43C257CFEAF}.Debug|Any CPU.Build.0 = Debug|Any CPU
		{2B47411D-EF70-4AC6-8EED-F43C257CFEAF}.Release|Any CPU.ActiveCfg = Release|Any CPU
		{2B47411D-EF70-4AC6-8EED-F43C257CFEAF}.Release|Any CPU.Build.0 = Release|Any CPU
		{B0163672-F328-4D02-9B71-FB698EDAF815}.Debug|Any CPU.ActiveCfg = Debug|Any CPU
		{B0163672-F328-4D02-9B71-FB698EDAF815}.Debug|Any CPU.Build.0 = Debug|Any CPU
		{B0163672-F328-4D02-9B71-FB698EDAF815}.Release|Any CPU.ActiveCfg = Release|Any CPU
		{B0163672-F328-4D02-9B71-FB698EDAF815}.Release|Any CPU.Build.0 = Release|Any CPU
		{E4B87B63-D5F2-4F9F-B39C-A7714896D1DE}.Debug|Any CPU.ActiveCfg = Debug|Any CPU
		{E4B87B63-D5F2-4F9F-B39C-A7714896D1DE}.Debug|Any CPU.Build.0 = Debug|Any CPU
		{E4B87B63-D5F2-4F9F-B39C-A7714896D1DE}.Release|Any CPU.ActiveCfg = Release|Any CPU
		{E4B87B63-D5F2-4F9F-B39C-A7714896D1DE}.Release|Any CPU.Build.0 = Release|Any CPU
		{40A5F6CC-7132-4329-993D-DB37D7F9BD91}.Debug|Any CPU.ActiveCfg = Debug|Any CPU
		{40A5F6CC-7132-4329-993D-DB37D7F9BD91}.Debug|Any CPU.Build.0 = Debug|Any CPU
		{40A5F6CC-7132-4329-993D-DB37D7F9BD91}.Release|Any CPU.ActiveCfg = Release|Any CPU
		{428C1EFE-F1A1-441A-9C59-50AE279F887F}.Debug|Any CPU.ActiveCfg = Debug|Any CPU
		{428C1EFE-F1A1-441A-9C59-50AE279F887F}.Debug|Any CPU.Build.0 = Debug|Any CPU
		{428C1EFE-F1A1-441A-9C59-50AE279F887F}.Release|Any CPU.ActiveCfg = Release|Any CPU
		{428C1EFE-F1A1-441A-9C59-50AE279F887F}.Release|Any CPU.Build.0 = Release|Any CPU
		{59C761C4-5FAA-49BC-9E73-155C5EA095A2}.Debug|Any CPU.ActiveCfg = Debug|Any CPU
		{59C761C4-5FAA-49BC-9E73-155C5EA095A2}.Debug|Any CPU.Build.0 = Debug|Any CPU
		{59C761C4-5FAA-49BC-9E73-155C5EA095A2}.Release|Any CPU.ActiveCfg = Release|Any CPU
		{59C761C4-5FAA-49BC-9E73-155C5EA095A2}.Release|Any CPU.Build.0 = Release|Any CPU
		{660A3AEB-B22D-40AE-BD03-C0966B3B9EE0}.Debug|Any CPU.ActiveCfg = Debug|Any CPU
		{660A3AEB-B22D-40AE-BD03-C0966B3B9EE0}.Debug|Any CPU.Build.0 = Debug|Any CPU
		{660A3AEB-B22D-40AE-BD03-C0966B3B9EE0}.Release|Any CPU.ActiveCfg = Release|Any CPU
		{660A3AEB-B22D-40AE-BD03-C0966B3B9EE0}.Release|Any CPU.Build.0 = Release|Any CPU
		{E7DA5B3E-72DC-43E1-B02C-926E7954AADE}.Debug|Any CPU.ActiveCfg = Debug|Any CPU
		{E7DA5B3E-72DC-43E1-B02C-926E7954AADE}.Debug|Any CPU.Build.0 = Debug|Any CPU
		{E7DA5B3E-72DC-43E1-B02C-926E7954AADE}.Release|Any CPU.ActiveCfg = Release|Any CPU
		{E7DA5B3E-72DC-43E1-B02C-926E7954AADE}.Release|Any CPU.Build.0 = Release|Any CPU
		{4FD433D5-7B79-4879-85E8-74B4F977C3F3}.Debug|Any CPU.ActiveCfg = Debug|Any CPU
		{4FD433D5-7B79-4879-85E8-74B4F977C3F3}.Debug|Any CPU.Build.0 = Debug|Any CPU
		{4FD433D5-7B79-4879-85E8-74B4F977C3F3}.Release|Any CPU.ActiveCfg = Release|Any CPU
		{4FD433D5-7B79-4879-85E8-74B4F977C3F3}.Release|Any CPU.Build.0 = Release|Any CPU
		{BA2844A8-F629-4B02-ACD6-B60063E4D27F}.Debug|Any CPU.ActiveCfg = Debug|Any CPU
		{BA2844A8-F629-4B02-ACD6-B60063E4D27F}.Debug|Any CPU.Build.0 = Debug|Any CPU
		{BA2844A8-F629-4B02-ACD6-B60063E4D27F}.Release|Any CPU.ActiveCfg = Release|Any CPU
		{BA2844A8-F629-4B02-ACD6-B60063E4D27F}.Release|Any CPU.Build.0 = Release|Any CPU
		{6C48BB93-277D-4804-B280-F6130E29EB81}.Debug|Any CPU.ActiveCfg = Debug|Any CPU
		{6C48BB93-277D-4804-B280-F6130E29EB81}.Debug|Any CPU.Build.0 = Debug|Any CPU
		{6C48BB93-277D-4804-B280-F6130E29EB81}.Release|Any CPU.ActiveCfg = Release|Any CPU
		{6C48BB93-277D-4804-B280-F6130E29EB81}.Release|Any CPU.Build.0 = Release|Any CPU
		{B3E5BA6B-FAA3-4A7D-8236-3F8842D61CD4}.Debug|Any CPU.ActiveCfg = Debug|Any CPU
		{B3E5BA6B-FAA3-4A7D-8236-3F8842D61CD4}.Debug|Any CPU.Build.0 = Debug|Any CPU
		{B3E5BA6B-FAA3-4A7D-8236-3F8842D61CD4}.Release|Any CPU.ActiveCfg = Release|Any CPU
		{B3E5BA6B-FAA3-4A7D-8236-3F8842D61CD4}.Release|Any CPU.Build.0 = Release|Any CPU
		{119CC05A-2F6C-4FC8-AC74-79BB76E3C1C0}.Debug|Any CPU.ActiveCfg = Debug|Any CPU
		{119CC05A-2F6C-4FC8-AC74-79BB76E3C1C0}.Debug|Any CPU.Build.0 = Debug|Any CPU
		{119CC05A-2F6C-4FC8-AC74-79BB76E3C1C0}.Release|Any CPU.ActiveCfg = Release|Any CPU
		{119CC05A-2F6C-4FC8-AC74-79BB76E3C1C0}.Release|Any CPU.Build.0 = Release|Any CPU
		{8040D091-58E8-4FBE-8F46-D5200EEDAF69}.Debug|Any CPU.ActiveCfg = Debug|Any CPU
		{8040D091-58E8-4FBE-8F46-D5200EEDAF69}.Debug|Any CPU.Build.0 = Debug|Any CPU
		{8040D091-58E8-4FBE-8F46-D5200EEDAF69}.Release|Any CPU.ActiveCfg = Release|Any CPU
		{8040D091-58E8-4FBE-8F46-D5200EEDAF69}.Release|Any CPU.Build.0 = Release|Any CPU
		{D068D455-22BB-4C94-AA32-593AE9077304}.Debug|Any CPU.ActiveCfg = Debug|Any CPU
		{D068D455-22BB-4C94-AA32-593AE9077304}.Debug|Any CPU.Build.0 = Debug|Any CPU
		{D068D455-22BB-4C94-AA32-593AE9077304}.Release|Any CPU.ActiveCfg = Release|Any CPU
		{D068D455-22BB-4C94-AA32-593AE9077304}.Release|Any CPU.Build.0 = Release|Any CPU
		{75A1FF29-BB1F-4376-A548-B98258961633}.Debug|Any CPU.ActiveCfg = Debug|Any CPU
		{75A1FF29-BB1F-4376-A548-B98258961633}.Debug|Any CPU.Build.0 = Debug|Any CPU
		{75A1FF29-BB1F-4376-A548-B98258961633}.Release|Any CPU.ActiveCfg = Release|Any CPU
		{75A1FF29-BB1F-4376-A548-B98258961633}.Release|Any CPU.Build.0 = Release|Any CPU
		{7122E0E0-019F-494E-8012-155FB3553E14}.Debug|Any CPU.ActiveCfg = Debug|Any CPU
		{7122E0E0-019F-494E-8012-155FB3553E14}.Debug|Any CPU.Build.0 = Debug|Any CPU
		{7122E0E0-019F-494E-8012-155FB3553E14}.Release|Any CPU.ActiveCfg = Release|Any CPU
		{7122E0E0-019F-494E-8012-155FB3553E14}.Release|Any CPU.Build.0 = Release|Any CPU
		{27A65C6E-D720-4777-A5E7-8FA580EFED31}.Debug|Any CPU.ActiveCfg = Debug|Any CPU
		{27A65C6E-D720-4777-A5E7-8FA580EFED31}.Debug|Any CPU.Build.0 = Debug|Any CPU
		{27A65C6E-D720-4777-A5E7-8FA580EFED31}.Release|Any CPU.ActiveCfg = Release|Any CPU
		{27A65C6E-D720-4777-A5E7-8FA580EFED31}.Release|Any CPU.Build.0 = Release|Any CPU
		{6618E836-9B1C-4950-8383-0CF540B4C0DD}.Debug|Any CPU.ActiveCfg = Debug|Any CPU
		{6618E836-9B1C-4950-8383-0CF540B4C0DD}.Debug|Any CPU.Build.0 = Debug|Any CPU
		{6618E836-9B1C-4950-8383-0CF540B4C0DD}.Release|Any CPU.ActiveCfg = Release|Any CPU
		{6618E836-9B1C-4950-8383-0CF540B4C0DD}.Release|Any CPU.Build.0 = Release|Any CPU
		{B66DEB84-FBE3-44E4-9B72-1E459CE0E50D}.Debug|Any CPU.ActiveCfg = Debug|Any CPU
		{B66DEB84-FBE3-44E4-9B72-1E459CE0E50D}.Debug|Any CPU.Build.0 = Debug|Any CPU
		{B66DEB84-FBE3-44E4-9B72-1E459CE0E50D}.Release|Any CPU.ActiveCfg = Release|Any CPU
		{B66DEB84-FBE3-44E4-9B72-1E459CE0E50D}.Release|Any CPU.Build.0 = Release|Any CPU
		{389B8F77-0B61-46DB-B752-1ECDC502267D}.Debug|Any CPU.ActiveCfg = Debug|Any CPU
		{389B8F77-0B61-46DB-B752-1ECDC502267D}.Debug|Any CPU.Build.0 = Debug|Any CPU
		{389B8F77-0B61-46DB-B752-1ECDC502267D}.Release|Any CPU.ActiveCfg = Release|Any CPU
		{389B8F77-0B61-46DB-B752-1ECDC502267D}.Release|Any CPU.Build.0 = Release|Any CPU
		{5FBDE423-85E7-46FD-B448-DBE7DC0EC63D}.Debug|Any CPU.ActiveCfg = Debug|Any CPU
		{5FBDE423-85E7-46FD-B448-DBE7DC0EC63D}.Debug|Any CPU.Build.0 = Debug|Any CPU
		{5FBDE423-85E7-46FD-B448-DBE7DC0EC63D}.Release|Any CPU.ActiveCfg = Release|Any CPU
		{5FBDE423-85E7-46FD-B448-DBE7DC0EC63D}.Release|Any CPU.Build.0 = Release|Any CPU
		{8C8D6070-B163-40FB-8061-B521F1CC90A4}.Debug|Any CPU.ActiveCfg = Debug|Any CPU
		{8C8D6070-B163-40FB-8061-B521F1CC90A4}.Debug|Any CPU.Build.0 = Debug|Any CPU
		{8C8D6070-B163-40FB-8061-B521F1CC90A4}.Release|Any CPU.ActiveCfg = Release|Any CPU
		{8C8D6070-B163-40FB-8061-B521F1CC90A4}.Release|Any CPU.Build.0 = Release|Any CPU
		{50453588-FE50-45FE-BBE5-029F78DED84C}.Debug|Any CPU.ActiveCfg = Debug|Any CPU
		{50453588-FE50-45FE-BBE5-029F78DED84C}.Debug|Any CPU.Build.0 = Debug|Any CPU
		{50453588-FE50-45FE-BBE5-029F78DED84C}.Release|Any CPU.ActiveCfg = Release|Any CPU
		{50453588-FE50-45FE-BBE5-029F78DED84C}.Release|Any CPU.Build.0 = Release|Any CPU
		{18311378-9AE4-46AE-8FC0-BB5F1A347D8A}.Debug|Any CPU.ActiveCfg = Debug|Any CPU
		{18311378-9AE4-46AE-8FC0-BB5F1A347D8A}.Debug|Any CPU.Build.0 = Debug|Any CPU
		{18311378-9AE4-46AE-8FC0-BB5F1A347D8A}.Release|Any CPU.ActiveCfg = Release|Any CPU
		{18311378-9AE4-46AE-8FC0-BB5F1A347D8A}.Release|Any CPU.Build.0 = Release|Any CPU
		{ADF6D2E3-0A81-448A-A823-3C94128B33F5}.Debug|Any CPU.ActiveCfg = Debug|Any CPU
		{ADF6D2E3-0A81-448A-A823-3C94128B33F5}.Debug|Any CPU.Build.0 = Debug|Any CPU
		{ADF6D2E3-0A81-448A-A823-3C94128B33F5}.Release|Any CPU.ActiveCfg = Release|Any CPU
		{ADF6D2E3-0A81-448A-A823-3C94128B33F5}.Release|Any CPU.Build.0 = Release|Any CPU
		{E2445070-F512-4979-B14A-6B815D78024B}.Debug|Any CPU.ActiveCfg = Debug|Any CPU
		{E2445070-F512-4979-B14A-6B815D78024B}.Debug|Any CPU.Build.0 = Debug|Any CPU
		{E2445070-F512-4979-B14A-6B815D78024B}.Release|Any CPU.ActiveCfg = Release|Any CPU
		{E2445070-F512-4979-B14A-6B815D78024B}.Release|Any CPU.Build.0 = Release|Any CPU
		{F1E3D1E8-0C9C-4DB0-AEB1-B8006DCFDC9F}.Debug|Any CPU.ActiveCfg = Debug|Any CPU
		{F1E3D1E8-0C9C-4DB0-AEB1-B8006DCFDC9F}.Debug|Any CPU.Build.0 = Debug|Any CPU
		{F1E3D1E8-0C9C-4DB0-AEB1-B8006DCFDC9F}.Release|Any CPU.ActiveCfg = Release|Any CPU
		{F1E3D1E8-0C9C-4DB0-AEB1-B8006DCFDC9F}.Release|Any CPU.Build.0 = Release|Any CPU
		{E1F49CE0-290B-42DD-9C78-4FFD461C6F67}.Debug|Any CPU.ActiveCfg = Debug|Any CPU
		{E1F49CE0-290B-42DD-9C78-4FFD461C6F67}.Debug|Any CPU.Build.0 = Debug|Any CPU
		{E1F49CE0-290B-42DD-9C78-4FFD461C6F67}.Release|Any CPU.ActiveCfg = Release|Any CPU
		{E1F49CE0-290B-42DD-9C78-4FFD461C6F67}.Release|Any CPU.Build.0 = Release|Any CPU
		{20D52400-EAEF-4ECA-A006-242683176310}.Debug|Any CPU.ActiveCfg = Debug|Any CPU
		{20D52400-EAEF-4ECA-A006-242683176310}.Debug|Any CPU.Build.0 = Debug|Any CPU
		{20D52400-EAEF-4ECA-A006-242683176310}.Release|Any CPU.ActiveCfg = Release|Any CPU
		{20D52400-EAEF-4ECA-A006-242683176310}.Release|Any CPU.Build.0 = Release|Any CPU
		{A9B1EE20-AC3C-404E-B9AD-110AD63BBEA6}.Debug|Any CPU.ActiveCfg = Debug|Any CPU
		{A9B1EE20-AC3C-404E-B9AD-110AD63BBEA6}.Debug|Any CPU.Build.0 = Debug|Any CPU
		{A9B1EE20-AC3C-404E-B9AD-110AD63BBEA6}.Release|Any CPU.ActiveCfg = Release|Any CPU
		{A9B1EE20-AC3C-404E-B9AD-110AD63BBEA6}.Release|Any CPU.Build.0 = Release|Any CPU
		{2FC5D059-460A-43ED-8BE8-693386B54CAD}.Debug|Any CPU.ActiveCfg = Debug|Any CPU
		{2FC5D059-460A-43ED-8BE8-693386B54CAD}.Debug|Any CPU.Build.0 = Debug|Any CPU
		{2FC5D059-460A-43ED-8BE8-693386B54CAD}.Release|Any CPU.ActiveCfg = Release|Any CPU
		{2FC5D059-460A-43ED-8BE8-693386B54CAD}.Release|Any CPU.Build.0 = Release|Any CPU
		{11F9B67D-0BEF-4161-BB25-8B0E670C3F85}.Debug|Any CPU.ActiveCfg = Debug|Any CPU
		{11F9B67D-0BEF-4161-BB25-8B0E670C3F85}.Debug|Any CPU.Build.0 = Debug|Any CPU
		{11F9B67D-0BEF-4161-BB25-8B0E670C3F85}.Release|Any CPU.ActiveCfg = Release|Any CPU
		{11F9B67D-0BEF-4161-BB25-8B0E670C3F85}.Release|Any CPU.Build.0 = Release|Any CPU
		{4C852A40-DB01-49D7-B33E-0C6AE4F16851}.Debug|Any CPU.ActiveCfg = Debug|Any CPU
		{4C852A40-DB01-49D7-B33E-0C6AE4F16851}.Debug|Any CPU.Build.0 = Debug|Any CPU
		{4C852A40-DB01-49D7-B33E-0C6AE4F16851}.Release|Any CPU.ActiveCfg = Release|Any CPU
		{4C852A40-DB01-49D7-B33E-0C6AE4F16851}.Release|Any CPU.Build.0 = Release|Any CPU
		{BF545ECD-F673-4C71-9362-57C01DF13062}.Debug|Any CPU.ActiveCfg = Debug|Any CPU
		{BF545ECD-F673-4C71-9362-57C01DF13062}.Debug|Any CPU.Build.0 = Debug|Any CPU
		{BF545ECD-F673-4C71-9362-57C01DF13062}.Release|Any CPU.ActiveCfg = Release|Any CPU
		{BF545ECD-F673-4C71-9362-57C01DF13062}.Release|Any CPU.Build.0 = Release|Any CPU
		{549B1A73-808A-4758-98FC-E885E7AC1916}.Debug|Any CPU.ActiveCfg = Debug|Any CPU
		{549B1A73-808A-4758-98FC-E885E7AC1916}.Debug|Any CPU.Build.0 = Debug|Any CPU
		{549B1A73-808A-4758-98FC-E885E7AC1916}.Release|Any CPU.ActiveCfg = Release|Any CPU
		{549B1A73-808A-4758-98FC-E885E7AC1916}.Release|Any CPU.Build.0 = Release|Any CPU
		{42580011-C747-4070-9D8A-921C844F7327}.Debug|Any CPU.ActiveCfg = Debug|Any CPU
		{42580011-C747-4070-9D8A-921C844F7327}.Debug|Any CPU.Build.0 = Debug|Any CPU
		{42580011-C747-4070-9D8A-921C844F7327}.Release|Any CPU.ActiveCfg = Release|Any CPU
		{42580011-C747-4070-9D8A-921C844F7327}.Release|Any CPU.Build.0 = Release|Any CPU
		{1DE00E51-5294-49AB-8C1E-ED8B77F3C9CF}.Debug|Any CPU.ActiveCfg = Debug|Any CPU
		{1DE00E51-5294-49AB-8C1E-ED8B77F3C9CF}.Debug|Any CPU.Build.0 = Debug|Any CPU
		{1DE00E51-5294-49AB-8C1E-ED8B77F3C9CF}.Release|Any CPU.ActiveCfg = Release|Any CPU
		{1DE00E51-5294-49AB-8C1E-ED8B77F3C9CF}.Release|Any CPU.Build.0 = Release|Any CPU
		{632234DA-FD48-4DEB-A218-27CC05BC46A6}.Debug|Any CPU.ActiveCfg = Debug|Any CPU
		{632234DA-FD48-4DEB-A218-27CC05BC46A6}.Debug|Any CPU.Build.0 = Debug|Any CPU
		{632234DA-FD48-4DEB-A218-27CC05BC46A6}.Release|Any CPU.ActiveCfg = Release|Any CPU
		{632234DA-FD48-4DEB-A218-27CC05BC46A6}.Release|Any CPU.Build.0 = Release|Any CPU
		{3E2854FD-9D80-4CE7-B6A9-09E160DBF2B7}.Debug|Any CPU.ActiveCfg = Debug|Any CPU
		{3E2854FD-9D80-4CE7-B6A9-09E160DBF2B7}.Debug|Any CPU.Build.0 = Debug|Any CPU
		{3E2854FD-9D80-4CE7-B6A9-09E160DBF2B7}.Release|Any CPU.ActiveCfg = Release|Any CPU
		{3E2854FD-9D80-4CE7-B6A9-09E160DBF2B7}.Release|Any CPU.Build.0 = Release|Any CPU
		{F06B5B8C-FF70-4B2D-A88C-55A2FE8C8884}.Debug|Any CPU.ActiveCfg = Debug|Any CPU
		{F06B5B8C-FF70-4B2D-A88C-55A2FE8C8884}.Debug|Any CPU.Build.0 = Debug|Any CPU
		{F06B5B8C-FF70-4B2D-A88C-55A2FE8C8884}.Release|Any CPU.ActiveCfg = Release|Any CPU
		{F06B5B8C-FF70-4B2D-A88C-55A2FE8C8884}.Release|Any CPU.Build.0 = Release|Any CPU
		{7342D1E3-25F4-4E2B-A50A-C5095D2252BE}.Debug|Any CPU.ActiveCfg = Debug|Any CPU
		{7342D1E3-25F4-4E2B-A50A-C5095D2252BE}.Debug|Any CPU.Build.0 = Debug|Any CPU
		{7342D1E3-25F4-4E2B-A50A-C5095D2252BE}.Release|Any CPU.ActiveCfg = Release|Any CPU
		{7342D1E3-25F4-4E2B-A50A-C5095D2252BE}.Release|Any CPU.Build.0 = Release|Any CPU
		{90A555D5-DB79-4074-B9A9-A3FB6624F1BC}.Debug|Any CPU.ActiveCfg = Debug|Any CPU
		{90A555D5-DB79-4074-B9A9-A3FB6624F1BC}.Debug|Any CPU.Build.0 = Debug|Any CPU
		{90A555D5-DB79-4074-B9A9-A3FB6624F1BC}.Release|Any CPU.ActiveCfg = Release|Any CPU
		{90A555D5-DB79-4074-B9A9-A3FB6624F1BC}.Release|Any CPU.Build.0 = Release|Any CPU
		{B6A3FFE1-409C-48BA-9FD6-1AC9BA6DD66A}.Debug|Any CPU.ActiveCfg = Debug|Any CPU
		{B6A3FFE1-409C-48BA-9FD6-1AC9BA6DD66A}.Debug|Any CPU.Build.0 = Debug|Any CPU
		{B6A3FFE1-409C-48BA-9FD6-1AC9BA6DD66A}.Release|Any CPU.ActiveCfg = Release|Any CPU
		{B6A3FFE1-409C-48BA-9FD6-1AC9BA6DD66A}.Release|Any CPU.Build.0 = Release|Any CPU
		{9D04E4C4-0C89-4935-9AB5-84138F0C9FC2}.Debug|Any CPU.ActiveCfg = Debug|Any CPU
		{9D04E4C4-0C89-4935-9AB5-84138F0C9FC2}.Debug|Any CPU.Build.0 = Debug|Any CPU
		{9D04E4C4-0C89-4935-9AB5-84138F0C9FC2}.Release|Any CPU.ActiveCfg = Release|Any CPU
		{9D04E4C4-0C89-4935-9AB5-84138F0C9FC2}.Release|Any CPU.Build.0 = Release|Any CPU
		{9A878448-063B-401E-9BEA-5BB7D2D5D4CA}.Debug|Any CPU.ActiveCfg = Debug|Any CPU
		{9A878448-063B-401E-9BEA-5BB7D2D5D4CA}.Debug|Any CPU.Build.0 = Debug|Any CPU
		{9A878448-063B-401E-9BEA-5BB7D2D5D4CA}.Release|Any CPU.ActiveCfg = Release|Any CPU
		{9A878448-063B-401E-9BEA-5BB7D2D5D4CA}.Release|Any CPU.Build.0 = Release|Any CPU
		{47E3E13F-F6D6-4C9C-9D78-1B51BCF42334}.Debug|Any CPU.ActiveCfg = Debug|Any CPU
		{47E3E13F-F6D6-4C9C-9D78-1B51BCF42334}.Debug|Any CPU.Build.0 = Debug|Any CPU
		{47E3E13F-F6D6-4C9C-9D78-1B51BCF42334}.Release|Any CPU.ActiveCfg = Release|Any CPU
		{47E3E13F-F6D6-4C9C-9D78-1B51BCF42334}.Release|Any CPU.Build.0 = Release|Any CPU
		{82FF0188-898A-43D9-8ECE-317E7217D232}.Debug|Any CPU.ActiveCfg = Debug|Any CPU
		{82FF0188-898A-43D9-8ECE-317E7217D232}.Debug|Any CPU.Build.0 = Debug|Any CPU
		{82FF0188-898A-43D9-8ECE-317E7217D232}.Release|Any CPU.ActiveCfg = Release|Any CPU
		{82FF0188-898A-43D9-8ECE-317E7217D232}.Release|Any CPU.Build.0 = Release|Any CPU
		{2535E379-1E04-4E84-A7AC-72D2F1D1ADFE}.Debug|Any CPU.ActiveCfg = Debug|Any CPU
		{2535E379-1E04-4E84-A7AC-72D2F1D1ADFE}.Debug|Any CPU.Build.0 = Debug|Any CPU
		{2535E379-1E04-4E84-A7AC-72D2F1D1ADFE}.Release|Any CPU.ActiveCfg = Release|Any CPU
		{2535E379-1E04-4E84-A7AC-72D2F1D1ADFE}.Release|Any CPU.Build.0 = Release|Any CPU
		{A8603FD0-4EBC-4EE7-970E-7C3ECF75ED34}.Debug|Any CPU.ActiveCfg = Debug|Any CPU
		{A8603FD0-4EBC-4EE7-970E-7C3ECF75ED34}.Debug|Any CPU.Build.0 = Debug|Any CPU
		{A8603FD0-4EBC-4EE7-970E-7C3ECF75ED34}.Release|Any CPU.ActiveCfg = Release|Any CPU
		{A8603FD0-4EBC-4EE7-970E-7C3ECF75ED34}.Release|Any CPU.Build.0 = Release|Any CPU
		{EB9DDBB3-777F-4186-9DC0-5E09EE0F93C1}.Debug|Any CPU.ActiveCfg = Debug|Any CPU
		{EB9DDBB3-777F-4186-9DC0-5E09EE0F93C1}.Debug|Any CPU.Build.0 = Debug|Any CPU
		{EB9DDBB3-777F-4186-9DC0-5E09EE0F93C1}.Release|Any CPU.ActiveCfg = Release|Any CPU
		{EB9DDBB3-777F-4186-9DC0-5E09EE0F93C1}.Release|Any CPU.Build.0 = Release|Any CPU
		{14536936-3E5C-466E-82E4-22ED27B1FF35}.Debug|Any CPU.ActiveCfg = Debug|Any CPU
		{14536936-3E5C-466E-82E4-22ED27B1FF35}.Debug|Any CPU.Build.0 = Debug|Any CPU
		{14536936-3E5C-466E-82E4-22ED27B1FF35}.Release|Any CPU.ActiveCfg = Release|Any CPU
		{14536936-3E5C-466E-82E4-22ED27B1FF35}.Release|Any CPU.Build.0 = Release|Any CPU
		{84AE42FA-C37E-4378-80B5-52C7DB126119}.Debug|Any CPU.ActiveCfg = Debug|Any CPU
		{84AE42FA-C37E-4378-80B5-52C7DB126119}.Release|Any CPU.ActiveCfg = Release|Any CPU
		{2A4432B2-A686-45F8-9B66-E3BE927656A3}.Debug|Any CPU.ActiveCfg = Debug|Any CPU
		{2A4432B2-A686-45F8-9B66-E3BE927656A3}.Debug|Any CPU.Build.0 = Debug|Any CPU
		{2A4432B2-A686-45F8-9B66-E3BE927656A3}.Release|Any CPU.ActiveCfg = Release|Any CPU
		{2A4432B2-A686-45F8-9B66-E3BE927656A3}.Release|Any CPU.Build.0 = Release|Any CPU
	EndGlobalSection
	GlobalSection(SolutionProperties) = preSolution
		HideSolutionNode = FALSE
	EndGlobalSection
	GlobalSection(NestedProjects) = preSolution
		{B1743A35-9830-478E-BD2A-F507C9FB2026} = {DB49D6F0-0E83-4269-9432-6560FFB0287A}
		{522B5053-C814-48CB-B935-E146A6E8C0BD} = {DB49D6F0-0E83-4269-9432-6560FFB0287A}
		{0FF5372B-B9C2-4293-A321-BD7270DE7360} = {B1743A35-9830-478E-BD2A-F507C9FB2026}
		{5CF5AF5A-5B2B-4BA0-9DDD-17AB79D1ABEF} = {DB49D6F0-0E83-4269-9432-6560FFB0287A}
		{6FA07405-67A3-4F7B-ACA7-EC7B6102B934} = {DB49D6F0-0E83-4269-9432-6560FFB0287A}
		{025E6843-6055-45B2-A481-753FFAF35511} = {DB49D6F0-0E83-4269-9432-6560FFB0287A}
		{EA8362A0-70B8-4A69-942B-75435ED6844E} = {B1743A35-9830-478E-BD2A-F507C9FB2026}
		{D8CB333E-8BC6-47AE-A6A0-B029EA269EEB} = {0FF5372B-B9C2-4293-A321-BD7270DE7360}
		{B6790C77-1333-4B2E-BB06-C50F4AFB0106} = {0FF5372B-B9C2-4293-A321-BD7270DE7360}
		{380D82F7-9194-4C53-87CC-79361378E38C} = {0FF5372B-B9C2-4293-A321-BD7270DE7360}
		{1D19CAF0-D34D-45F2-8656-AC05BB0C48BA} = {0FF5372B-B9C2-4293-A321-BD7270DE7360}
		{0AE57618-AAAE-429F-BFFF-9792466D6D6C} = {0FF5372B-B9C2-4293-A321-BD7270DE7360}
		{67A4BC5D-F3AA-4584-B398-1802BB9C984D} = {0FF5372B-B9C2-4293-A321-BD7270DE7360}
		{F0DA0F05-D852-405C-AABA-6D97A7645F34} = {6FA07405-67A3-4F7B-ACA7-EC7B6102B934}
		{9648EC4F-2547-4D18-AD8A-4302BAD292D2} = {DB49D6F0-0E83-4269-9432-6560FFB0287A}
		{8BAC9B79-B17F-4D4E-B19E-7F25B4E6B0A7} = {0FF5372B-B9C2-4293-A321-BD7270DE7360}
		{C23720CA-EBF4-4719-8851-01B4A25FFEEB} = {8BAC9B79-B17F-4D4E-B19E-7F25B4E6B0A7}
		{2D954F75-2E3E-4D73-BE99-B2F794FF234E} = {8BAC9B79-B17F-4D4E-B19E-7F25B4E6B0A7}
		{50040156-1545-43F7-B75F-65D856A81807} = {DB49D6F0-0E83-4269-9432-6560FFB0287A}
		{4359AA23-BF40-4F04-84F2-C7BB8DEE556E} = {50040156-1545-43F7-B75F-65D856A81807}
		{F723C562-64E3-49FE-AE5D-617F21AB4710} = {50040156-1545-43F7-B75F-65D856A81807}
		{469C095D-BFF8-474E-ACC3-781A94A95522} = {50040156-1545-43F7-B75F-65D856A81807}
		{34B7EC3C-9636-4D2A-ABC3-92B24D5CB4C1} = {50040156-1545-43F7-B75F-65D856A81807}
		{2ACB0BD9-6769-4A85-AD12-B96D8AB5DDBA} = {50040156-1545-43F7-B75F-65D856A81807}
		{94FFC5A3-B298-4443-9CD6-BA984217BDC5} = {0FF5372B-B9C2-4293-A321-BD7270DE7360}
		{5685C9AD-85D7-45C9-9D0C-3A269D489D08} = {DB49D6F0-0E83-4269-9432-6560FFB0287A}
	EndGlobalSection
	GlobalSection(TeamFoundationVersionControl) = preSolution
		SccNumberOfProjects = 57
		SccEnterpriseProvider = {4CA58AB2-18FA-4F8D-95D4-32DDF27D184C}
		SccTeamFoundationServer = http://192.255.51.86:8080/tfs/eidss
		SccProjectUniqueName0 = bltoolkit.3.2.dev\\BLToolkit.4.csproj
		SccProjectName0 = bltoolkit.3.2.dev
		SccAuxPath0 = http://192.255.51.86:8080/tfs/eidss
		SccLocalPath0 = bltoolkit.3.2.dev
		SccProvider0 = {4CA58AB2-18FA-4F8D-95D4-32DDF27D184C}
		SccProjectUniqueName1 = bv.common\\bv.common.csproj
		SccProjectName1 = bv.common
		SccAuxPath1 = http://192.255.51.86:8080/tfs/eidss
		SccLocalPath1 = bv.common
		SccProvider1 = {4CA58AB2-18FA-4F8D-95D4-32DDF27D184C}
		SccProjectUniqueName2 = bv.model\\bv.model.csproj
		SccProjectName2 = bv.model
		SccAuxPath2 = http://192.255.51.86:8080/tfs/eidss
		SccLocalPath2 = bv.model
		SccProvider2 = {4CA58AB2-18FA-4F8D-95D4-32DDF27D184C}
		SccProjectUniqueName3 = bv.winclient\\bv.winclient.csproj
		SccProjectName3 = bv.winclient
		SccAuxPath3 = http://192.255.51.86:8080/tfs/eidss
		SccLocalPath3 = bv.winclient
		SccProvider3 = {4CA58AB2-18FA-4F8D-95D4-32DDF27D184C}
		SccProjectUniqueName4 = eidss.core\\eidss.core.csproj
		SccProjectName4 = eidss.core
		SccAuxPath4 = http://192.255.51.86:8080/tfs/eidss
		SccLocalPath4 = eidss.core
		SccProvider4 = {4CA58AB2-18FA-4F8D-95D4-32DDF27D184C}
		SccProjectUniqueName5 = eidss.gis.common\\eidss.gis.common.csproj
		SccProjectName5 = eidss.gis.common
		SccAuxPath5 = http://192.255.51.86:8080/tfs/eidss
		SccLocalPath5 = eidss.gis.common
		SccProvider5 = {4CA58AB2-18FA-4F8D-95D4-32DDF27D184C}
		SccProjectUniqueName6 = vb\\Shared\\bv_common\\bvcommon.vbproj
		SccProjectName6 = vb/Shared/bv_common
		SccAuxPath6 = http://192.255.51.86:8080/tfs/eidss
		SccLocalPath6 = vb\\Shared\\bv_common
		SccProvider6 = {4CA58AB2-18FA-4F8D-95D4-32DDF27D184C}
		SccProjectUniqueName7 = vb\\Shared\\bv_dbcommon\\bvdb_common.vbproj
		SccProjectName7 = vb/Shared/bv_dbcommon
		SccAuxPath7 = http://192.255.51.86:8080/tfs/eidss
		SccLocalPath7 = vb\\Shared\\bv_dbcommon
		SccProvider7 = {4CA58AB2-18FA-4F8D-95D4-32DDF27D184C}
		SccProjectUniqueName8 = vb\\EIDSS\\EIDSS_Common\\EIDSS_Common.vbproj
		SccProjectName8 = vb/EIDSS/EIDSS_Common
		SccAuxPath8 = http://192.255.51.86:8080/tfs/eidss
		SccLocalPath8 = vb\\EIDSS\\EIDSS_Common
		SccProvider8 = {4CA58AB2-18FA-4F8D-95D4-32DDF27D184C}
		SccProjectUniqueName9 = eidss.gis\\eidss.gis.csproj
		SccProjectName9 = eidss.gis
		SccAuxPath9 = http://192.255.51.86:8080/tfs/eidss
		SccLocalPath9 = eidss.gis
		SccProvider9 = {4CA58AB2-18FA-4F8D-95D4-32DDF27D184C}
		SccProjectUniqueName10 = eidss.model\\eidss.model.csproj
		SccProjectName10 = eidss.model
		SccAuxPath10 = http://192.255.51.86:8080/tfs/eidss
		SccLocalPath10 = eidss.model
		SccProvider10 = {4CA58AB2-18FA-4F8D-95D4-32DDF27D184C}
		SccProjectUniqueName11 = bv.designtime\\bv.designtime.csproj
		SccProjectName11 = bv.designtime
		SccAuxPath11 = http://192.255.51.86:8080/tfs/eidss
		SccLocalPath11 = bv.designtime
		SccProvider11 = {4CA58AB2-18FA-4F8D-95D4-32DDF27D184C}
		SccProjectUniqueName12 = vb\\Shared\\bvwin_common\\bvwin_common.vbproj
		SccProjectName12 = vb/Shared/bvwin_common
		SccAuxPath12 = http://192.255.51.86:8080/tfs/eidss
		SccLocalPath12 = vb\\Shared\\bvwin_common
		SccProvider12 = {4CA58AB2-18FA-4F8D-95D4-32DDF27D184C}
		SccProjectUniqueName13 = vb\\EIDSS\\EIDSS.FlexibleForms\\EIDSS.FlexibleForms.csproj
		SccProjectName13 = vb/EIDSS/EIDSS.FlexibleForms
		SccAuxPath13 = http://192.255.51.86:8080/tfs/eidss
		SccLocalPath13 = vb\\EIDSS\\EIDSS.FlexibleForms
		SccProvider13 = {4CA58AB2-18FA-4F8D-95D4-32DDF27D184C}
		SccProjectUniqueName14 = vb\\EIDSS\\EIDSS_Common_Db\\EIDSS_Common_Db.vbproj
		SccProjectName14 = vb/EIDSS/EIDSS_Common_Db
		SccAuxPath14 = http://192.255.51.86:8080/tfs/eidss
		SccLocalPath14 = vb\\EIDSS\\EIDSS_Common_Db
		SccProvider14 = {4CA58AB2-18FA-4F8D-95D4-32DDF27D184C}
		SccProjectUniqueName15 = vb\\EIDSS\\EIDSS_Common_Forms\\EIDSS_Common_Forms.vbproj
		SccProjectName15 = vb/EIDSS/EIDSS_Common_Forms
		SccAuxPath15 = http://192.255.51.86:8080/tfs/eidss
		SccLocalPath15 = vb\\EIDSS\\EIDSS_Common_Forms
		SccProvider15 = {4CA58AB2-18FA-4F8D-95D4-32DDF27D184C}
		SccProjectUniqueName16 = eidss.winclient\\eidss.winclient.csproj
		SccProjectName16 = eidss.winclient
		SccAuxPath16 = http://192.255.51.86:8080/tfs/eidss
		SccLocalPath16 = eidss.winclient
		SccProvider16 = {4CA58AB2-18FA-4F8D-95D4-32DDF27D184C}
		SccProjectUniqueName17 = vb\\EIDSS\\EIDSS.RAM_DB\\eidss.avr_db.csproj
		SccProjectName17 = vb/EIDSS/EIDSS.RAM_DB
		SccAuxPath17 = http://192.255.51.86:8080/tfs/eidss
		SccLocalPath17 = vb\\EIDSS\\EIDSS.RAM_DB
		SccProvider17 = {4CA58AB2-18FA-4F8D-95D4-32DDF27D184C}
		SccProjectUniqueName18 = eidss.avr.export\\eidss.avr.export.csproj
		SccProjectName18 = eidss.avr.export
		SccAuxPath18 = http://192.255.51.86:8080/tfs/eidss
		SccLocalPath18 = eidss.avr.export
		SccProvider18 = {4CA58AB2-18FA-4F8D-95D4-32DDF27D184C}
		SccProjectUniqueName19 = vb\\EIDSS\\EIDSS.RAM\\eidss.avr.csproj
		SccProjectName19 = vb/EIDSS/EIDSS.RAM
		SccAuxPath19 = http://192.255.51.86:8080/tfs/eidss
		SccLocalPath19 = vb\\EIDSS\\EIDSS.RAM
		SccProvider19 = {4CA58AB2-18FA-4F8D-95D4-32DDF27D184C}
		SccProjectUniqueName20 = EIDSS.AVR.Service\\eidss.avr.service.csproj
		SccProjectName20 = EIDSS.AVR.Service
		SccAuxPath20 = http://192.255.51.86:8080/tfs/eidss
		SccLocalPath20 = EIDSS.AVR.Service
		SccProvider20 = {4CA58AB2-18FA-4F8D-95D4-32DDF27D184C}
		SccProjectUniqueName21 = eidss.model.customization\\eidss.model.customization.csproj
		SccProjectName21 = eidss.model.customization
		SccAuxPath21 = http://192.255.51.86:8080/tfs/eidss
		SccLocalPath21 = eidss.model.customization
		SccProvider21 = {4CA58AB2-18FA-4F8D-95D4-32DDF27D184C}
		SccProjectUniqueName22 = eidss.openapi.contract\\eidss.openapi.contract.csproj
		SccProjectName22 = eidss.openapi.contract
		SccAuxPath22 = http://192.255.51.86:8080/tfs/eidss
		SccLocalPath22 = eidss.openapi.contract
		SccProvider22 = {4CA58AB2-18FA-4F8D-95D4-32DDF27D184C}
		SccProjectUniqueName23 = eidss.openapi.bll\\eidss.openapi.bll.csproj
		SccProjectName23 = eidss.openapi.bll
		SccAuxPath23 = http://192.255.51.86:8080/tfs/eidss
		SccLocalPath23 = eidss.openapi.bll
		SccProvider23 = {4CA58AB2-18FA-4F8D-95D4-32DDF27D184C}
		SccProjectUniqueName24 = EIDSS.Reports.Service\\EIDSS.Reports.Service.csproj
		SccProjectName24 = EIDSS.Reports.Service
		SccAuxPath24 = http://192.255.51.86:8080/tfs/eidss
		SccLocalPath24 = EIDSS.Reports.Service
		SccProvider24 = {4CA58AB2-18FA-4F8D-95D4-32DDF27D184C}
		SccProjectUniqueName25 = eidss.web.common\\eidss.web.common.csproj
		SccProjectName25 = eidss.web.common
		SccAuxPath25 = http://192.255.51.86:8080/tfs/eidss
		SccLocalPath25 = eidss.web.common
		SccProvider25 = {4CA58AB2-18FA-4F8D-95D4-32DDF27D184C}
		SccProjectUniqueName26 = eidss.webclient\\eidss.webclient.csproj
		SccProjectName26 = eidss.webclient
		SccAuxPath26 = http://192.255.51.86:8080/tfs/eidss
		SccLocalPath26 = eidss.webclient
		SccProvider26 = {4CA58AB2-18FA-4F8D-95D4-32DDF27D184C}
		SccProjectUniqueName27 = vb\\EIDSS\\EIDSS.Reports\\EIDSS.Reports.csproj
		SccProjectName27 = vb/EIDSS/EIDSS.Reports
		SccAuxPath27 = http://192.255.51.86:8080/tfs/eidss
		SccLocalPath27 = vb\\EIDSS\\EIDSS.Reports
		SccProvider27 = {4CA58AB2-18FA-4F8D-95D4-32DDF27D184C}
		SccProjectUniqueName28 = vb\\EIDSS\\EIDSS_NOTIFICATION_SVC\\EIDSS_Notification_Svc.vbproj
		SccProjectName28 = vb/EIDSS/EIDSS_NOTIFICATION_SVC
		SccAuxPath28 = http://192.255.51.86:8080/tfs/eidss
		SccLocalPath28 = vb\\EIDSS\\EIDSS_NOTIFICATION_SVC
		SccProvider28 = {4CA58AB2-18FA-4F8D-95D4-32DDF27D184C}
		SccProjectUniqueName29 = bv.tests\\bv.tests.csproj
		SccProjectName29 = bv.tests
		SccAuxPath29 = http://192.255.51.86:8080/tfs/eidss
		SccLocalPath29 = bv.tests
		SccProvider29 = {4CA58AB2-18FA-4F8D-95D4-32DDF27D184C}
		SccProjectUniqueName30 = eidss.avr.export.x86\\eidss.avr.export.x86.csproj
		SccProjectName30 = eidss.avr.export.x86
		SccAuxPath30 = http://192.255.51.86:8080/tfs/eidss
		SccLocalPath30 = eidss.avr.export.x86
		SccProvider30 = {4CA58AB2-18FA-4F8D-95D4-32DDF27D184C}
		SccProjectUniqueName31 = ..\\Utils\\GeospatialServices\\GeospatialServices.csproj
		SccProjectName31 = ../Utils/GeospatialServices
		SccAuxPath31 = http://192.255.51.86:8080/tfs/eidss
		SccLocalPath31 = ..\\Utils\\GeospatialServices
		SccProvider31 = {4CA58AB2-18FA-4F8D-95D4-32DDF27D184C}
		SccProjectUniqueName32 = eidss.avr.mweb\\eidss.avr.mweb.csproj
		SccProjectName32 = eidss.avr.mweb
		SccAuxPath32 = http://192.255.51.86:8080/tfs/eidss
		SccLocalPath32 = eidss.avr.mweb
		SccProvider32 = {4CA58AB2-18FA-4F8D-95D4-32DDF27D184C}
		SccProjectUniqueName33 = bv.WinTests\\bv.WinTests.csproj
		SccProjectName33 = bv.WinTests
		SccAuxPath33 = http://192.255.51.86:8080/tfs/eidss
		SccLocalPath33 = bv.WinTests
		SccProvider33 = {4CA58AB2-18FA-4F8D-95D4-32DDF27D184C}
		SccProjectUniqueName34 = eidss.remoting\\eidss.remoting.csproj
		SccProjectName34 = eidss.remoting
		SccAuxPath34 = http://192.255.51.86:8080/tfs/eidss
		SccLocalPath34 = eidss.remoting
		SccProvider34 = {4CA58AB2-18FA-4F8D-95D4-32DDF27D184C}
		SccProjectUniqueName35 = vb\\EIDSS\\EIDSS_Human_Db\\EIDSS_Human_Db.vbproj
		SccProjectName35 = vb/EIDSS/EIDSS_Human_Db
		SccAuxPath35 = http://192.255.51.86:8080/tfs/eidss
		SccLocalPath35 = vb\\EIDSS\\EIDSS_Human_Db
		SccProvider35 = {4CA58AB2-18FA-4F8D-95D4-32DDF27D184C}
		SccProjectUniqueName36 = vb\\EIDSS\\EIDSS_Human\\EIDSS_Human.vbproj
		SccProjectName36 = vb/EIDSS/EIDSS_Human
		SccAuxPath36 = http://192.255.51.86:8080/tfs/eidss
		SccLocalPath36 = vb\\EIDSS\\EIDSS_Human
		SccProvider36 = {4CA58AB2-18FA-4F8D-95D4-32DDF27D184C}
		SccProjectUniqueName37 = vb\\EIDSS\\EIDSS_Admin_Db\\EIDSS_Admin_Db.vbproj
		SccProjectName37 = vb/EIDSS/EIDSS_Admin_Db
		SccAuxPath37 = http://192.255.51.86:8080/tfs/eidss
		SccLocalPath37 = vb\\EIDSS\\EIDSS_Admin_Db
		SccProvider37 = {4CA58AB2-18FA-4F8D-95D4-32DDF27D184C}
		SccProjectUniqueName38 = vb\\EIDSS\\EIDSS_Admin\\EIDSS_Admin.vbproj
		SccProjectName38 = vb/EIDSS/EIDSS_Admin
		SccAuxPath38 = http://192.255.51.86:8080/tfs/eidss
		SccLocalPath38 = vb\\EIDSS\\EIDSS_Admin
		SccProvider38 = {4CA58AB2-18FA-4F8D-95D4-32DDF27D184C}
		SccProjectUniqueName39 = vb\\EIDSS\\EIDSS_Vet_Db\\EIDSS_Vet_Db.vbproj
		SccProjectName39 = vb/EIDSS/EIDSS_Vet_Db
		SccAuxPath39 = http://192.255.51.86:8080/tfs/eidss
		SccLocalPath39 = vb\\EIDSS\\EIDSS_Vet_Db
		SccProvider39 = {4CA58AB2-18FA-4F8D-95D4-32DDF27D184C}
		SccProjectUniqueName40 = vb\\EIDSS\\EIDSS_Vet\\EIDSS_Vet.vbproj
		SccProjectName40 = vb/EIDSS/EIDSS_Vet
		SccAuxPath40 = http://192.255.51.86:8080/tfs/eidss
		SccLocalPath40 = vb\\EIDSS\\EIDSS_Vet
		SccProvider40 = {4CA58AB2-18FA-4F8D-95D4-32DDF27D184C}
		SccProjectUniqueName41 = vb\\EIDSS\\EIDSS_Limps_db\\EIDSS_Lims_db.vbproj
		SccProjectName41 = vb/EIDSS/EIDSS_Limps_db
		SccAuxPath41 = http://192.255.51.86:8080/tfs/eidss
		SccLocalPath41 = vb\\EIDSS\\EIDSS_Limps_db
		SccProvider41 = {4CA58AB2-18FA-4F8D-95D4-32DDF27D184C}
		SccProjectUniqueName42 = vb\\EIDSS\\EIDSS_Lims\\EIDSS_Lims.vbproj
		SccProjectName42 = vb/EIDSS/EIDSS_Lims
		SccAuxPath42 = http://192.255.51.86:8080/tfs/eidss
		SccLocalPath42 = vb\\EIDSS\\EIDSS_Lims
		SccProvider42 = {4CA58AB2-18FA-4F8D-95D4-32DDF27D184C}
		SccProjectUniqueName43 = vb\\EIDSS\\EIDSS_WebServiceExport\\EIDSS_WebServiceExport.csproj
		SccProjectName43 = vb/EIDSS/EIDSS_WebServiceExport
		SccAuxPath43 = http://192.255.51.86:8080/tfs/eidss
		SccLocalPath43 = vb\\EIDSS\\EIDSS_WebServiceExport
		SccProvider43 = {4CA58AB2-18FA-4F8D-95D4-32DDF27D184C}
		SccProjectUniqueName44 = vb\\EIDSS\\EIDSS_ObjectAccess\\EIDSS_ObjectAccess.csproj
		SccProjectName44 = vb/EIDSS/EIDSS_ObjectAccess
		SccAuxPath44 = http://192.255.51.86:8080/tfs/eidss
		SccLocalPath44 = vb\\EIDSS\\EIDSS_ObjectAccess
		SccProvider44 = {4CA58AB2-18FA-4F8D-95D4-32DDF27D184C}
		SccProjectUniqueName45 = eidss.main\\eidss.main.csproj
		SccProjectName45 = eidss.main
		SccAuxPath45 = http://192.255.51.86:8080/tfs/eidss
		SccLocalPath45 = eidss.main
		SccProvider45 = {4CA58AB2-18FA-4F8D-95D4-32DDF27D184C}
		SccProjectUniqueName46 = vb\\EIDSS\\EIDSS_ClientAgent\\EIDSS_ClientAgent.vbproj
		SccProjectName46 = vb/EIDSS/EIDSS_ClientAgent
		SccAuxPath46 = http://192.255.51.86:8080/tfs/eidss
		SccLocalPath46 = vb\\EIDSS\\EIDSS_ClientAgent
		SccProvider46 = {4CA58AB2-18FA-4F8D-95D4-32DDF27D184C}
		SccProjectUniqueName47 = eidss.mobileclient\\eidss.mobileclient.csproj
		SccProjectName47 = eidss.mobileclient
		SccAuxPath47 = http://192.255.51.86:8080/tfs/eidss
		SccLocalPath47 = eidss.mobileclient
		SccProvider47 = {4CA58AB2-18FA-4F8D-95D4-32DDF27D184C}
		SccProjectUniqueName48 = eidss.oaservice\\OaService.csproj
		SccProjectName48 = eidss.oaservice
		SccAuxPath48 = http://192.255.51.86:8080/tfs/eidss
		SccLocalPath48 = eidss.oaservice
		SccProvider48 = {4CA58AB2-18FA-4F8D-95D4-32DDF27D184C}
		SccProjectUniqueName49 = eidss.smartphone.web\\eidss.smartphone.web.csproj
		SccProjectName49 = eidss.smartphone.web
		SccAuxPath49 = http://192.255.51.86:8080/tfs/eidss
		SccLocalPath49 = eidss.smartphone.web
		SccProvider49 = {4CA58AB2-18FA-4F8D-95D4-32DDF27D184C}
		SccProjectUniqueName50 = eidss.openapi.web\\eidss.openapi.web.csproj
		SccProjectName50 = eidss.openapi.web
		SccAuxPath50 = http://192.255.51.86:8080/tfs/eidss
		SccLocalPath50 = eidss.openapi.web
		SccProvider50 = {4CA58AB2-18FA-4F8D-95D4-32DDF27D184C}
		SccProjectUniqueName51 = eidss.openapi.test\\eidss.openapi.test.csproj
		SccProjectName51 = eidss.openapi.test
		SccAuxPath51 = http://192.255.51.86:8080/tfs/eidss
		SccLocalPath51 = eidss.openapi.test
		SccProvider51 = {4CA58AB2-18FA-4F8D-95D4-32DDF27D184C}
		SccProjectUniqueName52 = eidss.openapi.wintest\\eidss.openapi.wintest.csproj
		SccProjectName52 = eidss.openapi.wintest
		SccAuxPath52 = http://192.255.51.86:8080/tfs/eidss
		SccLocalPath52 = eidss.openapi.wintest
		SccProvider52 = {4CA58AB2-18FA-4F8D-95D4-32DDF27D184C}
		SccProjectUniqueName53 = hmis2eidss.service\\hmis2eidss.service.csproj
		SccProjectName53 = hmis2eidss.service
		SccAuxPath53 = http://192.255.51.86:8080/tfs/eidss
		SccLocalPath53 = hmis2eidss.service
		SccProvider53 = {4CA58AB2-18FA-4F8D-95D4-32DDF27D184C}
		SccProjectUniqueName54 = EidssConfigEditor\\EidssConfigEditor.csproj
		SccProjectName54 = EidssConfigEditor
		SccAuxPath54 = http://192.255.51.86:8080/tfs/eidss
		SccLocalPath54 = EidssConfigEditor
		SccProvider54 = {4CA58AB2-18FA-4F8D-95D4-32DDF27D184C}
		SccProjectUniqueName55 = bv.culture.registrator\\bv.culture.registrator.csproj
		SccProjectName55 = bv.culture.registrator
		SccAuxPath55 = http://192.255.51.86:8080/tfs/eidss
		SccLocalPath55 = bv.culture.registrator
		SccProvider55 = {4CA58AB2-18FA-4F8D-95D4-32DDF27D184C}
		SccProjectUniqueName56 = bv.designtime.executable\\bv.designtime.executable.csproj
		SccProjectName56 = bv.designtime.executable
		SccAuxPath56 = http://192.255.51.86:8080/tfs/eidss
		SccLocalPath56 = bv.designtime.executable
		SccProvider56 = {4CA58AB2-18FA-4F8D-95D4-32DDF27D184C}
	EndGlobalSection
EndGlobal
